// !$*UTF8*$!
{
	archiveVersion = 1;
	classes = {
	};
	objectVersion = 48;
	objects = {

/* Begin PBXBuildFile section */
		372CB598E4236CF6021F0C4F /* libPods-WelcomeScreenTests.a in Frameworks */ = {isa = PBXBuildFile; fileRef = D6746CE4C3838780C8D1A5A9 /* libPods-WelcomeScreenTests.a */; };
		3E71FF2B8AC5A3327008E9FA /* libPods-BillTests.a in Frameworks */ = {isa = PBXBuildFile; fileRef = FDC9077F3CE8F967134C481D /* libPods-BillTests.a */; };
		4457AAFC487A0A04E59E4D96 /* libPods-Splitter.a in Frameworks */ = {isa = PBXBuildFile; fileRef = 235596423386BEAC62BDBF1B /* libPods-Splitter.a */; };
		4E816100A83148FA87D38D67 /* libPods-UserTests.a in Frameworks */ = {isa = PBXBuildFile; fileRef = 59BC0FEBAB0A29D0B8189421 /* libPods-UserTests.a */; };
		871B379E1F29F614001FE485 /* ItemTests.swift in Sources */ = {isa = PBXBuildFile; fileRef = 871B379D1F29F614001FE485 /* ItemTests.swift */; };
		871B37A61F29F6A0001FE485 /* Item.swift in Sources */ = {isa = PBXBuildFile; fileRef = 871B37A51F29F6A0001FE485 /* Item.swift */; };
		871B37A81F29F885001FE485 /* Firebase.swift in Sources */ = {isa = PBXBuildFile; fileRef = 87A218EB1F25EEAA00B4BE74 /* Firebase.swift */; };
		871B37A91F2A01CD001FE485 /* Item.swift in Sources */ = {isa = PBXBuildFile; fileRef = 871B37A51F29F6A0001FE485 /* Item.swift */; };
		871B37AA1F2A01CD001FE485 /* Item.swift in Sources */ = {isa = PBXBuildFile; fileRef = 871B37A51F29F6A0001FE485 /* Item.swift */; };
		871B37AB1F2A01D8001FE485 /* Extensions.swift in Sources */ = {isa = PBXBuildFile; fileRef = 87A218E71F25E8A200B4BE74 /* Extensions.swift */; };
		871B37AC1F2A01D9001FE485 /* Extensions.swift in Sources */ = {isa = PBXBuildFile; fileRef = 87A218E71F25E8A200B4BE74 /* Extensions.swift */; };
		871B37AF1F2A0809001FE485 /* Bill.swift in Sources */ = {isa = PBXBuildFile; fileRef = 874AC1741F222FD100846851 /* Bill.swift */; };
		871B37B71F2A1BFF001FE485 /* UserTests.swift in Sources */ = {isa = PBXBuildFile; fileRef = 871B37B61F2A1BFF001FE485 /* UserTests.swift */; };
		871B37BF1F2A1EF9001FE485 /* SplitterUser.swift in Sources */ = {isa = PBXBuildFile; fileRef = 871B37BE1F2A1EF9001FE485 /* SplitterUser.swift */; };
		871B37C01F2A238A001FE485 /* SplitterUser.swift in Sources */ = {isa = PBXBuildFile; fileRef = 871B37BE1F2A1EF9001FE485 /* SplitterUser.swift */; };
		871B37C11F2A23AC001FE485 /* Firebase.swift in Sources */ = {isa = PBXBuildFile; fileRef = 87A218EB1F25EEAA00B4BE74 /* Firebase.swift */; };
		871B37C21F2A23D6001FE485 /* Bill.swift in Sources */ = {isa = PBXBuildFile; fileRef = 874AC1741F222FD100846851 /* Bill.swift */; };
		871B37C31F2A23DA001FE485 /* Item.swift in Sources */ = {isa = PBXBuildFile; fileRef = 871B37A51F29F6A0001FE485 /* Item.swift */; };
		871B37C61F2F339A001FE485 /* UIView+Autolayout.swift in Sources */ = {isa = PBXBuildFile; fileRef = 871B37C51F2F339A001FE485 /* UIView+Autolayout.swift */; };
		871B37DE1F2F3A78001FE485 /* WelcomeScreenTests.swift in Sources */ = {isa = PBXBuildFile; fileRef = 871B37DD1F2F3A78001FE485 /* WelcomeScreenTests.swift */; };
		871B37E91F2F430C001FE485 /* SplitterTextField.swift in Sources */ = {isa = PBXBuildFile; fileRef = 871B37E81F2F430C001FE485 /* SplitterTextField.swift */; };
		871B37EC1F2F4573001FE485 /* Localizable.strings in Resources */ = {isa = PBXBuildFile; fileRef = 871B37EE1F2F4573001FE485 /* Localizable.strings */; };
		871B37F01F2F6322001FE485 /* Constants.swift in Sources */ = {isa = PBXBuildFile; fileRef = 871B37EF1F2F6322001FE485 /* Constants.swift */; };
		871B37F21F2F7C49001FE485 /* SplitterButton.swift in Sources */ = {isa = PBXBuildFile; fileRef = 871B37F11F2F7C49001FE485 /* SplitterButton.swift */; };
		871B37F61F308E3E001FE485 /* WalkwayBold.ttf in Resources */ = {isa = PBXBuildFile; fileRef = 871B37F41F308CE6001FE485 /* WalkwayBold.ttf */; };
		872D3B161F30C5C300F2FEC2 /* TitleLogoLabel.swift in Sources */ = {isa = PBXBuildFile; fileRef = 872D3B151F30C5C300F2FEC2 /* TitleLogoLabel.swift */; };
		872D3B191F30CFB400F2FEC2 /* Localizable.strings in Resources */ = {isa = PBXBuildFile; fileRef = 871B37EE1F2F4573001FE485 /* Localizable.strings */; };
		87452AAA1F333B85009C7C61 /* SplitterUser.swift in Sources */ = {isa = PBXBuildFile; fileRef = 871B37BE1F2A1EF9001FE485 /* SplitterUser.swift */; };
		874AC1151F22045700846851 /* AppDelegate.swift in Sources */ = {isa = PBXBuildFile; fileRef = 874AC1141F22045700846851 /* AppDelegate.swift */; };
		874AC11C1F22045700846851 /* Assets.xcassets in Resources */ = {isa = PBXBuildFile; fileRef = 874AC11B1F22045700846851 /* Assets.xcassets */; };
		874AC11F1F22045700846851 /* LaunchScreen.storyboard in Resources */ = {isa = PBXBuildFile; fileRef = 874AC11D1F22045700846851 /* LaunchScreen.storyboard */; };
		874AC1511F2206ED00846851 /* WelcomeScreenViewController.swift in Sources */ = {isa = PBXBuildFile; fileRef = 874AC1501F2206ED00846851 /* WelcomeScreenViewController.swift */; };
		874AC1771F223D8300846851 /* GoogleService-Info.plist in Resources */ = {isa = PBXBuildFile; fileRef = 874AC1761F223D8300846851 /* GoogleService-Info.plist */; };
		874AC1801F22457000846851 /* BillTests.swift in Sources */ = {isa = PBXBuildFile; fileRef = 874AC17F1F22457000846851 /* BillTests.swift */; };
		874AC1881F224F8900846851 /* Bill.swift in Sources */ = {isa = PBXBuildFile; fileRef = 874AC1741F222FD100846851 /* Bill.swift */; };
		874AC1891F224F8B00846851 /* Bill.swift in Sources */ = {isa = PBXBuildFile; fileRef = 874AC1741F222FD100846851 /* Bill.swift */; };
		874EFF011F34906D00934B64 /* GoogleService-Info.plist in Resources */ = {isa = PBXBuildFile; fileRef = 874AC1761F223D8300846851 /* GoogleService-Info.plist */; };
		874EFF021F34CEBC00934B64 /* Extensions.swift in Sources */ = {isa = PBXBuildFile; fileRef = 87A218E71F25E8A200B4BE74 /* Extensions.swift */; };
		8770AD2A1F34D209000A01A0 /* Extensions.swift in Sources */ = {isa = PBXBuildFile; fileRef = 87A218E71F25E8A200B4BE74 /* Extensions.swift */; };
		8770AD2C1F34D293000A01A0 /* Extensions.swift in Sources */ = {isa = PBXBuildFile; fileRef = 87A218E71F25E8A200B4BE74 /* Extensions.swift */; };
		877D5A0A1F2660B0006B53DE /* Firebase.swift in Sources */ = {isa = PBXBuildFile; fileRef = 87A218EB1F25EEAA00B4BE74 /* Firebase.swift */; };
		87A0465D1F30E92000EBC2D2 /* MyBillsViewController.swift in Sources */ = {isa = PBXBuildFile; fileRef = 87A0465C1F30E92000EBC2D2 /* MyBillsViewController.swift */; };
		87A0465E1F31D72900EBC2D2 /* Constants.swift in Sources */ = {isa = PBXBuildFile; fileRef = 871B37EF1F2F6322001FE485 /* Constants.swift */; };
		87A218EC1F25EEAA00B4BE74 /* Firebase.swift in Sources */ = {isa = PBXBuildFile; fileRef = 87A218EB1F25EEAA00B4BE74 /* Firebase.swift */; };
		87D042BB1F33781C006CD875 /* SplitterUser.swift in Sources */ = {isa = PBXBuildFile; fileRef = 871B37BE1F2A1EF9001FE485 /* SplitterUser.swift */; };
		87FB5B771F22609E00C87EDC /* AdSupport.framework in Frameworks */ = {isa = PBXBuildFile; fileRef = 87FB5B761F22609E00C87EDC /* AdSupport.framework */; };
		87FB5B791F22613500C87EDC /* iAd.framework in Frameworks */ = {isa = PBXBuildFile; fileRef = 87FB5B781F22613500C87EDC /* iAd.framework */; };
		A527994C70B4455E0F45AC13 /* libPods-Splitter-WelcomeScreenTests.a in Frameworks */ = {isa = PBXBuildFile; fileRef = BCA0AFEC27B0A612AE7FCDC2 /* libPods-Splitter-WelcomeScreenTests.a */; };
		AA7FDCEE2A5EAB11B403AF09 /* libPods-ItemTests.a in Frameworks */ = {isa = PBXBuildFile; fileRef = E896499E061CB34F1E23CE27 /* libPods-ItemTests.a */; };
/* End PBXBuildFile section */

/* Begin PBXContainerItemProxy section */
		871B37A01F29F614001FE485 /* PBXContainerItemProxy */ = {
			isa = PBXContainerItemProxy;
			containerPortal = 874AC1091F22045700846851 /* Project object */;
			proxyType = 1;
			remoteGlobalIDString = 874AC1101F22045700846851;
			remoteInfo = Splitter;
		};
		871B37B91F2A1BFF001FE485 /* PBXContainerItemProxy */ = {
			isa = PBXContainerItemProxy;
			containerPortal = 874AC1091F22045700846851 /* Project object */;
			proxyType = 1;
			remoteGlobalIDString = 874AC1101F22045700846851;
			remoteInfo = Splitter;
		};
		871B37E01F2F3A78001FE485 /* PBXContainerItemProxy */ = {
			isa = PBXContainerItemProxy;
			containerPortal = 874AC1091F22045700846851 /* Project object */;
			proxyType = 1;
			remoteGlobalIDString = 874AC1101F22045700846851;
			remoteInfo = Splitter;
		};
		874AC1821F22457000846851 /* PBXContainerItemProxy */ = {
			isa = PBXContainerItemProxy;
			containerPortal = 874AC1091F22045700846851 /* Project object */;
			proxyType = 1;
			remoteGlobalIDString = 874AC1101F22045700846851;
			remoteInfo = Splitter;
		};
/* End PBXContainerItemProxy section */

/* Begin PBXFileReference section */
		018DC1A8EFF61E21A17BE7CB /* Pods-LoginRegisterUITests.release.xcconfig */ = {isa = PBXFileReference; includeInIndex = 1; lastKnownFileType = text.xcconfig; name = "Pods-LoginRegisterUITests.release.xcconfig"; path = "Pods/Target Support Files/Pods-LoginRegisterUITests/Pods-LoginRegisterUITests.release.xcconfig"; sourceTree = "<group>"; };
		1D9C0846CB835EF67EA4D9C3 /* Pods-Splitter.release.xcconfig */ = {isa = PBXFileReference; includeInIndex = 1; lastKnownFileType = text.xcconfig; name = "Pods-Splitter.release.xcconfig"; path = "Pods/Target Support Files/Pods-Splitter/Pods-Splitter.release.xcconfig"; sourceTree = "<group>"; };
		235596423386BEAC62BDBF1B /* libPods-Splitter.a */ = {isa = PBXFileReference; explicitFileType = archive.ar; includeInIndex = 0; path = "libPods-Splitter.a"; sourceTree = BUILT_PRODUCTS_DIR; };
		59BC0FEBAB0A29D0B8189421 /* libPods-UserTests.a */ = {isa = PBXFileReference; explicitFileType = archive.ar; includeInIndex = 0; path = "libPods-UserTests.a"; sourceTree = BUILT_PRODUCTS_DIR; };
		5E412145F8C654E1A41249BE /* Pods-ItemTests.debug.xcconfig */ = {isa = PBXFileReference; includeInIndex = 1; lastKnownFileType = text.xcconfig; name = "Pods-ItemTests.debug.xcconfig"; path = "Pods/Target Support Files/Pods-ItemTests/Pods-ItemTests.debug.xcconfig"; sourceTree = "<group>"; };
		6429CE07C4F8BC0F4FFAF793 /* Pods-BillTests.release.xcconfig */ = {isa = PBXFileReference; includeInIndex = 1; lastKnownFileType = text.xcconfig; name = "Pods-BillTests.release.xcconfig"; path = "Pods/Target Support Files/Pods-BillTests/Pods-BillTests.release.xcconfig"; sourceTree = "<group>"; };
		677DD45013519D60A24B6375 /* Pods-Splitter-WelcomeScreenTests.debug.xcconfig */ = {isa = PBXFileReference; includeInIndex = 1; lastKnownFileType = text.xcconfig; name = "Pods-Splitter-WelcomeScreenTests.debug.xcconfig"; path = "Pods/Target Support Files/Pods-Splitter-WelcomeScreenTests/Pods-Splitter-WelcomeScreenTests.debug.xcconfig"; sourceTree = "<group>"; };
		717E7C78575A8FE7F1497BCB /* Pods-WelcomeScreenTests.release.xcconfig */ = {isa = PBXFileReference; includeInIndex = 1; lastKnownFileType = text.xcconfig; name = "Pods-WelcomeScreenTests.release.xcconfig"; path = "Pods/Target Support Files/Pods-WelcomeScreenTests/Pods-WelcomeScreenTests.release.xcconfig"; sourceTree = "<group>"; };
		871B379B1F29F613001FE485 /* ItemTests.xctest */ = {isa = PBXFileReference; explicitFileType = wrapper.cfbundle; includeInIndex = 0; path = ItemTests.xctest; sourceTree = BUILT_PRODUCTS_DIR; };
		871B379D1F29F614001FE485 /* ItemTests.swift */ = {isa = PBXFileReference; lastKnownFileType = sourcecode.swift; path = ItemTests.swift; sourceTree = "<group>"; };
		871B379F1F29F614001FE485 /* Info.plist */ = {isa = PBXFileReference; lastKnownFileType = text.plist.xml; path = Info.plist; sourceTree = "<group>"; };
		871B37A51F29F6A0001FE485 /* Item.swift */ = {isa = PBXFileReference; lastKnownFileType = sourcecode.swift; path = Item.swift; sourceTree = "<group>"; };
		871B37B41F2A1BFF001FE485 /* UserTests.xctest */ = {isa = PBXFileReference; explicitFileType = wrapper.cfbundle; includeInIndex = 0; path = UserTests.xctest; sourceTree = BUILT_PRODUCTS_DIR; };
		871B37B61F2A1BFF001FE485 /* UserTests.swift */ = {isa = PBXFileReference; lastKnownFileType = sourcecode.swift; path = UserTests.swift; sourceTree = "<group>"; };
		871B37B81F2A1BFF001FE485 /* Info.plist */ = {isa = PBXFileReference; lastKnownFileType = text.plist.xml; path = Info.plist; sourceTree = "<group>"; };
		871B37BE1F2A1EF9001FE485 /* SplitterUser.swift */ = {isa = PBXFileReference; lastKnownFileType = sourcecode.swift; path = SplitterUser.swift; sourceTree = "<group>"; };
		871B37C51F2F339A001FE485 /* UIView+Autolayout.swift */ = {isa = PBXFileReference; lastKnownFileType = sourcecode.swift; path = "UIView+Autolayout.swift"; sourceTree = "<group>"; };
		871B37DB1F2F3A78001FE485 /* WelcomeScreenTests.xctest */ = {isa = PBXFileReference; explicitFileType = wrapper.cfbundle; includeInIndex = 0; path = WelcomeScreenTests.xctest; sourceTree = BUILT_PRODUCTS_DIR; };
		871B37DD1F2F3A78001FE485 /* WelcomeScreenTests.swift */ = {isa = PBXFileReference; lastKnownFileType = sourcecode.swift; path = WelcomeScreenTests.swift; sourceTree = "<group>"; };
		871B37DF1F2F3A78001FE485 /* Info.plist */ = {isa = PBXFileReference; lastKnownFileType = text.plist.xml; path = Info.plist; sourceTree = "<group>"; };
		871B37E81F2F430C001FE485 /* SplitterTextField.swift */ = {isa = PBXFileReference; lastKnownFileType = sourcecode.swift; path = SplitterTextField.swift; sourceTree = "<group>"; };
		871B37ED1F2F4573001FE485 /* en */ = {isa = PBXFileReference; lastKnownFileType = text.plist.strings; name = en; path = en.lproj/Localizable.strings; sourceTree = "<group>"; };
		871B37EF1F2F6322001FE485 /* Constants.swift */ = {isa = PBXFileReference; lastKnownFileType = sourcecode.swift; path = Constants.swift; sourceTree = "<group>"; };
		871B37F11F2F7C49001FE485 /* SplitterButton.swift */ = {isa = PBXFileReference; lastKnownFileType = sourcecode.swift; path = SplitterButton.swift; sourceTree = "<group>"; };
		871B37F31F2F86FD001FE485 /* Base */ = {isa = PBXFileReference; lastKnownFileType = text.plist.strings; name = Base; path = Base.lproj/Localizable.strings; sourceTree = "<group>"; };
		871B37F41F308CE6001FE485 /* WalkwayBold.ttf */ = {isa = PBXFileReference; lastKnownFileType = file; path = WalkwayBold.ttf; sourceTree = "<group>"; };
		872D3B151F30C5C300F2FEC2 /* TitleLogoLabel.swift */ = {isa = PBXFileReference; lastKnownFileType = sourcecode.swift; path = TitleLogoLabel.swift; sourceTree = "<group>"; };
		872D3B1A1F30D17A00F2FEC2 /* Splitter.entitlements */ = {isa = PBXFileReference; lastKnownFileType = text.plist.entitlements; path = Splitter.entitlements; sourceTree = "<group>"; };
		874AC1111F22045700846851 /* Splitter.app */ = {isa = PBXFileReference; explicitFileType = wrapper.application; includeInIndex = 0; path = Splitter.app; sourceTree = BUILT_PRODUCTS_DIR; };
		874AC1141F22045700846851 /* AppDelegate.swift */ = {isa = PBXFileReference; lastKnownFileType = sourcecode.swift; path = AppDelegate.swift; sourceTree = "<group>"; };
		874AC11B1F22045700846851 /* Assets.xcassets */ = {isa = PBXFileReference; lastKnownFileType = folder.assetcatalog; path = Assets.xcassets; sourceTree = "<group>"; };
		874AC11E1F22045700846851 /* Base */ = {isa = PBXFileReference; lastKnownFileType = file.storyboard; name = Base; path = Base.lproj/LaunchScreen.storyboard; sourceTree = "<group>"; };
		874AC1201F22045700846851 /* Info.plist */ = {isa = PBXFileReference; lastKnownFileType = text.plist.xml; path = Info.plist; sourceTree = "<group>"; };
		874AC1501F2206ED00846851 /* WelcomeScreenViewController.swift */ = {isa = PBXFileReference; lastKnownFileType = sourcecode.swift; path = WelcomeScreenViewController.swift; sourceTree = "<group>"; };
		874AC1741F222FD100846851 /* Bill.swift */ = {isa = PBXFileReference; lastKnownFileType = sourcecode.swift; path = Bill.swift; sourceTree = "<group>"; };
		874AC1761F223D8300846851 /* GoogleService-Info.plist */ = {isa = PBXFileReference; fileEncoding = 4; lastKnownFileType = text.plist.xml; path = "GoogleService-Info.plist"; sourceTree = "<group>"; };
		874AC17D1F22457000846851 /* BillTests.xctest */ = {isa = PBXFileReference; explicitFileType = wrapper.cfbundle; includeInIndex = 0; path = BillTests.xctest; sourceTree = BUILT_PRODUCTS_DIR; };
		874AC17F1F22457000846851 /* BillTests.swift */ = {isa = PBXFileReference; lastKnownFileType = sourcecode.swift; path = BillTests.swift; sourceTree = "<group>"; };
		874AC1811F22457000846851 /* Info.plist */ = {isa = PBXFileReference; lastKnownFileType = text.plist.xml; path = Info.plist; sourceTree = "<group>"; };
		875ABB8F1F3329E300699EE8 /* libicucore.tbd */ = {isa = PBXFileReference; lastKnownFileType = "sourcecode.text-based-dylib-definition"; name = libicucore.tbd; path = usr/lib/libicucore.tbd; sourceTree = SDKROOT; };
		875ABB911F3329F900699EE8 /* libc++.tbd */ = {isa = PBXFileReference; lastKnownFileType = "sourcecode.text-based-dylib-definition"; name = "libc++.tbd"; path = "usr/lib/libc++.tbd"; sourceTree = SDKROOT; };
		875ABB931F332A0200699EE8 /* CFNetwork.framework */ = {isa = PBXFileReference; lastKnownFileType = wrapper.framework; name = CFNetwork.framework; path = System/Library/Frameworks/CFNetwork.framework; sourceTree = SDKROOT; };
		875ABB951F332A0900699EE8 /* Security.framework */ = {isa = PBXFileReference; lastKnownFileType = wrapper.framework; name = Security.framework; path = System/Library/Frameworks/Security.framework; sourceTree = SDKROOT; };
		875ABB971F332A1000699EE8 /* SystemConfiguration.framework */ = {isa = PBXFileReference; lastKnownFileType = wrapper.framework; name = SystemConfiguration.framework; path = System/Library/Frameworks/SystemConfiguration.framework; sourceTree = SDKROOT; };
		87A0465C1F30E92000EBC2D2 /* MyBillsViewController.swift */ = {isa = PBXFileReference; lastKnownFileType = sourcecode.swift; path = MyBillsViewController.swift; sourceTree = "<group>"; };
		87A218E71F25E8A200B4BE74 /* Extensions.swift */ = {isa = PBXFileReference; lastKnownFileType = sourcecode.swift; path = Extensions.swift; sourceTree = "<group>"; };
		87A218EB1F25EEAA00B4BE74 /* Firebase.swift */ = {isa = PBXFileReference; lastKnownFileType = sourcecode.swift; path = Firebase.swift; sourceTree = "<group>"; };
		87FB5B761F22609E00C87EDC /* AdSupport.framework */ = {isa = PBXFileReference; lastKnownFileType = wrapper.framework; name = AdSupport.framework; path = System/Library/Frameworks/AdSupport.framework; sourceTree = SDKROOT; };
		87FB5B781F22613500C87EDC /* iAd.framework */ = {isa = PBXFileReference; lastKnownFileType = wrapper.framework; name = iAd.framework; path = System/Library/Frameworks/iAd.framework; sourceTree = SDKROOT; };
		88C7521D8C623A8CB6B4593D /* Pods-WelcomeScreenTests.debug.xcconfig */ = {isa = PBXFileReference; includeInIndex = 1; lastKnownFileType = text.xcconfig; name = "Pods-WelcomeScreenTests.debug.xcconfig"; path = "Pods/Target Support Files/Pods-WelcomeScreenTests/Pods-WelcomeScreenTests.debug.xcconfig"; sourceTree = "<group>"; };
		A457CDA5C8E7D57999D28153 /* Pods-LoginRegisterUITests.debug.xcconfig */ = {isa = PBXFileReference; includeInIndex = 1; lastKnownFileType = text.xcconfig; name = "Pods-LoginRegisterUITests.debug.xcconfig"; path = "Pods/Target Support Files/Pods-LoginRegisterUITests/Pods-LoginRegisterUITests.debug.xcconfig"; sourceTree = "<group>"; };
		A7D8235A626A62D7465CFAC9 /* Pods-ItemTests.release.xcconfig */ = {isa = PBXFileReference; includeInIndex = 1; lastKnownFileType = text.xcconfig; name = "Pods-ItemTests.release.xcconfig"; path = "Pods/Target Support Files/Pods-ItemTests/Pods-ItemTests.release.xcconfig"; sourceTree = "<group>"; };
		BA618C57B0234AD3B7B09EF9 /* Pods-Splitter.debug.xcconfig */ = {isa = PBXFileReference; includeInIndex = 1; lastKnownFileType = text.xcconfig; name = "Pods-Splitter.debug.xcconfig"; path = "Pods/Target Support Files/Pods-Splitter/Pods-Splitter.debug.xcconfig"; sourceTree = "<group>"; };
		BCA0AFEC27B0A612AE7FCDC2 /* libPods-Splitter-WelcomeScreenTests.a */ = {isa = PBXFileReference; explicitFileType = archive.ar; includeInIndex = 0; path = "libPods-Splitter-WelcomeScreenTests.a"; sourceTree = BUILT_PRODUCTS_DIR; };
		D6746CE4C3838780C8D1A5A9 /* libPods-WelcomeScreenTests.a */ = {isa = PBXFileReference; explicitFileType = archive.ar; includeInIndex = 0; path = "libPods-WelcomeScreenTests.a"; sourceTree = BUILT_PRODUCTS_DIR; };
		DB0F525DADCED2D618D9A1FF /* Pods-BillTests.debug.xcconfig */ = {isa = PBXFileReference; includeInIndex = 1; lastKnownFileType = text.xcconfig; name = "Pods-BillTests.debug.xcconfig"; path = "Pods/Target Support Files/Pods-BillTests/Pods-BillTests.debug.xcconfig"; sourceTree = "<group>"; };
		DC732A8EA0BEF4270CFD1155 /* Pods-UserTests.debug.xcconfig */ = {isa = PBXFileReference; includeInIndex = 1; lastKnownFileType = text.xcconfig; name = "Pods-UserTests.debug.xcconfig"; path = "Pods/Target Support Files/Pods-UserTests/Pods-UserTests.debug.xcconfig"; sourceTree = "<group>"; };
		E896499E061CB34F1E23CE27 /* libPods-ItemTests.a */ = {isa = PBXFileReference; explicitFileType = archive.ar; includeInIndex = 0; path = "libPods-ItemTests.a"; sourceTree = BUILT_PRODUCTS_DIR; };
		F4C1E54B303F3C9BB4EB5904 /* Pods-UserTests.release.xcconfig */ = {isa = PBXFileReference; includeInIndex = 1; lastKnownFileType = text.xcconfig; name = "Pods-UserTests.release.xcconfig"; path = "Pods/Target Support Files/Pods-UserTests/Pods-UserTests.release.xcconfig"; sourceTree = "<group>"; };
		F793B143083289228B065947 /* Pods-Splitter-WelcomeScreenTests.release.xcconfig */ = {isa = PBXFileReference; includeInIndex = 1; lastKnownFileType = text.xcconfig; name = "Pods-Splitter-WelcomeScreenTests.release.xcconfig"; path = "Pods/Target Support Files/Pods-Splitter-WelcomeScreenTests/Pods-Splitter-WelcomeScreenTests.release.xcconfig"; sourceTree = "<group>"; };
		FC244A6364361B95F3EEF10D /* libPods-LoginRegisterUITests.a */ = {isa = PBXFileReference; explicitFileType = archive.ar; includeInIndex = 0; path = "libPods-LoginRegisterUITests.a"; sourceTree = BUILT_PRODUCTS_DIR; };
		FDC9077F3CE8F967134C481D /* libPods-BillTests.a */ = {isa = PBXFileReference; explicitFileType = archive.ar; includeInIndex = 0; path = "libPods-BillTests.a"; sourceTree = BUILT_PRODUCTS_DIR; };
/* End PBXFileReference section */

/* Begin PBXFrameworksBuildPhase section */
		871B37981F29F613001FE485 /* Frameworks */ = {
			isa = PBXFrameworksBuildPhase;
			buildActionMask = 2147483647;
			files = (
				AA7FDCEE2A5EAB11B403AF09 /* libPods-ItemTests.a in Frameworks */,
			);
			runOnlyForDeploymentPostprocessing = 0;
		};
		871B37B11F2A1BFF001FE485 /* Frameworks */ = {
			isa = PBXFrameworksBuildPhase;
			buildActionMask = 2147483647;
			files = (
				4E816100A83148FA87D38D67 /* libPods-UserTests.a in Frameworks */,
			);
			runOnlyForDeploymentPostprocessing = 0;
		};
		871B37D81F2F3A78001FE485 /* Frameworks */ = {
			isa = PBXFrameworksBuildPhase;
			buildActionMask = 2147483647;
			files = (
				372CB598E4236CF6021F0C4F /* libPods-WelcomeScreenTests.a in Frameworks */,
				A527994C70B4455E0F45AC13 /* libPods-Splitter-WelcomeScreenTests.a in Frameworks */,
			);
			runOnlyForDeploymentPostprocessing = 0;
		};
		874AC10E1F22045700846851 /* Frameworks */ = {
			isa = PBXFrameworksBuildPhase;
			buildActionMask = 2147483647;
			files = (
				87FB5B791F22613500C87EDC /* iAd.framework in Frameworks */,
				87FB5B771F22609E00C87EDC /* AdSupport.framework in Frameworks */,
				4457AAFC487A0A04E59E4D96 /* libPods-Splitter.a in Frameworks */,
			);
			runOnlyForDeploymentPostprocessing = 0;
		};
		874AC17A1F22457000846851 /* Frameworks */ = {
			isa = PBXFrameworksBuildPhase;
			buildActionMask = 2147483647;
			files = (
				3E71FF2B8AC5A3327008E9FA /* libPods-BillTests.a in Frameworks */,
			);
			runOnlyForDeploymentPostprocessing = 0;
		};
/* End PBXFrameworksBuildPhase section */

/* Begin PBXGroup section */
		871B379C1F29F614001FE485 /* ItemTests */ = {
			isa = PBXGroup;
			children = (
				871B379D1F29F614001FE485 /* ItemTests.swift */,
				871B379F1F29F614001FE485 /* Info.plist */,
			);
			path = ItemTests;
			sourceTree = "<group>";
		};
		871B37B51F2A1BFF001FE485 /* UserTests */ = {
			isa = PBXGroup;
			children = (
				871B37B61F2A1BFF001FE485 /* UserTests.swift */,
				871B37B81F2A1BFF001FE485 /* Info.plist */,
			);
			path = UserTests;
			sourceTree = "<group>";
		};
		871B37C71F2F392E001FE485 /* UnitTests */ = {
			isa = PBXGroup;
			children = (
				871B37B51F2A1BFF001FE485 /* UserTests */,
				871B379C1F29F614001FE485 /* ItemTests */,
				874AC17E1F22457000846851 /* BillTests */,
			);
			path = UnitTests;
			sourceTree = "<group>";
		};
		871B37C81F2F393E001FE485 /* UITests */ = {
			isa = PBXGroup;
			children = (
				871B37DC1F2F3A78001FE485 /* LoginRegisterUITests */,
			);
			path = UITests;
			sourceTree = "<group>";
		};
		871B37DC1F2F3A78001FE485 /* LoginRegisterUITests */ = {
			isa = PBXGroup;
			children = (
				871B37DD1F2F3A78001FE485 /* WelcomeScreenTests.swift */,
				871B37DF1F2F3A78001FE485 /* Info.plist */,
			);
			path = LoginRegisterUITests;
			sourceTree = "<group>";
		};
		871B37E61F2F42EE001FE485 /* Views */ = {
			isa = PBXGroup;
			children = (
				871B37E81F2F430C001FE485 /* SplitterTextField.swift */,
				871B37F11F2F7C49001FE485 /* SplitterButton.swift */,
				872D3B151F30C5C300F2FEC2 /* TitleLogoLabel.swift */,
			);
			path = Views;
			sourceTree = "<group>";
		};
		871B37F51F308CEE001FE485 /* Fonts */ = {
			isa = PBXGroup;
			children = (
				871B37F41F308CE6001FE485 /* WalkwayBold.ttf */,
			);
			path = Fonts;
			sourceTree = "<group>";
		};
		874AC1081F22045700846851 = {
			isa = PBXGroup;
			children = (
				874AC1131F22045700846851 /* Splitter */,
				874AC1871F22471E00846851 /* Tests */,
				874AC1121F22045700846851 /* Products */,
				874AC1521F220BEE00846851 /* Frameworks */,
				BFF52E5691E2F832B3ED52CE /* Pods */,
			);
			sourceTree = "<group>";
		};
		874AC1121F22045700846851 /* Products */ = {
			isa = PBXGroup;
			children = (
				874AC1111F22045700846851 /* Splitter.app */,
				874AC17D1F22457000846851 /* BillTests.xctest */,
				871B379B1F29F613001FE485 /* ItemTests.xctest */,
				871B37B41F2A1BFF001FE485 /* UserTests.xctest */,
				871B37DB1F2F3A78001FE485 /* WelcomeScreenTests.xctest */,
			);
			name = Products;
			sourceTree = "<group>";
		};
		874AC1131F22045700846851 /* Splitter */ = {
			isa = PBXGroup;
			children = (
				871B37E61F2F42EE001FE485 /* Views */,
				87A218EA1F25E8F900B4BE74 /* Controllers */,
				874AC1781F223EEF00846851 /* DataModels */,
				87A218E61F25E88E00B4BE74 /* Helpers */,
				87A218E91F25E8E000B4BE74 /* SupportingFiles */,
			);
			path = Splitter;
			sourceTree = "<group>";
		};
		874AC1521F220BEE00846851 /* Frameworks */ = {
			isa = PBXGroup;
			children = (
				875ABB971F332A1000699EE8 /* SystemConfiguration.framework */,
				875ABB951F332A0900699EE8 /* Security.framework */,
				875ABB931F332A0200699EE8 /* CFNetwork.framework */,
				875ABB911F3329F900699EE8 /* libc++.tbd */,
				875ABB8F1F3329E300699EE8 /* libicucore.tbd */,
				87FB5B781F22613500C87EDC /* iAd.framework */,
				87FB5B761F22609E00C87EDC /* AdSupport.framework */,
				FC244A6364361B95F3EEF10D /* libPods-LoginRegisterUITests.a */,
				FDC9077F3CE8F967134C481D /* libPods-BillTests.a */,
				E896499E061CB34F1E23CE27 /* libPods-ItemTests.a */,
				235596423386BEAC62BDBF1B /* libPods-Splitter.a */,
				59BC0FEBAB0A29D0B8189421 /* libPods-UserTests.a */,
				D6746CE4C3838780C8D1A5A9 /* libPods-WelcomeScreenTests.a */,
				BCA0AFEC27B0A612AE7FCDC2 /* libPods-Splitter-WelcomeScreenTests.a */,
			);
			name = Frameworks;
			sourceTree = "<group>";
		};
		874AC1781F223EEF00846851 /* DataModels */ = {
			isa = PBXGroup;
			children = (
				874AC1741F222FD100846851 /* Bill.swift */,
				871B37A51F29F6A0001FE485 /* Item.swift */,
				871B37BE1F2A1EF9001FE485 /* SplitterUser.swift */,
			);
			path = DataModels;
			sourceTree = "<group>";
		};
		874AC17E1F22457000846851 /* BillTests */ = {
			isa = PBXGroup;
			children = (
				874AC17F1F22457000846851 /* BillTests.swift */,
				874AC1811F22457000846851 /* Info.plist */,
			);
			path = BillTests;
			sourceTree = "<group>";
		};
		874AC1871F22471E00846851 /* Tests */ = {
			isa = PBXGroup;
			children = (
				871B37C81F2F393E001FE485 /* UITests */,
				871B37C71F2F392E001FE485 /* UnitTests */,
			);
			name = Tests;
			sourceTree = "<group>";
		};
		87A218E61F25E88E00B4BE74 /* Helpers */ = {
			isa = PBXGroup;
			children = (
				87A218E71F25E8A200B4BE74 /* Extensions.swift */,
				87A218EB1F25EEAA00B4BE74 /* Firebase.swift */,
				871B37C51F2F339A001FE485 /* UIView+Autolayout.swift */,
				871B37EF1F2F6322001FE485 /* Constants.swift */,
			);
			path = Helpers;
			sourceTree = "<group>";
		};
		87A218E91F25E8E000B4BE74 /* SupportingFiles */ = {
			isa = PBXGroup;
			children = (
				872D3B1A1F30D17A00F2FEC2 /* Splitter.entitlements */,
				874AC1141F22045700846851 /* AppDelegate.swift */,
				874AC11B1F22045700846851 /* Assets.xcassets */,
				874AC11D1F22045700846851 /* LaunchScreen.storyboard */,
				871B37F51F308CEE001FE485 /* Fonts */,
				874AC1201F22045700846851 /* Info.plist */,
				874AC1761F223D8300846851 /* GoogleService-Info.plist */,
				871B37EE1F2F4573001FE485 /* Localizable.strings */,
			);
			path = SupportingFiles;
			sourceTree = "<group>";
		};
		87A218EA1F25E8F900B4BE74 /* Controllers */ = {
			isa = PBXGroup;
			children = (
				874AC1501F2206ED00846851 /* WelcomeScreenViewController.swift */,
				87A0465C1F30E92000EBC2D2 /* MyBillsViewController.swift */,
			);
			path = Controllers;
			sourceTree = "<group>";
		};
		BFF52E5691E2F832B3ED52CE /* Pods */ = {
			isa = PBXGroup;
			children = (
				DB0F525DADCED2D618D9A1FF /* Pods-BillTests.debug.xcconfig */,
				6429CE07C4F8BC0F4FFAF793 /* Pods-BillTests.release.xcconfig */,
				5E412145F8C654E1A41249BE /* Pods-ItemTests.debug.xcconfig */,
				A7D8235A626A62D7465CFAC9 /* Pods-ItemTests.release.xcconfig */,
				A457CDA5C8E7D57999D28153 /* Pods-LoginRegisterUITests.debug.xcconfig */,
				018DC1A8EFF61E21A17BE7CB /* Pods-LoginRegisterUITests.release.xcconfig */,
				BA618C57B0234AD3B7B09EF9 /* Pods-Splitter.debug.xcconfig */,
				1D9C0846CB835EF67EA4D9C3 /* Pods-Splitter.release.xcconfig */,
				DC732A8EA0BEF4270CFD1155 /* Pods-UserTests.debug.xcconfig */,
				F4C1E54B303F3C9BB4EB5904 /* Pods-UserTests.release.xcconfig */,
				88C7521D8C623A8CB6B4593D /* Pods-WelcomeScreenTests.debug.xcconfig */,
				717E7C78575A8FE7F1497BCB /* Pods-WelcomeScreenTests.release.xcconfig */,
				677DD45013519D60A24B6375 /* Pods-Splitter-WelcomeScreenTests.debug.xcconfig */,
				F793B143083289228B065947 /* Pods-Splitter-WelcomeScreenTests.release.xcconfig */,
			);
			name = Pods;
			sourceTree = "<group>";
		};
/* End PBXGroup section */

/* Begin PBXNativeTarget section */
		871B379A1F29F613001FE485 /* ItemTests */ = {
			isa = PBXNativeTarget;
			buildConfigurationList = 871B37A21F29F614001FE485 /* Build configuration list for PBXNativeTarget "ItemTests" */;
			buildPhases = (
				5B1A7B85CDA0784D3B4E45D9 /* [CP] Check Pods Manifest.lock */,
				871B37971F29F613001FE485 /* Sources */,
				871B37981F29F613001FE485 /* Frameworks */,
				871B37991F29F613001FE485 /* Resources */,
				1BC8310F5C40BB716FC3BD9C /* [CP] Embed Pods Frameworks */,
				3469AB84D6A72EBBE0DF687E /* [CP] Copy Pods Resources */,
			);
			buildRules = (
			);
			dependencies = (
				871B37A11F29F614001FE485 /* PBXTargetDependency */,
			);
			name = ItemTests;
			productName = ItemTests;
			productReference = 871B379B1F29F613001FE485 /* ItemTests.xctest */;
			productType = "com.apple.product-type.bundle.unit-test";
		};
		871B37B31F2A1BFF001FE485 /* UserTests */ = {
			isa = PBXNativeTarget;
			buildConfigurationList = 871B37BB1F2A1BFF001FE485 /* Build configuration list for PBXNativeTarget "UserTests" */;
			buildPhases = (
				F30B8859691234E6C4387773 /* [CP] Check Pods Manifest.lock */,
				871B37B01F2A1BFF001FE485 /* Sources */,
				871B37B11F2A1BFF001FE485 /* Frameworks */,
				871B37B21F2A1BFF001FE485 /* Resources */,
				A20B462C15798DC3BEB79CA7 /* [CP] Embed Pods Frameworks */,
				0EA7FC26F9CAA385B10FF754 /* [CP] Copy Pods Resources */,
			);
			buildRules = (
			);
			dependencies = (
				871B37BA1F2A1BFF001FE485 /* PBXTargetDependency */,
			);
			name = UserTests;
			productName = UserTests;
			productReference = 871B37B41F2A1BFF001FE485 /* UserTests.xctest */;
			productType = "com.apple.product-type.bundle.unit-test";
		};
		871B37DA1F2F3A78001FE485 /* WelcomeScreenTests */ = {
			isa = PBXNativeTarget;
			buildConfigurationList = 871B37E21F2F3A78001FE485 /* Build configuration list for PBXNativeTarget "WelcomeScreenTests" */;
			buildPhases = (
				DC59CA293E30B5A0B5FD1AA8 /* [CP] Check Pods Manifest.lock */,
				871B37D71F2F3A78001FE485 /* Sources */,
				871B37D81F2F3A78001FE485 /* Frameworks */,
				871B37D91F2F3A78001FE485 /* Resources */,
				DF48BFD46F2DC12752B27B23 /* [CP] Embed Pods Frameworks */,
				ADE652116676BD6CFADA690E /* [CP] Copy Pods Resources */,
			);
			buildRules = (
			);
			dependencies = (
				871B37E11F2F3A78001FE485 /* PBXTargetDependency */,
			);
			name = WelcomeScreenTests;
			productName = LoginRegisterUITests;
			productReference = 871B37DB1F2F3A78001FE485 /* WelcomeScreenTests.xctest */;
			productType = "com.apple.product-type.bundle.ui-testing";
		};
		874AC1101F22045700846851 /* Splitter */ = {
			isa = PBXNativeTarget;
			buildConfigurationList = 874AC1391F22045700846851 /* Build configuration list for PBXNativeTarget "Splitter" */;
			buildPhases = (
				7112C9A99A285C3D7EC23FB8 /* [CP] Check Pods Manifest.lock */,
				874AC10D1F22045700846851 /* Sources */,
				874AC10E1F22045700846851 /* Frameworks */,
				874AC10F1F22045700846851 /* Resources */,
				877D5A0B1F2745CC006B53DE /* ShellScript */,
				84DCB13FCAD79943430C6362 /* [CP] Embed Pods Frameworks */,
				D9EDF5A3EB39D72F2C54ED39 /* [CP] Copy Pods Resources */,
			);
			buildRules = (
			);
			dependencies = (
			);
			name = Splitter;
			productName = Splitter;
			productReference = 874AC1111F22045700846851 /* Splitter.app */;
			productType = "com.apple.product-type.application";
		};
		874AC17C1F22457000846851 /* BillTests */ = {
			isa = PBXNativeTarget;
			buildConfigurationList = 874AC1841F22457000846851 /* Build configuration list for PBXNativeTarget "BillTests" */;
			buildPhases = (
				3983E1CE524B4D284C43F7F1 /* [CP] Check Pods Manifest.lock */,
				874AC1791F22457000846851 /* Sources */,
				874AC17A1F22457000846851 /* Frameworks */,
				874AC17B1F22457000846851 /* Resources */,
				DD496A81267876B032FDCF3D /* [CP] Embed Pods Frameworks */,
				1A6F2ECC1AA1A50713BE726A /* [CP] Copy Pods Resources */,
			);
			buildRules = (
			);
			dependencies = (
				874AC1831F22457000846851 /* PBXTargetDependency */,
			);
			name = BillTests;
			productName = BillTests;
			productReference = 874AC17D1F22457000846851 /* BillTests.xctest */;
			productType = "com.apple.product-type.bundle.unit-test";
		};
/* End PBXNativeTarget section */

/* Begin PBXProject section */
		874AC1091F22045700846851 /* Project object */ = {
			isa = PBXProject;
			attributes = {
				LastSwiftUpdateCheck = 0900;
				LastUpgradeCheck = 0900;
				ORGANIZATIONNAME = "Wayne Rumble";
				TargetAttributes = {
					871B379A1F29F613001FE485 = {
						CreatedOnToolsVersion = 9.0;
						TestTargetID = 874AC1101F22045700846851;
					};
					871B37B31F2A1BFF001FE485 = {
						CreatedOnToolsVersion = 9.0;
						TestTargetID = 874AC1101F22045700846851;
					};
					871B37DA1F2F3A78001FE485 = {
						CreatedOnToolsVersion = 9.0;
						TestTargetID = 874AC1101F22045700846851;
					};
					874AC1101F22045700846851 = {
						CreatedOnToolsVersion = 9.0;
						ProvisioningStyle = Automatic;
						SystemCapabilities = {
							com.apple.ApplePay = {
								enabled = 1;
							};
							com.apple.Push = {
								enabled = 1;
							};
							com.apple.WAC = {
								enabled = 0;
							};
							com.apple.iCloud = {
								enabled = 0;
							};
						};
					};
					874AC17C1F22457000846851 = {
						CreatedOnToolsVersion = 9.0;
						TestTargetID = 874AC1101F22045700846851;
					};
				};
			};
			buildConfigurationList = 874AC10C1F22045700846851 /* Build configuration list for PBXProject "Splitter" */;
			compatibilityVersion = "Xcode 8.0";
			developmentRegion = en;
			hasScannedForEncodings = 0;
			knownRegions = (
				en,
				Base,
			);
			mainGroup = 874AC1081F22045700846851;
			productRefGroup = 874AC1121F22045700846851 /* Products */;
			projectDirPath = "";
			projectRoot = "";
			targets = (
				874AC1101F22045700846851 /* Splitter */,
				874AC17C1F22457000846851 /* BillTests */,
				871B379A1F29F613001FE485 /* ItemTests */,
				871B37B31F2A1BFF001FE485 /* UserTests */,
				871B37DA1F2F3A78001FE485 /* WelcomeScreenTests */,
			);
		};
/* End PBXProject section */

/* Begin PBXResourcesBuildPhase section */
		871B37991F29F613001FE485 /* Resources */ = {
			isa = PBXResourcesBuildPhase;
			buildActionMask = 2147483647;
			files = (
			);
			runOnlyForDeploymentPostprocessing = 0;
		};
		871B37B21F2A1BFF001FE485 /* Resources */ = {
			isa = PBXResourcesBuildPhase;
			buildActionMask = 2147483647;
			files = (
			);
			runOnlyForDeploymentPostprocessing = 0;
		};
		871B37D91F2F3A78001FE485 /* Resources */ = {
			isa = PBXResourcesBuildPhase;
			buildActionMask = 2147483647;
			files = (
				874EFF011F34906D00934B64 /* GoogleService-Info.plist in Resources */,
				872D3B191F30CFB400F2FEC2 /* Localizable.strings in Resources */,
			);
			runOnlyForDeploymentPostprocessing = 0;
		};
		874AC10F1F22045700846851 /* Resources */ = {
			isa = PBXResourcesBuildPhase;
			buildActionMask = 2147483647;
			files = (
				874AC11F1F22045700846851 /* LaunchScreen.storyboard in Resources */,
				871B37EC1F2F4573001FE485 /* Localizable.strings in Resources */,
				874AC11C1F22045700846851 /* Assets.xcassets in Resources */,
				874AC1771F223D8300846851 /* GoogleService-Info.plist in Resources */,
				871B37F61F308E3E001FE485 /* WalkwayBold.ttf in Resources */,
			);
			runOnlyForDeploymentPostprocessing = 0;
		};
		874AC17B1F22457000846851 /* Resources */ = {
			isa = PBXResourcesBuildPhase;
			buildActionMask = 2147483647;
			files = (
			);
			runOnlyForDeploymentPostprocessing = 0;
		};
/* End PBXResourcesBuildPhase section */

/* Begin PBXShellScriptBuildPhase section */
		0EA7FC26F9CAA385B10FF754 /* [CP] Copy Pods Resources */ = {
			isa = PBXShellScriptBuildPhase;
			buildActionMask = 2147483647;
			files = (
			);
			inputPaths = (
			);
			name = "[CP] Copy Pods Resources";
			outputPaths = (
			);
			runOnlyForDeploymentPostprocessing = 0;
			shellPath = /bin/sh;
			shellScript = "\"${SRCROOT}/Pods/Target Support Files/Pods-UserTests/Pods-UserTests-resources.sh\"\n";
			showEnvVarsInLog = 0;
		};
		1A6F2ECC1AA1A50713BE726A /* [CP] Copy Pods Resources */ = {
			isa = PBXShellScriptBuildPhase;
			buildActionMask = 2147483647;
			files = (
			);
			inputPaths = (
			);
			name = "[CP] Copy Pods Resources";
			outputPaths = (
			);
			runOnlyForDeploymentPostprocessing = 0;
			shellPath = /bin/sh;
			shellScript = "\"${SRCROOT}/Pods/Target Support Files/Pods-BillTests/Pods-BillTests-resources.sh\"\n";
			showEnvVarsInLog = 0;
		};
		1BC8310F5C40BB716FC3BD9C /* [CP] Embed Pods Frameworks */ = {
			isa = PBXShellScriptBuildPhase;
			buildActionMask = 2147483647;
			files = (
			);
			inputPaths = (
			);
			name = "[CP] Embed Pods Frameworks";
			outputPaths = (
			);
			runOnlyForDeploymentPostprocessing = 0;
			shellPath = /bin/sh;
			shellScript = "\"${SRCROOT}/Pods/Target Support Files/Pods-ItemTests/Pods-ItemTests-frameworks.sh\"\n";
			showEnvVarsInLog = 0;
		};
		3469AB84D6A72EBBE0DF687E /* [CP] Copy Pods Resources */ = {
			isa = PBXShellScriptBuildPhase;
			buildActionMask = 2147483647;
			files = (
			);
			inputPaths = (
			);
			name = "[CP] Copy Pods Resources";
			outputPaths = (
			);
			runOnlyForDeploymentPostprocessing = 0;
			shellPath = /bin/sh;
			shellScript = "\"${SRCROOT}/Pods/Target Support Files/Pods-ItemTests/Pods-ItemTests-resources.sh\"\n";
			showEnvVarsInLog = 0;
		};
		3983E1CE524B4D284C43F7F1 /* [CP] Check Pods Manifest.lock */ = {
			isa = PBXShellScriptBuildPhase;
			buildActionMask = 2147483647;
			files = (
			);
			inputPaths = (
			);
			name = "[CP] Check Pods Manifest.lock";
			outputPaths = (
			);
			runOnlyForDeploymentPostprocessing = 0;
			shellPath = /bin/sh;
			shellScript = "diff \"${PODS_PODFILE_DIR_PATH}/Podfile.lock\" \"${PODS_ROOT}/Manifest.lock\" > /dev/null\nif [ $? != 0 ] ; then\n    # print error to STDERR\n    echo \"error: The sandbox is not in sync with the Podfile.lock. Run 'pod install' or update your CocoaPods installation.\" >&2\n    exit 1\nfi\n";
			showEnvVarsInLog = 0;
		};
		5B1A7B85CDA0784D3B4E45D9 /* [CP] Check Pods Manifest.lock */ = {
			isa = PBXShellScriptBuildPhase;
			buildActionMask = 2147483647;
			files = (
			);
			inputPaths = (
			);
			name = "[CP] Check Pods Manifest.lock";
			outputPaths = (
			);
			runOnlyForDeploymentPostprocessing = 0;
			shellPath = /bin/sh;
			shellScript = "diff \"${PODS_PODFILE_DIR_PATH}/Podfile.lock\" \"${PODS_ROOT}/Manifest.lock\" > /dev/null\nif [ $? != 0 ] ; then\n    # print error to STDERR\n    echo \"error: The sandbox is not in sync with the Podfile.lock. Run 'pod install' or update your CocoaPods installation.\" >&2\n    exit 1\nfi\n";
			showEnvVarsInLog = 0;
		};
		7112C9A99A285C3D7EC23FB8 /* [CP] Check Pods Manifest.lock */ = {
			isa = PBXShellScriptBuildPhase;
			buildActionMask = 2147483647;
			files = (
			);
			inputPaths = (
			);
			name = "[CP] Check Pods Manifest.lock";
			outputPaths = (
			);
			runOnlyForDeploymentPostprocessing = 0;
			shellPath = /bin/sh;
			shellScript = "diff \"${PODS_PODFILE_DIR_PATH}/Podfile.lock\" \"${PODS_ROOT}/Manifest.lock\" > /dev/null\nif [ $? != 0 ] ; then\n    # print error to STDERR\n    echo \"error: The sandbox is not in sync with the Podfile.lock. Run 'pod install' or update your CocoaPods installation.\" >&2\n    exit 1\nfi\n";
			showEnvVarsInLog = 0;
		};
		84DCB13FCAD79943430C6362 /* [CP] Embed Pods Frameworks */ = {
			isa = PBXShellScriptBuildPhase;
			buildActionMask = 2147483647;
			files = (
			);
			inputPaths = (
			);
			name = "[CP] Embed Pods Frameworks";
			outputPaths = (
			);
			runOnlyForDeploymentPostprocessing = 0;
			shellPath = /bin/sh;
			shellScript = "\"${SRCROOT}/Pods/Target Support Files/Pods-Splitter/Pods-Splitter-frameworks.sh\"\n";
			showEnvVarsInLog = 0;
		};
		877D5A0B1F2745CC006B53DE /* ShellScript */ = {
			isa = PBXShellScriptBuildPhase;
			buildActionMask = 2147483647;
			files = (
			);
			inputPaths = (
			);
			outputPaths = (
			);
			runOnlyForDeploymentPostprocessing = 0;
			shellPath = /bin/sh;
			shellScript = "if which swiftlint >/dev/null; then\nswiftlint\nelse\necho \"warning: SwiftLint not installed, download from https://github.com/realm/SwiftLint\"\nfi";
		};
		A20B462C15798DC3BEB79CA7 /* [CP] Embed Pods Frameworks */ = {
			isa = PBXShellScriptBuildPhase;
			buildActionMask = 2147483647;
			files = (
			);
			inputPaths = (
			);
			name = "[CP] Embed Pods Frameworks";
			outputPaths = (
			);
			runOnlyForDeploymentPostprocessing = 0;
			shellPath = /bin/sh;
			shellScript = "\"${SRCROOT}/Pods/Target Support Files/Pods-UserTests/Pods-UserTests-frameworks.sh\"\n";
			showEnvVarsInLog = 0;
		};
		ADE652116676BD6CFADA690E /* [CP] Copy Pods Resources */ = {
			isa = PBXShellScriptBuildPhase;
			buildActionMask = 2147483647;
			files = (
			);
			inputPaths = (
			);
			name = "[CP] Copy Pods Resources";
			outputPaths = (
			);
			runOnlyForDeploymentPostprocessing = 0;
			shellPath = /bin/sh;
			shellScript = "\"${SRCROOT}/Pods/Target Support Files/Pods-Splitter-WelcomeScreenTests/Pods-Splitter-WelcomeScreenTests-resources.sh\"\n";
			showEnvVarsInLog = 0;
		};
		D9EDF5A3EB39D72F2C54ED39 /* [CP] Copy Pods Resources */ = {
			isa = PBXShellScriptBuildPhase;
			buildActionMask = 2147483647;
			files = (
			);
			inputPaths = (
			);
			name = "[CP] Copy Pods Resources";
			outputPaths = (
			);
			runOnlyForDeploymentPostprocessing = 0;
			shellPath = /bin/sh;
			shellScript = "\"${SRCROOT}/Pods/Target Support Files/Pods-Splitter/Pods-Splitter-resources.sh\"\n";
			showEnvVarsInLog = 0;
		};
		DC59CA293E30B5A0B5FD1AA8 /* [CP] Check Pods Manifest.lock */ = {
			isa = PBXShellScriptBuildPhase;
			buildActionMask = 2147483647;
			files = (
			);
			inputPaths = (
			);
			name = "[CP] Check Pods Manifest.lock";
			outputPaths = (
			);
			runOnlyForDeploymentPostprocessing = 0;
			shellPath = /bin/sh;
			shellScript = "diff \"${PODS_PODFILE_DIR_PATH}/Podfile.lock\" \"${PODS_ROOT}/Manifest.lock\" > /dev/null\nif [ $? != 0 ] ; then\n    # print error to STDERR\n    echo \"error: The sandbox is not in sync with the Podfile.lock. Run 'pod install' or update your CocoaPods installation.\" >&2\n    exit 1\nfi\n";
			showEnvVarsInLog = 0;
		};
		DD496A81267876B032FDCF3D /* [CP] Embed Pods Frameworks */ = {
			isa = PBXShellScriptBuildPhase;
			buildActionMask = 2147483647;
			files = (
			);
			inputPaths = (
			);
			name = "[CP] Embed Pods Frameworks";
			outputPaths = (
			);
			runOnlyForDeploymentPostprocessing = 0;
			shellPath = /bin/sh;
			shellScript = "\"${SRCROOT}/Pods/Target Support Files/Pods-BillTests/Pods-BillTests-frameworks.sh\"\n";
			showEnvVarsInLog = 0;
		};
		DF48BFD46F2DC12752B27B23 /* [CP] Embed Pods Frameworks */ = {
			isa = PBXShellScriptBuildPhase;
			buildActionMask = 2147483647;
			files = (
			);
			inputPaths = (
			);
			name = "[CP] Embed Pods Frameworks";
			outputPaths = (
			);
			runOnlyForDeploymentPostprocessing = 0;
			shellPath = /bin/sh;
			shellScript = "\"${SRCROOT}/Pods/Target Support Files/Pods-Splitter-WelcomeScreenTests/Pods-Splitter-WelcomeScreenTests-frameworks.sh\"\n";
			showEnvVarsInLog = 0;
		};
		F30B8859691234E6C4387773 /* [CP] Check Pods Manifest.lock */ = {
			isa = PBXShellScriptBuildPhase;
			buildActionMask = 2147483647;
			files = (
			);
			inputPaths = (
			);
			name = "[CP] Check Pods Manifest.lock";
			outputPaths = (
			);
			runOnlyForDeploymentPostprocessing = 0;
			shellPath = /bin/sh;
			shellScript = "diff \"${PODS_PODFILE_DIR_PATH}/Podfile.lock\" \"${PODS_ROOT}/Manifest.lock\" > /dev/null\nif [ $? != 0 ] ; then\n    # print error to STDERR\n    echo \"error: The sandbox is not in sync with the Podfile.lock. Run 'pod install' or update your CocoaPods installation.\" >&2\n    exit 1\nfi\n";
			showEnvVarsInLog = 0;
		};
/* End PBXShellScriptBuildPhase section */

/* Begin PBXSourcesBuildPhase section */
		871B37971F29F613001FE485 /* Sources */ = {
			isa = PBXSourcesBuildPhase;
			buildActionMask = 2147483647;
			files = (
				871B37A81F29F885001FE485 /* Firebase.swift in Sources */,
				871B37AF1F2A0809001FE485 /* Bill.swift in Sources */,
				871B37AA1F2A01CD001FE485 /* Item.swift in Sources */,
				87D042BB1F33781C006CD875 /* SplitterUser.swift in Sources */,
				871B379E1F29F614001FE485 /* ItemTests.swift in Sources */,
				871B37AB1F2A01D8001FE485 /* Extensions.swift in Sources */,
			);
			runOnlyForDeploymentPostprocessing = 0;
		};
		871B37B01F2A1BFF001FE485 /* Sources */ = {
			isa = PBXSourcesBuildPhase;
			buildActionMask = 2147483647;
			files = (
				871B37C31F2A23DA001FE485 /* Item.swift in Sources */,
				8770AD2C1F34D293000A01A0 /* Extensions.swift in Sources */,
				871B37C21F2A23D6001FE485 /* Bill.swift in Sources */,
				871B37C11F2A23AC001FE485 /* Firebase.swift in Sources */,
				871B37B71F2A1BFF001FE485 /* UserTests.swift in Sources */,
				871B37C01F2A238A001FE485 /* SplitterUser.swift in Sources */,
			);
			runOnlyForDeploymentPostprocessing = 0;
		};
		871B37D71F2F3A78001FE485 /* Sources */ = {
			isa = PBXSourcesBuildPhase;
			buildActionMask = 2147483647;
			files = (
				871B37DE1F2F3A78001FE485 /* WelcomeScreenTests.swift in Sources */,
				874EFF021F34CEBC00934B64 /* Extensions.swift in Sources */,
				87A0465E1F31D72900EBC2D2 /* Constants.swift in Sources */,
			);
			runOnlyForDeploymentPostprocessing = 0;
		};
		874AC10D1F22045700846851 /* Sources */ = {
			isa = PBXSourcesBuildPhase;
			buildActionMask = 2147483647;
			files = (
				874AC1151F22045700846851 /* AppDelegate.swift in Sources */,
				872D3B161F30C5C300F2FEC2 /* TitleLogoLabel.swift in Sources */,
				87A218EC1F25EEAA00B4BE74 /* Firebase.swift in Sources */,
				874AC1881F224F8900846851 /* Bill.swift in Sources */,
				871B37A61F29F6A0001FE485 /* Item.swift in Sources */,
				871B37F01F2F6322001FE485 /* Constants.swift in Sources */,
				871B37E91F2F430C001FE485 /* SplitterTextField.swift in Sources */,
				871B37C61F2F339A001FE485 /* UIView+Autolayout.swift in Sources */,
				8770AD2A1F34D209000A01A0 /* Extensions.swift in Sources */,
				87A0465D1F30E92000EBC2D2 /* MyBillsViewController.swift in Sources */,
				871B37F21F2F7C49001FE485 /* SplitterButton.swift in Sources */,
				874AC1511F2206ED00846851 /* WelcomeScreenViewController.swift in Sources */,
				871B37BF1F2A1EF9001FE485 /* SplitterUser.swift in Sources */,
			);
			runOnlyForDeploymentPostprocessing = 0;
		};
		874AC1791F22457000846851 /* Sources */ = {
			isa = PBXSourcesBuildPhase;
			buildActionMask = 2147483647;
			files = (
				871B37AC1F2A01D9001FE485 /* Extensions.swift in Sources */,
				871B37A91F2A01CD001FE485 /* Item.swift in Sources */,
				877D5A0A1F2660B0006B53DE /* Firebase.swift in Sources */,
				87452AAA1F333B85009C7C61 /* SplitterUser.swift in Sources */,
				874AC1891F224F8B00846851 /* Bill.swift in Sources */,
				874AC1801F22457000846851 /* BillTests.swift in Sources */,
			);
			runOnlyForDeploymentPostprocessing = 0;
		};
/* End PBXSourcesBuildPhase section */

/* Begin PBXTargetDependency section */
		871B37A11F29F614001FE485 /* PBXTargetDependency */ = {
			isa = PBXTargetDependency;
			target = 874AC1101F22045700846851 /* Splitter */;
			targetProxy = 871B37A01F29F614001FE485 /* PBXContainerItemProxy */;
		};
		871B37BA1F2A1BFF001FE485 /* PBXTargetDependency */ = {
			isa = PBXTargetDependency;
			target = 874AC1101F22045700846851 /* Splitter */;
			targetProxy = 871B37B91F2A1BFF001FE485 /* PBXContainerItemProxy */;
		};
		871B37E11F2F3A78001FE485 /* PBXTargetDependency */ = {
			isa = PBXTargetDependency;
			target = 874AC1101F22045700846851 /* Splitter */;
			targetProxy = 871B37E01F2F3A78001FE485 /* PBXContainerItemProxy */;
		};
		874AC1831F22457000846851 /* PBXTargetDependency */ = {
			isa = PBXTargetDependency;
			target = 874AC1101F22045700846851 /* Splitter */;
			targetProxy = 874AC1821F22457000846851 /* PBXContainerItemProxy */;
		};
/* End PBXTargetDependency section */

/* Begin PBXVariantGroup section */
		871B37EE1F2F4573001FE485 /* Localizable.strings */ = {
			isa = PBXVariantGroup;
			children = (
				871B37ED1F2F4573001FE485 /* en */,
				871B37F31F2F86FD001FE485 /* Base */,
			);
			name = Localizable.strings;
			sourceTree = "<group>";
		};
		874AC11D1F22045700846851 /* LaunchScreen.storyboard */ = {
			isa = PBXVariantGroup;
			children = (
				874AC11E1F22045700846851 /* Base */,
			);
			name = LaunchScreen.storyboard;
			path = ..;
			sourceTree = "<group>";
		};
/* End PBXVariantGroup section */

/* Begin XCBuildConfiguration section */
		871B37A31F29F614001FE485 /* Debug */ = {
			isa = XCBuildConfiguration;
			baseConfigurationReference = 5E412145F8C654E1A41249BE /* Pods-ItemTests.debug.xcconfig */;
			buildSettings = {
				BUNDLE_LOADER = "$(TEST_HOST)";
				DEVELOPMENT_TEAM = WJMTPNAAQV;
				INFOPLIST_FILE = UnitTests/ItemTests/Info.plist;
				LD_RUNPATH_SEARCH_PATHS = "$(inherited) @executable_path/Frameworks @loader_path/Frameworks";
				PRODUCT_BUNDLE_IDENTIFIER = com.waynerumble.ItemTests;
				PRODUCT_NAME = "$(TARGET_NAME)";
				SWIFT_VERSION = 4.0;
				TARGETED_DEVICE_FAMILY = "1,2";
				TEST_HOST = "$(BUILT_PRODUCTS_DIR)/Splitter.app/Splitter";
			};
			name = Debug;
		};
		871B37A41F29F614001FE485 /* Release */ = {
			isa = XCBuildConfiguration;
			baseConfigurationReference = A7D8235A626A62D7465CFAC9 /* Pods-ItemTests.release.xcconfig */;
			buildSettings = {
				BUNDLE_LOADER = "$(TEST_HOST)";
				DEVELOPMENT_TEAM = WJMTPNAAQV;
				INFOPLIST_FILE = UnitTests/ItemTests/Info.plist;
				LD_RUNPATH_SEARCH_PATHS = "$(inherited) @executable_path/Frameworks @loader_path/Frameworks";
				PRODUCT_BUNDLE_IDENTIFIER = com.waynerumble.ItemTests;
				PRODUCT_NAME = "$(TARGET_NAME)";
				SWIFT_VERSION = 4.0;
				TARGETED_DEVICE_FAMILY = "1,2";
				TEST_HOST = "$(BUILT_PRODUCTS_DIR)/Splitter.app/Splitter";
			};
			name = Release;
		};
		871B37BC1F2A1BFF001FE485 /* Debug */ = {
			isa = XCBuildConfiguration;
			baseConfigurationReference = DC732A8EA0BEF4270CFD1155 /* Pods-UserTests.debug.xcconfig */;
			buildSettings = {
				BUNDLE_LOADER = "$(TEST_HOST)";
				DEVELOPMENT_TEAM = WJMTPNAAQV;
				INFOPLIST_FILE = UnitTests/UserTests/Info.plist;
				LD_RUNPATH_SEARCH_PATHS = "$(inherited) @executable_path/Frameworks @loader_path/Frameworks";
				PRODUCT_BUNDLE_IDENTIFIER = com.waynerumble.UserTests;
				PRODUCT_NAME = "$(TARGET_NAME)";
				SWIFT_VERSION = 4.0;
				TARGETED_DEVICE_FAMILY = "1,2";
				TEST_HOST = "$(BUILT_PRODUCTS_DIR)/Splitter.app/Splitter";
			};
			name = Debug;
		};
		871B37BD1F2A1BFF001FE485 /* Release */ = {
			isa = XCBuildConfiguration;
			baseConfigurationReference = F4C1E54B303F3C9BB4EB5904 /* Pods-UserTests.release.xcconfig */;
			buildSettings = {
				BUNDLE_LOADER = "$(TEST_HOST)";
				DEVELOPMENT_TEAM = WJMTPNAAQV;
				INFOPLIST_FILE = UnitTests/UserTests/Info.plist;
				LD_RUNPATH_SEARCH_PATHS = "$(inherited) @executable_path/Frameworks @loader_path/Frameworks";
				PRODUCT_BUNDLE_IDENTIFIER = com.waynerumble.UserTests;
				PRODUCT_NAME = "$(TARGET_NAME)";
				SWIFT_VERSION = 4.0;
				TARGETED_DEVICE_FAMILY = "1,2";
				TEST_HOST = "$(BUILT_PRODUCTS_DIR)/Splitter.app/Splitter";
			};
			name = Release;
		};
		871B37E31F2F3A78001FE485 /* Debug */ = {
			isa = XCBuildConfiguration;
			baseConfigurationReference = 677DD45013519D60A24B6375 /* Pods-Splitter-WelcomeScreenTests.debug.xcconfig */;
			buildSettings = {
				BUNDLE_LOADER = "$(BUNDLE_LOADER)";
				DEVELOPMENT_TEAM = WJMTPNAAQV;
				ENABLE_BITCODE = NO;
				FRAMEWORK_SEARCH_PATHS = "$(inherited)";
				HEADER_SEARCH_PATHS = "$(inherited)";
				INFOPLIST_FILE = UITests/LoginRegisterUITests/Info.plist;
				LD_RUNPATH_SEARCH_PATHS = "$(inherited) @executable_path/Frameworks @loader_path/Frameworks";
				OTHER_LDFLAGS = "$(inherited)";
				PRODUCT_BUNDLE_IDENTIFIER = com.waynerumble.LoginRegisterUITests;
				PRODUCT_NAME = "$(TARGET_NAME)";
				SWIFT_VERSION = 4.0;
				TARGETED_DEVICE_FAMILY = "1,2";
				TEST_HOST = "";
				TEST_TARGET_NAME = Splitter;
			};
			name = Debug;
		};
		871B37E41F2F3A78001FE485 /* Release */ = {
			isa = XCBuildConfiguration;
			baseConfigurationReference = F793B143083289228B065947 /* Pods-Splitter-WelcomeScreenTests.release.xcconfig */;
			buildSettings = {
				BUNDLE_LOADER = "$(BUNDLE_LOADER)";
				DEVELOPMENT_TEAM = WJMTPNAAQV;
				ENABLE_BITCODE = NO;
				FRAMEWORK_SEARCH_PATHS = "$(inherited)";
				HEADER_SEARCH_PATHS = "$(inherited)";
				INFOPLIST_FILE = UITests/LoginRegisterUITests/Info.plist;
				LD_RUNPATH_SEARCH_PATHS = "$(inherited) @executable_path/Frameworks @loader_path/Frameworks";
				OTHER_LDFLAGS = "$(inherited)";
				PRODUCT_BUNDLE_IDENTIFIER = com.waynerumble.LoginRegisterUITests;
				PRODUCT_NAME = "$(TARGET_NAME)";
				SWIFT_VERSION = 4.0;
				TARGETED_DEVICE_FAMILY = "1,2";
				TEST_HOST = "";
				TEST_TARGET_NAME = Splitter;
			};
			name = Release;
		};
		874AC1371F22045700846851 /* Debug */ = {
			isa = XCBuildConfiguration;
			buildSettings = {
				ALWAYS_SEARCH_USER_PATHS = NO;
				CLANG_ANALYZER_NONNULL = YES;
				CLANG_ANALYZER_NUMBER_OBJECT_CONVERSION = YES_AGGRESSIVE;
				CLANG_CXX_LANGUAGE_STANDARD = "gnu++14";
				CLANG_CXX_LIBRARY = "libc++";
				CLANG_ENABLE_MODULES = YES;
				CLANG_ENABLE_OBJC_ARC = YES;
				CLANG_WARN_BLOCK_CAPTURE_AUTORELEASING = YES;
				CLANG_WARN_BOOL_CONVERSION = YES;
				CLANG_WARN_COMMA = YES;
				CLANG_WARN_CONSTANT_CONVERSION = YES;
				CLANG_WARN_DIRECT_OBJC_ISA_USAGE = YES_ERROR;
				CLANG_WARN_DOCUMENTATION_COMMENTS = YES;
				CLANG_WARN_EMPTY_BODY = YES;
				CLANG_WARN_ENUM_CONVERSION = YES;
				CLANG_WARN_INFINITE_RECURSION = YES;
				CLANG_WARN_INT_CONVERSION = YES;
				CLANG_WARN_NON_LITERAL_NULL_CONVERSION = YES;
				CLANG_WARN_OBJC_LITERAL_CONVERSION = YES;
				CLANG_WARN_OBJC_ROOT_CLASS = YES_ERROR;
				CLANG_WARN_RANGE_LOOP_ANALYSIS = YES;
				CLANG_WARN_STRICT_PROTOTYPES = YES;
				CLANG_WARN_SUSPICIOUS_MOVE = YES;
				CLANG_WARN_UNGUARDED_AVAILABILITY = YES_AGGRESSIVE;
				CLANG_WARN_UNREACHABLE_CODE = YES;
				CLANG_WARN__DUPLICATE_METHOD_MATCH = YES;
				CODE_SIGN_IDENTITY = "iPhone Developer";
				COPY_PHASE_STRIP = NO;
				DEBUG_INFORMATION_FORMAT = dwarf;
				ENABLE_STRICT_OBJC_MSGSEND = YES;
				ENABLE_TESTABILITY = YES;
				GCC_C_LANGUAGE_STANDARD = gnu11;
				GCC_DYNAMIC_NO_PIC = NO;
				GCC_NO_COMMON_BLOCKS = YES;
				GCC_OPTIMIZATION_LEVEL = 0;
				GCC_PREPROCESSOR_DEFINITIONS = (
					"DEBUG=1",
					"$(inherited)",
				);
				GCC_WARN_64_TO_32_BIT_CONVERSION = YES;
				GCC_WARN_ABOUT_RETURN_TYPE = YES_ERROR;
				GCC_WARN_UNDECLARED_SELECTOR = YES;
				GCC_WARN_UNINITIALIZED_AUTOS = YES_AGGRESSIVE;
				GCC_WARN_UNUSED_FUNCTION = YES;
				GCC_WARN_UNUSED_VARIABLE = YES;
				IPHONEOS_DEPLOYMENT_TARGET = 11.0;
				MTL_ENABLE_DEBUG_INFO = YES;
				ONLY_ACTIVE_ARCH = YES;
				SDKROOT = iphoneos;
				SWIFT_ACTIVE_COMPILATION_CONDITIONS = DEBUG;
				SWIFT_OPTIMIZATION_LEVEL = "-Onone";
			};
			name = Debug;
		};
		874AC1381F22045700846851 /* Release */ = {
			isa = XCBuildConfiguration;
			buildSettings = {
				ALWAYS_SEARCH_USER_PATHS = NO;
				CLANG_ANALYZER_NONNULL = YES;
				CLANG_ANALYZER_NUMBER_OBJECT_CONVERSION = YES_AGGRESSIVE;
				CLANG_CXX_LANGUAGE_STANDARD = "gnu++14";
				CLANG_CXX_LIBRARY = "libc++";
				CLANG_ENABLE_MODULES = YES;
				CLANG_ENABLE_OBJC_ARC = YES;
				CLANG_WARN_BLOCK_CAPTURE_AUTORELEASING = YES;
				CLANG_WARN_BOOL_CONVERSION = YES;
				CLANG_WARN_COMMA = YES;
				CLANG_WARN_CONSTANT_CONVERSION = YES;
				CLANG_WARN_DIRECT_OBJC_ISA_USAGE = YES_ERROR;
				CLANG_WARN_DOCUMENTATION_COMMENTS = YES;
				CLANG_WARN_EMPTY_BODY = YES;
				CLANG_WARN_ENUM_CONVERSION = YES;
				CLANG_WARN_INFINITE_RECURSION = YES;
				CLANG_WARN_INT_CONVERSION = YES;
				CLANG_WARN_NON_LITERAL_NULL_CONVERSION = YES;
				CLANG_WARN_OBJC_LITERAL_CONVERSION = YES;
				CLANG_WARN_OBJC_ROOT_CLASS = YES_ERROR;
				CLANG_WARN_RANGE_LOOP_ANALYSIS = YES;
				CLANG_WARN_STRICT_PROTOTYPES = YES;
				CLANG_WARN_SUSPICIOUS_MOVE = YES;
				CLANG_WARN_UNGUARDED_AVAILABILITY = YES_AGGRESSIVE;
				CLANG_WARN_UNREACHABLE_CODE = YES;
				CLANG_WARN__DUPLICATE_METHOD_MATCH = YES;
				CODE_SIGN_IDENTITY = "iPhone Developer";
				COPY_PHASE_STRIP = NO;
				DEBUG_INFORMATION_FORMAT = "dwarf-with-dsym";
				ENABLE_NS_ASSERTIONS = NO;
				ENABLE_STRICT_OBJC_MSGSEND = YES;
				GCC_C_LANGUAGE_STANDARD = gnu11;
				GCC_NO_COMMON_BLOCKS = YES;
				GCC_WARN_64_TO_32_BIT_CONVERSION = YES;
				GCC_WARN_ABOUT_RETURN_TYPE = YES_ERROR;
				GCC_WARN_UNDECLARED_SELECTOR = YES;
				GCC_WARN_UNINITIALIZED_AUTOS = YES_AGGRESSIVE;
				GCC_WARN_UNUSED_FUNCTION = YES;
				GCC_WARN_UNUSED_VARIABLE = YES;
				IPHONEOS_DEPLOYMENT_TARGET = 11.0;
				MTL_ENABLE_DEBUG_INFO = NO;
				SDKROOT = iphoneos;
				SWIFT_OPTIMIZATION_LEVEL = "-Owholemodule";
				VALIDATE_PRODUCT = YES;
			};
			name = Release;
		};
		874AC13A1F22045700846851 /* Debug */ = {
			isa = XCBuildConfiguration;
			baseConfigurationReference = BA618C57B0234AD3B7B09EF9 /* Pods-Splitter.debug.xcconfig */;
			buildSettings = {
				ASSETCATALOG_COMPILER_APPICON_NAME = AppIcon;
				CODE_SIGN_ENTITLEMENTS = Splitter/SupportingFiles/Splitter.entitlements;
				"CODE_SIGN_IDENTITY[sdk=iphoneos*]" = "iPhone Developer";
				CODE_SIGN_STYLE = Automatic;
				DEVELOPMENT_TEAM = WJMTPNAAQV;
				ENABLE_BITCODE = YES;
				GCC_SYMBOLS_PRIVATE_EXTERN = NO;
				HEADER_SEARCH_PATHS = "$(inherited)";
				INFOPLIST_FILE = "$(SRCROOT)/Splitter/SupportingFiles/Info.plist";
				IPHONEOS_DEPLOYMENT_TARGET = 9.0;
				LD_RUNPATH_SEARCH_PATHS = "$(inherited) @executable_path/Frameworks";
				ONLY_ACTIVE_ARCH = YES;
				OTHER_LDFLAGS = (
					"$(inherited)",
					"-ObjC",
				);
				PRODUCT_BUNDLE_IDENTIFIER = com.rumblewayne.Splitter;
				PRODUCT_NAME = "$(TARGET_NAME)";
				PROVISIONING_PROFILE_SPECIFIER = "";
				SWIFT_VERSION = 4.0;
				TARGETED_DEVICE_FAMILY = "1,2";
			};
			name = Debug;
		};
		874AC13B1F22045700846851 /* Release */ = {
			isa = XCBuildConfiguration;
			baseConfigurationReference = 1D9C0846CB835EF67EA4D9C3 /* Pods-Splitter.release.xcconfig */;
			buildSettings = {
				ASSETCATALOG_COMPILER_APPICON_NAME = AppIcon;
				CODE_SIGN_ENTITLEMENTS = Splitter/SupportingFiles/Splitter.entitlements;
				"CODE_SIGN_IDENTITY[sdk=iphoneos*]" = "iPhone Developer";
				CODE_SIGN_STYLE = Automatic;
				DEVELOPMENT_TEAM = WJMTPNAAQV;
				ENABLE_BITCODE = YES;
				GCC_SYMBOLS_PRIVATE_EXTERN = NO;
				HEADER_SEARCH_PATHS = "$(inherited)";
				INFOPLIST_FILE = "$(SRCROOT)/Splitter/SupportingFiles/Info.plist";
				IPHONEOS_DEPLOYMENT_TARGET = 9.0;
				LD_RUNPATH_SEARCH_PATHS = "$(inherited) @executable_path/Frameworks";
				ONLY_ACTIVE_ARCH = YES;
				OTHER_LDFLAGS = (
					"$(inherited)",
					"-ObjC",
				);
				PRODUCT_BUNDLE_IDENTIFIER = com.rumblewayne.Splitter;
				PRODUCT_NAME = "$(TARGET_NAME)";
				PROVISIONING_PROFILE_SPECIFIER = "";
				SWIFT_VERSION = 4.0;
				TARGETED_DEVICE_FAMILY = "1,2";
			};
			name = Release;
		};
		874AC1851F22457000846851 /* Debug */ = {
			isa = XCBuildConfiguration;
			baseConfigurationReference = DB0F525DADCED2D618D9A1FF /* Pods-BillTests.debug.xcconfig */;
			buildSettings = {
				BUNDLE_LOADER = "$(TEST_HOST)";
				DEVELOPMENT_TEAM = L3QZJU3LP7;
				INFOPLIST_FILE = UnitTests/BillTests/Info.plist;
				LD_RUNPATH_SEARCH_PATHS = "$(inherited) @executable_path/Frameworks @loader_path/Frameworks";
				PRODUCT_BUNDLE_IDENTIFIER = com.waynerumble.BillTests;
				PRODUCT_NAME = "$(TARGET_NAME)";
				SWIFT_VERSION = 4.0;
				TARGETED_DEVICE_FAMILY = "1,2";
				TEST_HOST = "$(BUILT_PRODUCTS_DIR)/Splitter.app/Splitter";
			};
			name = Debug;
		};
		874AC1861F22457000846851 /* Release */ = {
			isa = XCBuildConfiguration;
			baseConfigurationReference = 6429CE07C4F8BC0F4FFAF793 /* Pods-BillTests.release.xcconfig */;
			buildSettings = {
				BUNDLE_LOADER = "$(TEST_HOST)";
				DEVELOPMENT_TEAM = L3QZJU3LP7;
				INFOPLIST_FILE = UnitTests/BillTests/Info.plist;
				LD_RUNPATH_SEARCH_PATHS = "$(inherited) @executable_path/Frameworks @loader_path/Frameworks";
				PRODUCT_BUNDLE_IDENTIFIER = com.waynerumble.BillTests;
				PRODUCT_NAME = "$(TARGET_NAME)";
				SWIFT_VERSION = 4.0;
				TARGETED_DEVICE_FAMILY = "1,2";
				TEST_HOST = "$(BUILT_PRODUCTS_DIR)/Splitter.app/Splitter";
			};
			name = Release;
		};
/* End XCBuildConfiguration section */

/* Begin XCConfigurationList section */
		871B37A21F29F614001FE485 /* Build configuration list for PBXNativeTarget "ItemTests" */ = {
			isa = XCConfigurationList;
			buildConfigurations = (
				871B37A31F29F614001FE485 /* Debug */,
				871B37A41F29F614001FE485 /* Release */,
			);
			defaultConfigurationIsVisible = 0;
			defaultConfigurationName = Release;
		};
		871B37BB1F2A1BFF001FE485 /* Build configuration list for PBXNativeTarget "UserTests" */ = {
			isa = XCConfigurationList;
			buildConfigurations = (
				871B37BC1F2A1BFF001FE485 /* Debug */,
				871B37BD1F2A1BFF001FE485 /* Release */,
			);
			defaultConfigurationIsVisible = 0;
			defaultConfigurationName = Release;
		};
		871B37E21F2F3A78001FE485 /* Build configuration list for PBXNativeTarget "WelcomeScreenTests" */ = {
			isa = XCConfigurationList;
			buildConfigurations = (
				871B37E31F2F3A78001FE485 /* Debug */,
				871B37E41F2F3A78001FE485 /* Release */,
			);
			defaultConfigurationIsVisible = 0;
			defaultConfigurationName = Release;
		};
		874AC10C1F22045700846851 /* Build configuration list for PBXProject "Splitter" */ = {
			isa = XCConfigurationList;
			buildConfigurations = (
				874AC1371F22045700846851 /* Debug */,
				874AC1381F22045700846851 /* Release */,
			);
			defaultConfigurationIsVisible = 0;
			defaultConfigurationName = Release;
		};
		874AC1391F22045700846851 /* Build configuration list for PBXNativeTarget "Splitter" */ = {
			isa = XCConfigurationList;
			buildConfigurations = (
				874AC13A1F22045700846851 /* Debug */,
				874AC13B1F22045700846851 /* Release */,
			);
			defaultConfigurationIsVisible = 0;
			defaultConfigurationName = Release;
		};
		874AC1841F22457000846851 /* Build configuration list for PBXNativeTarget "BillTests" */ = {
			isa = XCConfigurationList;
			buildConfigurations = (
				874AC1851F22457000846851 /* Debug */,
				874AC1861F22457000846851 /* Release */,
			);
			defaultConfigurationIsVisible = 0;
			defaultConfigurationName = Release;
		};
/* End XCConfigurationList section */
	};
	rootObject = 874AC1091F22045700846851 /* Project object */;
}
