// !$*UTF8*$!
{
	archiveVersion = 1;
	classes = {
	};
	objectVersion = 48;
	objects = {

/* Begin PBXBuildFile section */
		058C819BF9FB1A8DFE88EAC9 /* EarlGrey.framework in Frameworks */ = {isa = PBXBuildFile; fileRef = 91A30403830697528667F9D9 /* EarlGrey.framework */; };
		07AA61DD457172BC79801FC1 /* EarlGrey.framework in EarlGrey Copy Files */ = {isa = PBXBuildFile; fileRef = 91A30403830697528667F9D9 /* EarlGrey.framework */; settings = {ATTRIBUTES = (CodeSignOnCopy, ); }; };
		0E36C9D744D27A0056088815 /* EarlGrey.swift in Sources */ = {isa = PBXBuildFile; fileRef = 76155B98C8D99CB604F66D41 /* EarlGrey.swift */; };
		16BA80819373F19D7FF85D9A /* Pods_EarlGreyMyBillsTests.framework in Frameworks */ = {isa = PBXBuildFile; fileRef = F8EA0CF14B1E313755253B5C /* Pods_EarlGreyMyBillsTests.framework */; };
		17B6B5C60FECCC3E5F09AC8A /* EarlGrey.framework in EarlGrey Copy Files */ = {isa = PBXBuildFile; fileRef = 91A30403830697528667F9D9 /* EarlGrey.framework */; settings = {ATTRIBUTES = (CodeSignOnCopy, ); }; };
		1F59EE1D47AF18F30C81ED50 /* Pods_EarlGreyWelcomeScreenTests.framework in Frameworks */ = {isa = PBXBuildFile; fileRef = D632BCD38E959C84B9D2A73B /* Pods_EarlGreyWelcomeScreenTests.framework */; };
		2D911DD8930C2CD37FF46A82 /* EarlGrey.framework in Frameworks */ = {isa = PBXBuildFile; fileRef = 91A30403830697528667F9D9 /* EarlGrey.framework */; };
		53B043FCB77D8114D177DB79 /* EarlGrey.framework in Frameworks */ = {isa = PBXBuildFile; fileRef = 91A30403830697528667F9D9 /* EarlGrey.framework */; };
		6C90CA6C8DD6F70A751AC7F2 /* Pods_Splitter.framework in Frameworks */ = {isa = PBXBuildFile; fileRef = 55A9F609BB793F5C68C6F659 /* Pods_Splitter.framework */; };
		871682BD1F712BDB004046E9 /* InstructionLabel.swift in Sources */ = {isa = PBXBuildFile; fileRef = 871682BC1F712BDB004046E9 /* InstructionLabel.swift */; };
		871B37A61F29F6A0001FE485 /* Item.swift in Sources */ = {isa = PBXBuildFile; fileRef = 871B37A51F29F6A0001FE485 /* Item.swift */; };
		871B37BF1F2A1EF9001FE485 /* SplitterUser.swift in Sources */ = {isa = PBXBuildFile; fileRef = 871B37BE1F2A1EF9001FE485 /* SplitterUser.swift */; };
		871B37C61F2F339A001FE485 /* UIView+Autolayout.swift in Sources */ = {isa = PBXBuildFile; fileRef = 871B37C51F2F339A001FE485 /* UIView+Autolayout.swift */; };
		871B37E91F2F430C001FE485 /* SplitterTextField.swift in Sources */ = {isa = PBXBuildFile; fileRef = 871B37E81F2F430C001FE485 /* SplitterTextField.swift */; };
		871B37EC1F2F4573001FE485 /* Localizable.strings in Resources */ = {isa = PBXBuildFile; fileRef = 871B37EE1F2F4573001FE485 /* Localizable.strings */; };
		871B37F01F2F6322001FE485 /* Constants.swift in Sources */ = {isa = PBXBuildFile; fileRef = 871B37EF1F2F6322001FE485 /* Constants.swift */; };
		871B37F21F2F7C49001FE485 /* SplitterButton.swift in Sources */ = {isa = PBXBuildFile; fileRef = 871B37F11F2F7C49001FE485 /* SplitterButton.swift */; };
		871B37F61F308E3E001FE485 /* WalkwayBold.ttf in Resources */ = {isa = PBXBuildFile; fileRef = 871B37F41F308CE6001FE485 /* WalkwayBold.ttf */; };
		871E31C61F7D0EE2000354E7 /* OCRRequest.swift in Sources */ = {isa = PBXBuildFile; fileRef = 871E31C51F7D0EE2000354E7 /* OCRRequest.swift */; };
		872D3B161F30C5C300F2FEC2 /* TitleLogoLabel.swift in Sources */ = {isa = PBXBuildFile; fileRef = 872D3B151F30C5C300F2FEC2 /* TitleLogoLabel.swift */; };
		873218C51F792FC600C960F6 /* OCRResultParsingTests.swift in Sources */ = {isa = PBXBuildFile; fileRef = 873218C41F792FC600C960F6 /* OCRResultParsingTests.swift */; };
		873218C71F79324800C960F6 /* OCRResultConverter.swift in Sources */ = {isa = PBXBuildFile; fileRef = 873218C61F79324800C960F6 /* OCRResultConverter.swift */; };
		873218C91F79456B00C960F6 /* Regex.swift in Sources */ = {isa = PBXBuildFile; fileRef = 873218C81F79456B00C960F6 /* Regex.swift */; };
		873218CB1F79470500C960F6 /* RegexTests.swift in Sources */ = {isa = PBXBuildFile; fileRef = 873218CA1F79470500C960F6 /* RegexTests.swift */; };
		87344C511F7058C000C0B3FE /* BillCarouselDatasource.swift in Sources */ = {isa = PBXBuildFile; fileRef = 87344C501F7058C000C0B3FE /* BillCarouselDatasource.swift */; };
		87344C531F70594E00C0B3FE /* BillCarouselDelegate.swift in Sources */ = {isa = PBXBuildFile; fileRef = 87344C521F70594E00C0B3FE /* BillCarouselDelegate.swift */; };
		87344C551F705D8400C0B3FE /* BillCarouselView.swift in Sources */ = {isa = PBXBuildFile; fileRef = 87344C541F705D8400C0B3FE /* BillCarouselView.swift */; };
		87344C571F7060CA00C0B3FE /* CarouselTitleLabel.swift in Sources */ = {isa = PBXBuildFile; fileRef = 87344C561F7060CA00C0B3FE /* CarouselTitleLabel.swift */; };
		873CD1A21F6FCF9900F602EF /* TitleLabel.swift in Sources */ = {isa = PBXBuildFile; fileRef = 873CD1A11F6FCF9900F602EF /* TitleLabel.swift */; };
		873CD1A41F6FF34F00F602EF /* IconButton.swift in Sources */ = {isa = PBXBuildFile; fileRef = 873CD1A31F6FF34F00F602EF /* IconButton.swift */; };
		874AC1151F22045700846851 /* AppDelegate.swift in Sources */ = {isa = PBXBuildFile; fileRef = 874AC1141F22045700846851 /* AppDelegate.swift */; };
		874AC1511F2206ED00846851 /* WelcomeScreenViewController.swift in Sources */ = {isa = PBXBuildFile; fileRef = 874AC1501F2206ED00846851 /* WelcomeScreenViewController.swift */; };
		874AC1771F223D8300846851 /* GoogleService-Info.plist in Resources */ = {isa = PBXBuildFile; fileRef = 874AC1761F223D8300846851 /* GoogleService-Info.plist */; };
		874AC1881F224F8900846851 /* Bill.swift in Sources */ = {isa = PBXBuildFile; fileRef = 874AC1741F222FD100846851 /* Bill.swift */; };
		874D37EA1F7153DE0092ACB4 /* NewBillViewController.swift in Sources */ = {isa = PBXBuildFile; fileRef = 874D37E91F7153DE0092ACB4 /* NewBillViewController.swift */; };
		8760E7071F6C024400529685 /* Localizable.strings in Resources */ = {isa = PBXBuildFile; fileRef = 871B37EE1F2F4573001FE485 /* Localizable.strings */; };
		8760E70F1F6C072000529685 /* TestExtensions.swift in Sources */ = {isa = PBXBuildFile; fileRef = 8760E70A1F6C064E00529685 /* TestExtensions.swift */; };
		8761411B1F4C43ED00107372 /* BillTests.swift in Sources */ = {isa = PBXBuildFile; fileRef = 874AC17F1F22457000846851 /* BillTests.swift */; };
		8770AD2A1F34D209000A01A0 /* Extensions.swift in Sources */ = {isa = PBXBuildFile; fileRef = 87A218E71F25E8A200B4BE74 /* Extensions.swift */; };
		8773583B1F7BFFDB00EE7C19 /* TestExtensions.swift in Sources */ = {isa = PBXBuildFile; fileRef = 8760E70A1F6C064E00529685 /* TestExtensions.swift */; };
		8773583C1F7BFFE000EE7C19 /* FirebaseTestHelper.swift in Sources */ = {isa = PBXBuildFile; fileRef = 87F93B971F4D8D20007074BF /* FirebaseTestHelper.swift */; };
		877358471F7D01A700EE7C19 /* OCRRequestTests.swift in Sources */ = {isa = PBXBuildFile; fileRef = 877358461F7D01A700EE7C19 /* OCRRequestTests.swift */; };
		877B41841F46EF3300AE9813 /* ToastLabel.swift in Sources */ = {isa = PBXBuildFile; fileRef = 877B41831F46EF3300AE9813 /* ToastLabel.swift */; };
		877F55601F74204100CABA05 /* EarlGreyNewBillTests.swift in Sources */ = {isa = PBXBuildFile; fileRef = 877F555F1F74204100CABA05 /* EarlGreyNewBillTests.swift */; };
		877F55671F74218400CABA05 /* Localizable.strings in Resources */ = {isa = PBXBuildFile; fileRef = 871B37EE1F2F4573001FE485 /* Localizable.strings */; };
		877F55681F74219D00CABA05 /* TestExtensions.swift in Sources */ = {isa = PBXBuildFile; fileRef = 8760E70A1F6C064E00529685 /* TestExtensions.swift */; };
		878C59FD4CC8BF797DB0161D /* Pods_UnitTests.framework in Frameworks */ = {isa = PBXBuildFile; fileRef = 0B7723B0732EB4D5616EAE81 /* Pods_UnitTests.framework */; };
		87A0465D1F30E92000EBC2D2 /* MyBillsViewController.swift in Sources */ = {isa = PBXBuildFile; fileRef = 87A0465C1F30E92000EBC2D2 /* MyBillsViewController.swift */; };
		87A218EC1F25EEAA00B4BE74 /* Firebase.swift in Sources */ = {isa = PBXBuildFile; fileRef = 87A218EB1F25EEAA00B4BE74 /* Firebase.swift */; };
		87CF98161F7BDEC3002A60BD /* ItemTests.swift in Sources */ = {isa = PBXBuildFile; fileRef = 871B379D1F29F614001FE485 /* ItemTests.swift */; };
		87CF98171F7BDEC3002A60BD /* UserTests.swift in Sources */ = {isa = PBXBuildFile; fileRef = 871B37B61F2A1BFF001FE485 /* UserTests.swift */; };
		87D1D3B71F74480D008E3C34 /* ImageAndInstructionView.swift in Sources */ = {isa = PBXBuildFile; fileRef = 87D1D3B61F74480D008E3C34 /* ImageAndInstructionView.swift */; };
		87D1D3B91F7516F2008E3C34 /* User.swift in Sources */ = {isa = PBXBuildFile; fileRef = 87D1D3B81F7516F2008E3C34 /* User.swift */; };
		87D1D3BB1F7518EC008E3C34 /* UserRepository.swift in Sources */ = {isa = PBXBuildFile; fileRef = 87D1D3BA1F7518EC008E3C34 /* UserRepository.swift */; };
		87EB6EC11F73EDB300C314F5 /* Assets.xcassets in Resources */ = {isa = PBXBuildFile; fileRef = 87EB6EC01F73EDB300C314F5 /* Assets.xcassets */; };
		87EBAFEB1F851A5700D5B2C0 /* ActivityIndicator.swift in Sources */ = {isa = PBXBuildFile; fileRef = 87EBAFEA1F851A5700D5B2C0 /* ActivityIndicator.swift */; };
		87EBAFF01F86935800D5B2C0 /* Price.swift in Sources */ = {isa = PBXBuildFile; fileRef = 87EBAFEF1F86935800D5B2C0 /* Price.swift */; };
		87EE7B311F3B457C000F7E96 /* WelcomeScreenInformationView.swift in Sources */ = {isa = PBXBuildFile; fileRef = 87EE7B301F3B457C000F7E96 /* WelcomeScreenInformationView.swift */; };
		87F9E9211F6C3829000B6B48 /* EarlGreyMyBillsTests.swift in Sources */ = {isa = PBXBuildFile; fileRef = 87F9E9201F6C3829000B6B48 /* EarlGreyMyBillsTests.swift */; };
		87F9E9291F6C389D000B6B48 /* EarlGreyWelcomeScreenTests.swift in Sources */ = {isa = PBXBuildFile; fileRef = 87F9E9281F6C389D000B6B48 /* EarlGreyWelcomeScreenTests.swift */; };
		87F9E92A1F6C3E7C000B6B48 /* TestExtensions.swift in Sources */ = {isa = PBXBuildFile; fileRef = 8760E70A1F6C064E00529685 /* TestExtensions.swift */; };
		87F9E92B1F6C3E83000B6B48 /* Localizable.strings in Resources */ = {isa = PBXBuildFile; fileRef = 871B37EE1F2F4573001FE485 /* Localizable.strings */; };
		87FB5B771F22609E00C87EDC /* AdSupport.framework in Frameworks */ = {isa = PBXBuildFile; fileRef = 87FB5B761F22609E00C87EDC /* AdSupport.framework */; };
		87FB5B791F22613500C87EDC /* iAd.framework in Frameworks */ = {isa = PBXBuildFile; fileRef = 87FB5B781F22613500C87EDC /* iAd.framework */; };
		9D56CA7F0A98D664CEC39F57 /* EarlGrey.framework in EarlGrey Copy Files */ = {isa = PBXBuildFile; fileRef = 91A30403830697528667F9D9 /* EarlGrey.framework */; settings = {ATTRIBUTES = (CodeSignOnCopy, ); }; };
		B1FBAA6B741C965FB78E8EA5 /* EarlGrey.swift in Sources */ = {isa = PBXBuildFile; fileRef = 07FD0E52A5A59F68182433E3 /* EarlGrey.swift */; };
		CB974C79FE481D8770309656 /* EarlGrey.swift in Sources */ = {isa = PBXBuildFile; fileRef = 954BD903F03CD7727D09E69C /* EarlGrey.swift */; };
		F7E890B3FEF5C4604CBFA9E4 /* Pods_EarlGreyNewBillTests.framework in Frameworks */ = {isa = PBXBuildFile; fileRef = 6C2FE383AFE885D4AC0AF1B6 /* Pods_EarlGreyNewBillTests.framework */; };
/* End PBXBuildFile section */

/* Begin PBXContainerItemProxy section */
		874AC1821F22457000846851 /* PBXContainerItemProxy */ = {
			isa = PBXContainerItemProxy;
			containerPortal = 874AC1091F22045700846851 /* Project object */;
			proxyType = 1;
			remoteGlobalIDString = 874AC1101F22045700846851;
			remoteInfo = Splitter;
		};
		8760E6FF1F6C014000529685 /* PBXContainerItemProxy */ = {
			isa = PBXContainerItemProxy;
			containerPortal = 874AC1091F22045700846851 /* Project object */;
			proxyType = 1;
			remoteGlobalIDString = 874AC1101F22045700846851;
			remoteInfo = Splitter;
		};
		877F55621F74204100CABA05 /* PBXContainerItemProxy */ = {
			isa = PBXContainerItemProxy;
			containerPortal = 874AC1091F22045700846851 /* Project object */;
			proxyType = 1;
			remoteGlobalIDString = 874AC1101F22045700846851;
			remoteInfo = Splitter;
		};
		87F9E9231F6C3829000B6B48 /* PBXContainerItemProxy */ = {
			isa = PBXContainerItemProxy;
			containerPortal = 874AC1091F22045700846851 /* Project object */;
			proxyType = 1;
			remoteGlobalIDString = 874AC1101F22045700846851;
			remoteInfo = Splitter;
		};
/* End PBXContainerItemProxy section */

/* Begin PBXCopyFilesBuildPhase section */
		112A034DFA7FD8FCA0F31942 /* EarlGrey Copy Files */ = {
			isa = PBXCopyFilesBuildPhase;
			buildActionMask = 2147483647;
			dstPath = "$(TEST_HOST)/../";
			dstSubfolderSpec = 0;
			files = (
				07AA61DD457172BC79801FC1 /* EarlGrey.framework in EarlGrey Copy Files */,
			);
			name = "EarlGrey Copy Files";
			runOnlyForDeploymentPostprocessing = 0;
		};
		3B57BC154110A32112EA6372 /* EarlGrey Copy Files */ = {
			isa = PBXCopyFilesBuildPhase;
			buildActionMask = 2147483647;
			dstPath = "$(TEST_HOST)/../";
			dstSubfolderSpec = 0;
			files = (
				9D56CA7F0A98D664CEC39F57 /* EarlGrey.framework in EarlGrey Copy Files */,
			);
			name = "EarlGrey Copy Files";
			runOnlyForDeploymentPostprocessing = 0;
		};
		8B69C3AAE97EAF9E8586B797 /* EarlGrey Copy Files */ = {
			isa = PBXCopyFilesBuildPhase;
			buildActionMask = 2147483647;
			dstPath = "$(TEST_HOST)/../";
			dstSubfolderSpec = 0;
			files = (
				17B6B5C60FECCC3E5F09AC8A /* EarlGrey.framework in EarlGrey Copy Files */,
			);
			name = "EarlGrey Copy Files";
			runOnlyForDeploymentPostprocessing = 0;
		};
/* End PBXCopyFilesBuildPhase section */

/* Begin PBXFileReference section */
		0171A81E34B38E4B7F00FD02 /* Pods-EarlGreyNewBillTests.release.xcconfig */ = {isa = PBXFileReference; includeInIndex = 1; lastKnownFileType = text.xcconfig; name = "Pods-EarlGreyNewBillTests.release.xcconfig"; path = "Pods/Target Support Files/Pods-EarlGreyNewBillTests/Pods-EarlGreyNewBillTests.release.xcconfig"; sourceTree = "<group>"; };
		0362902E59A180EE4741DC5F /* Pods-Splitter.release.xcconfig */ = {isa = PBXFileReference; includeInIndex = 1; lastKnownFileType = text.xcconfig; name = "Pods-Splitter.release.xcconfig"; path = "Pods/Target Support Files/Pods-Splitter/Pods-Splitter.release.xcconfig"; sourceTree = "<group>"; };
		07FD0E52A5A59F68182433E3 /* EarlGrey.swift */ = {isa = PBXFileReference; includeInIndex = 1; lastKnownFileType = sourcecode.swift; path = EarlGrey.swift; sourceTree = "<group>"; };
		0B7723B0732EB4D5616EAE81 /* Pods_UnitTests.framework */ = {isa = PBXFileReference; explicitFileType = wrapper.framework; includeInIndex = 0; path = Pods_UnitTests.framework; sourceTree = BUILT_PRODUCTS_DIR; };
		0F612A1622680F32D70D0413 /* Pods-BillTests.debug.xcconfig */ = {isa = PBXFileReference; includeInIndex = 1; lastKnownFileType = text.xcconfig; name = "Pods-BillTests.debug.xcconfig"; path = "Pods/Target Support Files/Pods-BillTests/Pods-BillTests.debug.xcconfig"; sourceTree = "<group>"; };
		1E55D8E904139BBDC679E36E /* Pods_Splitter_XCTestWelcomeScreenTests.framework */ = {isa = PBXFileReference; explicitFileType = wrapper.framework; includeInIndex = 0; path = Pods_Splitter_XCTestWelcomeScreenTests.framework; sourceTree = BUILT_PRODUCTS_DIR; };
		22D01283B2099A000B14FF83 /* Pods-Splitter-XCTestWelcomeScreenTests.release.xcconfig */ = {isa = PBXFileReference; includeInIndex = 1; lastKnownFileType = text.xcconfig; name = "Pods-Splitter-XCTestWelcomeScreenTests.release.xcconfig"; path = "Pods/Target Support Files/Pods-Splitter-XCTestWelcomeScreenTests/Pods-Splitter-XCTestWelcomeScreenTests.release.xcconfig"; sourceTree = "<group>"; };
		297EC4BFB719F980C5C18D48 /* Pods_WelcomeScreenTests.framework */ = {isa = PBXFileReference; explicitFileType = wrapper.framework; includeInIndex = 0; path = Pods_WelcomeScreenTests.framework; sourceTree = BUILT_PRODUCTS_DIR; };
		3BCEF2A77E3E84EF7B77C3F5 /* Pods-EarlGreyNewBillTests.debug.xcconfig */ = {isa = PBXFileReference; includeInIndex = 1; lastKnownFileType = text.xcconfig; name = "Pods-EarlGreyNewBillTests.debug.xcconfig"; path = "Pods/Target Support Files/Pods-EarlGreyNewBillTests/Pods-EarlGreyNewBillTests.debug.xcconfig"; sourceTree = "<group>"; };
		3EE740B96F791DA20B141B7C /* Pods-ItemTests.release.xcconfig */ = {isa = PBXFileReference; includeInIndex = 1; lastKnownFileType = text.xcconfig; name = "Pods-ItemTests.release.xcconfig"; path = "Pods/Target Support Files/Pods-ItemTests/Pods-ItemTests.release.xcconfig"; sourceTree = "<group>"; };
		4B76DBCBEAA575B1E9951CF0 /* Pods_WelcomeScreenTests2.framework */ = {isa = PBXFileReference; explicitFileType = wrapper.framework; includeInIndex = 0; path = Pods_WelcomeScreenTests2.framework; sourceTree = BUILT_PRODUCTS_DIR; };
		55A9F609BB793F5C68C6F659 /* Pods_Splitter.framework */ = {isa = PBXFileReference; explicitFileType = wrapper.framework; includeInIndex = 0; path = Pods_Splitter.framework; sourceTree = BUILT_PRODUCTS_DIR; };
		5D05AC5897EA0E36B8783CED /* Pods-UserTests.release.xcconfig */ = {isa = PBXFileReference; includeInIndex = 1; lastKnownFileType = text.xcconfig; name = "Pods-UserTests.release.xcconfig"; path = "Pods/Target Support Files/Pods-UserTests/Pods-UserTests.release.xcconfig"; sourceTree = "<group>"; };
		67AA9E4454F11322A8B37139 /* Pods-BillTests.release.xcconfig */ = {isa = PBXFileReference; includeInIndex = 1; lastKnownFileType = text.xcconfig; name = "Pods-BillTests.release.xcconfig"; path = "Pods/Target Support Files/Pods-BillTests/Pods-BillTests.release.xcconfig"; sourceTree = "<group>"; };
		6C2FE383AFE885D4AC0AF1B6 /* Pods_EarlGreyNewBillTests.framework */ = {isa = PBXFileReference; explicitFileType = wrapper.framework; includeInIndex = 0; path = Pods_EarlGreyNewBillTests.framework; sourceTree = BUILT_PRODUCTS_DIR; };
		6D19CE047805879DD987BA2C /* Pods_UserTests.framework */ = {isa = PBXFileReference; explicitFileType = wrapper.framework; includeInIndex = 0; path = Pods_UserTests.framework; sourceTree = BUILT_PRODUCTS_DIR; };
		6DF53DAA17D0CF0B7B504C44 /* Pods-UserTests.debug.xcconfig */ = {isa = PBXFileReference; includeInIndex = 1; lastKnownFileType = text.xcconfig; name = "Pods-UserTests.debug.xcconfig"; path = "Pods/Target Support Files/Pods-UserTests/Pods-UserTests.debug.xcconfig"; sourceTree = "<group>"; };
		76155B98C8D99CB604F66D41 /* EarlGrey.swift */ = {isa = PBXFileReference; includeInIndex = 1; lastKnownFileType = sourcecode.swift; path = EarlGrey.swift; sourceTree = "<group>"; };
		7B3BFC7B4B674138D1A6B40D /* Pods-UnitTests.release.xcconfig */ = {isa = PBXFileReference; includeInIndex = 1; lastKnownFileType = text.xcconfig; name = "Pods-UnitTests.release.xcconfig"; path = "Pods/Target Support Files/Pods-UnitTests/Pods-UnitTests.release.xcconfig"; sourceTree = "<group>"; };
		7BA345E4BCD91E21974762EF /* Pods-EarlGreyWelcomeScreenTests.debug.xcconfig */ = {isa = PBXFileReference; includeInIndex = 1; lastKnownFileType = text.xcconfig; name = "Pods-EarlGreyWelcomeScreenTests.debug.xcconfig"; path = "Pods/Target Support Files/Pods-EarlGreyWelcomeScreenTests/Pods-EarlGreyWelcomeScreenTests.debug.xcconfig"; sourceTree = "<group>"; };
		84C71A037BBAC230531AB906 /* Pods-Splitter-XCTestWelcomeScreenTests.debug.xcconfig */ = {isa = PBXFileReference; includeInIndex = 1; lastKnownFileType = text.xcconfig; name = "Pods-Splitter-XCTestWelcomeScreenTests.debug.xcconfig"; path = "Pods/Target Support Files/Pods-Splitter-XCTestWelcomeScreenTests/Pods-Splitter-XCTestWelcomeScreenTests.debug.xcconfig"; sourceTree = "<group>"; };
		857CD289AEC4FB4CD4D952FC /* Pods_ItemTests.framework */ = {isa = PBXFileReference; explicitFileType = wrapper.framework; includeInIndex = 0; path = Pods_ItemTests.framework; sourceTree = BUILT_PRODUCTS_DIR; };
		871682BC1F712BDB004046E9 /* InstructionLabel.swift */ = {isa = PBXFileReference; lastKnownFileType = sourcecode.swift; path = InstructionLabel.swift; sourceTree = "<group>"; };
		871B379D1F29F614001FE485 /* ItemTests.swift */ = {isa = PBXFileReference; lastKnownFileType = sourcecode.swift; path = ItemTests.swift; sourceTree = "<group>"; };
		871B37A51F29F6A0001FE485 /* Item.swift */ = {isa = PBXFileReference; lastKnownFileType = sourcecode.swift; path = Item.swift; sourceTree = "<group>"; };
		871B37B61F2A1BFF001FE485 /* UserTests.swift */ = {isa = PBXFileReference; lastKnownFileType = sourcecode.swift; path = UserTests.swift; sourceTree = "<group>"; };
		871B37BE1F2A1EF9001FE485 /* SplitterUser.swift */ = {isa = PBXFileReference; lastKnownFileType = sourcecode.swift; path = SplitterUser.swift; sourceTree = "<group>"; };
		871B37C51F2F339A001FE485 /* UIView+Autolayout.swift */ = {isa = PBXFileReference; lastKnownFileType = sourcecode.swift; path = "UIView+Autolayout.swift"; sourceTree = "<group>"; };
		871B37E81F2F430C001FE485 /* SplitterTextField.swift */ = {isa = PBXFileReference; lastKnownFileType = sourcecode.swift; path = SplitterTextField.swift; sourceTree = "<group>"; };
		871B37ED1F2F4573001FE485 /* en */ = {isa = PBXFileReference; lastKnownFileType = text.plist.strings; name = en; path = en.lproj/Localizable.strings; sourceTree = "<group>"; };
		871B37EF1F2F6322001FE485 /* Constants.swift */ = {isa = PBXFileReference; lastKnownFileType = sourcecode.swift; path = Constants.swift; sourceTree = "<group>"; };
		871B37F11F2F7C49001FE485 /* SplitterButton.swift */ = {isa = PBXFileReference; lastKnownFileType = sourcecode.swift; path = SplitterButton.swift; sourceTree = "<group>"; };
		871B37F31F2F86FD001FE485 /* Base */ = {isa = PBXFileReference; lastKnownFileType = text.plist.strings; name = Base; path = Base.lproj/Localizable.strings; sourceTree = "<group>"; };
		871B37F41F308CE6001FE485 /* WalkwayBold.ttf */ = {isa = PBXFileReference; lastKnownFileType = file; path = WalkwayBold.ttf; sourceTree = "<group>"; };
		871E31C51F7D0EE2000354E7 /* OCRRequest.swift */ = {isa = PBXFileReference; lastKnownFileType = sourcecode.swift; path = OCRRequest.swift; sourceTree = "<group>"; };
		872D3B151F30C5C300F2FEC2 /* TitleLogoLabel.swift */ = {isa = PBXFileReference; lastKnownFileType = sourcecode.swift; path = TitleLogoLabel.swift; sourceTree = "<group>"; };
		872D3B1A1F30D17A00F2FEC2 /* Splitter.entitlements */ = {isa = PBXFileReference; lastKnownFileType = text.plist.entitlements; path = Splitter.entitlements; sourceTree = "<group>"; };
		873218C41F792FC600C960F6 /* OCRResultParsingTests.swift */ = {isa = PBXFileReference; lastKnownFileType = sourcecode.swift; path = OCRResultParsingTests.swift; sourceTree = "<group>"; };
		873218C61F79324800C960F6 /* OCRResultConverter.swift */ = {isa = PBXFileReference; lastKnownFileType = sourcecode.swift; path = OCRResultConverter.swift; sourceTree = "<group>"; };
		873218C81F79456B00C960F6 /* Regex.swift */ = {isa = PBXFileReference; lastKnownFileType = sourcecode.swift; path = Regex.swift; sourceTree = "<group>"; };
		873218CA1F79470500C960F6 /* RegexTests.swift */ = {isa = PBXFileReference; lastKnownFileType = sourcecode.swift; path = RegexTests.swift; sourceTree = "<group>"; };
		87344C501F7058C000C0B3FE /* BillCarouselDatasource.swift */ = {isa = PBXFileReference; lastKnownFileType = sourcecode.swift; path = BillCarouselDatasource.swift; sourceTree = "<group>"; };
		87344C521F70594E00C0B3FE /* BillCarouselDelegate.swift */ = {isa = PBXFileReference; lastKnownFileType = sourcecode.swift; path = BillCarouselDelegate.swift; sourceTree = "<group>"; };
		87344C541F705D8400C0B3FE /* BillCarouselView.swift */ = {isa = PBXFileReference; lastKnownFileType = sourcecode.swift; path = BillCarouselView.swift; sourceTree = "<group>"; };
		87344C561F7060CA00C0B3FE /* CarouselTitleLabel.swift */ = {isa = PBXFileReference; lastKnownFileType = sourcecode.swift; path = CarouselTitleLabel.swift; sourceTree = "<group>"; };
		873CD1A11F6FCF9900F602EF /* TitleLabel.swift */ = {isa = PBXFileReference; lastKnownFileType = sourcecode.swift; path = TitleLabel.swift; sourceTree = "<group>"; };
		873CD1A31F6FF34F00F602EF /* IconButton.swift */ = {isa = PBXFileReference; lastKnownFileType = sourcecode.swift; path = IconButton.swift; sourceTree = "<group>"; };
		874AC1111F22045700846851 /* Splitter.app */ = {isa = PBXFileReference; explicitFileType = wrapper.application; includeInIndex = 0; path = Splitter.app; sourceTree = BUILT_PRODUCTS_DIR; };
		874AC1141F22045700846851 /* AppDelegate.swift */ = {isa = PBXFileReference; lastKnownFileType = sourcecode.swift; path = AppDelegate.swift; sourceTree = "<group>"; };
		874AC1201F22045700846851 /* Info.plist */ = {isa = PBXFileReference; lastKnownFileType = text.plist.xml; path = Info.plist; sourceTree = "<group>"; };
		874AC1501F2206ED00846851 /* WelcomeScreenViewController.swift */ = {isa = PBXFileReference; lastKnownFileType = sourcecode.swift; path = WelcomeScreenViewController.swift; sourceTree = "<group>"; };
		874AC1741F222FD100846851 /* Bill.swift */ = {isa = PBXFileReference; lastKnownFileType = sourcecode.swift; path = Bill.swift; sourceTree = "<group>"; };
		874AC1761F223D8300846851 /* GoogleService-Info.plist */ = {isa = PBXFileReference; fileEncoding = 4; lastKnownFileType = text.plist.xml; path = "GoogleService-Info.plist"; sourceTree = "<group>"; };
		874AC17D1F22457000846851 /* UnitTests.xctest */ = {isa = PBXFileReference; explicitFileType = wrapper.cfbundle; includeInIndex = 0; path = UnitTests.xctest; sourceTree = BUILT_PRODUCTS_DIR; };
		874AC17F1F22457000846851 /* BillTests.swift */ = {isa = PBXFileReference; lastKnownFileType = sourcecode.swift; path = BillTests.swift; sourceTree = "<group>"; };
		874AC1811F22457000846851 /* Info.plist */ = {isa = PBXFileReference; lastKnownFileType = text.plist.xml; path = Info.plist; sourceTree = "<group>"; };
		874D37E91F7153DE0092ACB4 /* NewBillViewController.swift */ = {isa = PBXFileReference; lastKnownFileType = sourcecode.swift; path = NewBillViewController.swift; sourceTree = "<group>"; };
		875ABB8F1F3329E300699EE8 /* libicucore.tbd */ = {isa = PBXFileReference; lastKnownFileType = "sourcecode.text-based-dylib-definition"; name = libicucore.tbd; path = usr/lib/libicucore.tbd; sourceTree = SDKROOT; };
		875ABB911F3329F900699EE8 /* libc++.tbd */ = {isa = PBXFileReference; lastKnownFileType = "sourcecode.text-based-dylib-definition"; name = "libc++.tbd"; path = "usr/lib/libc++.tbd"; sourceTree = SDKROOT; };
		875ABB931F332A0200699EE8 /* CFNetwork.framework */ = {isa = PBXFileReference; lastKnownFileType = wrapper.framework; name = CFNetwork.framework; path = System/Library/Frameworks/CFNetwork.framework; sourceTree = SDKROOT; };
		875ABB951F332A0900699EE8 /* Security.framework */ = {isa = PBXFileReference; lastKnownFileType = wrapper.framework; name = Security.framework; path = System/Library/Frameworks/Security.framework; sourceTree = SDKROOT; };
		875ABB971F332A1000699EE8 /* SystemConfiguration.framework */ = {isa = PBXFileReference; lastKnownFileType = wrapper.framework; name = SystemConfiguration.framework; path = System/Library/Frameworks/SystemConfiguration.framework; sourceTree = SDKROOT; };
		8760E6FA1F6C014000529685 /* EarlGreyWelcomeScreenTests.xctest */ = {isa = PBXFileReference; explicitFileType = wrapper.cfbundle; includeInIndex = 0; path = EarlGreyWelcomeScreenTests.xctest; sourceTree = BUILT_PRODUCTS_DIR; };
		8760E6FE1F6C014000529685 /* Info.plist */ = {isa = PBXFileReference; lastKnownFileType = text.plist.xml; path = Info.plist; sourceTree = "<group>"; };
		8760E70A1F6C064E00529685 /* TestExtensions.swift */ = {isa = PBXFileReference; lastKnownFileType = sourcecode.swift; path = TestExtensions.swift; sourceTree = "<group>"; };
		877358461F7D01A700EE7C19 /* OCRRequestTests.swift */ = {isa = PBXFileReference; lastKnownFileType = sourcecode.swift; path = OCRRequestTests.swift; sourceTree = "<group>"; };
		877B41831F46EF3300AE9813 /* ToastLabel.swift */ = {isa = PBXFileReference; lastKnownFileType = sourcecode.swift; path = ToastLabel.swift; sourceTree = "<group>"; };
		877F555D1F74204100CABA05 /* EarlGreyNewBillTests.xctest */ = {isa = PBXFileReference; explicitFileType = wrapper.cfbundle; includeInIndex = 0; path = EarlGreyNewBillTests.xctest; sourceTree = BUILT_PRODUCTS_DIR; };
		877F555F1F74204100CABA05 /* EarlGreyNewBillTests.swift */ = {isa = PBXFileReference; lastKnownFileType = sourcecode.swift; path = EarlGreyNewBillTests.swift; sourceTree = "<group>"; };
		877F55611F74204100CABA05 /* Info.plist */ = {isa = PBXFileReference; lastKnownFileType = text.plist.xml; path = Info.plist; sourceTree = "<group>"; };
		87A0465C1F30E92000EBC2D2 /* MyBillsViewController.swift */ = {isa = PBXFileReference; lastKnownFileType = sourcecode.swift; path = MyBillsViewController.swift; sourceTree = "<group>"; };
		87A218E71F25E8A200B4BE74 /* Extensions.swift */ = {isa = PBXFileReference; lastKnownFileType = sourcecode.swift; path = Extensions.swift; sourceTree = "<group>"; };
		87A218EB1F25EEAA00B4BE74 /* Firebase.swift */ = {isa = PBXFileReference; lastKnownFileType = sourcecode.swift; path = Firebase.swift; sourceTree = "<group>"; };
		87D1D3B61F74480D008E3C34 /* ImageAndInstructionView.swift */ = {isa = PBXFileReference; lastKnownFileType = sourcecode.swift; path = ImageAndInstructionView.swift; sourceTree = "<group>"; };
		87D1D3B81F7516F2008E3C34 /* User.swift */ = {isa = PBXFileReference; lastKnownFileType = sourcecode.swift; path = User.swift; sourceTree = "<group>"; };
		87D1D3BA1F7518EC008E3C34 /* UserRepository.swift */ = {isa = PBXFileReference; lastKnownFileType = sourcecode.swift; path = UserRepository.swift; sourceTree = "<group>"; };
		87EB6EC01F73EDB300C314F5 /* Assets.xcassets */ = {isa = PBXFileReference; lastKnownFileType = folder.assetcatalog; path = Assets.xcassets; sourceTree = "<group>"; };
		87EBAFEA1F851A5700D5B2C0 /* ActivityIndicator.swift */ = {isa = PBXFileReference; lastKnownFileType = sourcecode.swift; path = ActivityIndicator.swift; sourceTree = "<group>"; };
		87EBAFEF1F86935800D5B2C0 /* Price.swift */ = {isa = PBXFileReference; lastKnownFileType = sourcecode.swift; path = Price.swift; sourceTree = "<group>"; };
		87EE7B301F3B457C000F7E96 /* WelcomeScreenInformationView.swift */ = {isa = PBXFileReference; lastKnownFileType = sourcecode.swift; path = WelcomeScreenInformationView.swift; sourceTree = "<group>"; };
		87F93B971F4D8D20007074BF /* FirebaseTestHelper.swift */ = {isa = PBXFileReference; lastKnownFileType = sourcecode.swift; path = FirebaseTestHelper.swift; sourceTree = "<group>"; };
		87F9E91E1F6C3829000B6B48 /* EarlGreyMyBillsTests.xctest */ = {isa = PBXFileReference; explicitFileType = wrapper.cfbundle; includeInIndex = 0; path = EarlGreyMyBillsTests.xctest; sourceTree = BUILT_PRODUCTS_DIR; };
		87F9E9201F6C3829000B6B48 /* EarlGreyMyBillsTests.swift */ = {isa = PBXFileReference; lastKnownFileType = sourcecode.swift; path = EarlGreyMyBillsTests.swift; sourceTree = "<group>"; };
		87F9E9221F6C3829000B6B48 /* Info.plist */ = {isa = PBXFileReference; lastKnownFileType = text.plist.xml; path = Info.plist; sourceTree = "<group>"; };
		87F9E9281F6C389D000B6B48 /* EarlGreyWelcomeScreenTests.swift */ = {isa = PBXFileReference; lastKnownFileType = sourcecode.swift; path = EarlGreyWelcomeScreenTests.swift; sourceTree = "<group>"; };
		87FB5B761F22609E00C87EDC /* AdSupport.framework */ = {isa = PBXFileReference; lastKnownFileType = wrapper.framework; name = AdSupport.framework; path = System/Library/Frameworks/AdSupport.framework; sourceTree = SDKROOT; };
		87FB5B781F22613500C87EDC /* iAd.framework */ = {isa = PBXFileReference; lastKnownFileType = wrapper.framework; name = iAd.framework; path = System/Library/Frameworks/iAd.framework; sourceTree = SDKROOT; };
		8D8BE200AF38AD8BC078AE2B /* Pods-ItemTests.debug.xcconfig */ = {isa = PBXFileReference; includeInIndex = 1; lastKnownFileType = text.xcconfig; name = "Pods-ItemTests.debug.xcconfig"; path = "Pods/Target Support Files/Pods-ItemTests/Pods-ItemTests.debug.xcconfig"; sourceTree = "<group>"; };
		91A30403830697528667F9D9 /* EarlGrey.framework */ = {isa = PBXFileReference; lastKnownFileType = wrapper.framework; name = EarlGrey.framework; path = Pods/EarlGrey/EarlGrey/EarlGrey.framework; sourceTree = SOURCE_ROOT; };
		92D67F55ABA26826A81DAE17 /* Pods-UnitTests.debug.xcconfig */ = {isa = PBXFileReference; includeInIndex = 1; lastKnownFileType = text.xcconfig; name = "Pods-UnitTests.debug.xcconfig"; path = "Pods/Target Support Files/Pods-UnitTests/Pods-UnitTests.debug.xcconfig"; sourceTree = "<group>"; };
		954BD903F03CD7727D09E69C /* EarlGrey.swift */ = {isa = PBXFileReference; includeInIndex = 1; lastKnownFileType = sourcecode.swift; path = EarlGrey.swift; sourceTree = "<group>"; };
		B658200B599F23566AEC6D28 /* Pods_BillTests.framework */ = {isa = PBXFileReference; explicitFileType = wrapper.framework; includeInIndex = 0; path = Pods_BillTests.framework; sourceTree = BUILT_PRODUCTS_DIR; };
		BCA0AFEC27B0A612AE7FCDC2 /* libPods-Splitter-WelcomeScreenTests.a */ = {isa = PBXFileReference; explicitFileType = archive.ar; includeInIndex = 0; path = "libPods-Splitter-WelcomeScreenTests.a"; sourceTree = BUILT_PRODUCTS_DIR; };
		CE4EE964AA1B83F6C6994864 /* Pods-EarlGreyMyBillsTests.debug.xcconfig */ = {isa = PBXFileReference; includeInIndex = 1; lastKnownFileType = text.xcconfig; name = "Pods-EarlGreyMyBillsTests.debug.xcconfig"; path = "Pods/Target Support Files/Pods-EarlGreyMyBillsTests/Pods-EarlGreyMyBillsTests.debug.xcconfig"; sourceTree = "<group>"; };
		D632BCD38E959C84B9D2A73B /* Pods_EarlGreyWelcomeScreenTests.framework */ = {isa = PBXFileReference; explicitFileType = wrapper.framework; includeInIndex = 0; path = Pods_EarlGreyWelcomeScreenTests.framework; sourceTree = BUILT_PRODUCTS_DIR; };
		DEDA893351379A5CAE5DBE8B /* libPods-Splitter-UserTests.a */ = {isa = PBXFileReference; explicitFileType = archive.ar; includeInIndex = 0; path = "libPods-Splitter-UserTests.a"; sourceTree = BUILT_PRODUCTS_DIR; };
		EA9EF31A2A557577471FAF72 /* Pods-EarlGreyMyBillsTests.release.xcconfig */ = {isa = PBXFileReference; includeInIndex = 1; lastKnownFileType = text.xcconfig; name = "Pods-EarlGreyMyBillsTests.release.xcconfig"; path = "Pods/Target Support Files/Pods-EarlGreyMyBillsTests/Pods-EarlGreyMyBillsTests.release.xcconfig"; sourceTree = "<group>"; };
		EC7EAECE15C71E70AE7A5730 /* Pods-EarlGreyWelcomeScreenTests.release.xcconfig */ = {isa = PBXFileReference; includeInIndex = 1; lastKnownFileType = text.xcconfig; name = "Pods-EarlGreyWelcomeScreenTests.release.xcconfig"; path = "Pods/Target Support Files/Pods-EarlGreyWelcomeScreenTests/Pods-EarlGreyWelcomeScreenTests.release.xcconfig"; sourceTree = "<group>"; };
		F44D59D32D38FDAAF00E4A58 /* Pods-Splitter.debug.xcconfig */ = {isa = PBXFileReference; includeInIndex = 1; lastKnownFileType = text.xcconfig; name = "Pods-Splitter.debug.xcconfig"; path = "Pods/Target Support Files/Pods-Splitter/Pods-Splitter.debug.xcconfig"; sourceTree = "<group>"; };
		F8EA0CF14B1E313755253B5C /* Pods_EarlGreyMyBillsTests.framework */ = {isa = PBXFileReference; explicitFileType = wrapper.framework; includeInIndex = 0; path = Pods_EarlGreyMyBillsTests.framework; sourceTree = BUILT_PRODUCTS_DIR; };
		FC244A6364361B95F3EEF10D /* libPods-LoginRegisterUITests.a */ = {isa = PBXFileReference; explicitFileType = archive.ar; includeInIndex = 0; path = "libPods-LoginRegisterUITests.a"; sourceTree = BUILT_PRODUCTS_DIR; };
/* End PBXFileReference section */

/* Begin PBXFrameworksBuildPhase section */
		874AC10E1F22045700846851 /* Frameworks */ = {
			isa = PBXFrameworksBuildPhase;
			buildActionMask = 2147483647;
			files = (
				87FB5B791F22613500C87EDC /* iAd.framework in Frameworks */,
				87FB5B771F22609E00C87EDC /* AdSupport.framework in Frameworks */,
				6C90CA6C8DD6F70A751AC7F2 /* Pods_Splitter.framework in Frameworks */,
			);
			runOnlyForDeploymentPostprocessing = 0;
		};
		874AC17A1F22457000846851 /* Frameworks */ = {
			isa = PBXFrameworksBuildPhase;
			buildActionMask = 2147483647;
			files = (
				878C59FD4CC8BF797DB0161D /* Pods_UnitTests.framework in Frameworks */,
			);
			runOnlyForDeploymentPostprocessing = 0;
		};
		8760E6F71F6C014000529685 /* Frameworks */ = {
			isa = PBXFrameworksBuildPhase;
			buildActionMask = 2147483647;
			files = (
				53B043FCB77D8114D177DB79 /* EarlGrey.framework in Frameworks */,
				1F59EE1D47AF18F30C81ED50 /* Pods_EarlGreyWelcomeScreenTests.framework in Frameworks */,
			);
			runOnlyForDeploymentPostprocessing = 0;
		};
		877F555A1F74204100CABA05 /* Frameworks */ = {
			isa = PBXFrameworksBuildPhase;
			buildActionMask = 2147483647;
			files = (
				2D911DD8930C2CD37FF46A82 /* EarlGrey.framework in Frameworks */,
				F7E890B3FEF5C4604CBFA9E4 /* Pods_EarlGreyNewBillTests.framework in Frameworks */,
			);
			runOnlyForDeploymentPostprocessing = 0;
		};
		87F9E91B1F6C3829000B6B48 /* Frameworks */ = {
			isa = PBXFrameworksBuildPhase;
			buildActionMask = 2147483647;
			files = (
				058C819BF9FB1A8DFE88EAC9 /* EarlGrey.framework in Frameworks */,
				16BA80819373F19D7FF85D9A /* Pods_EarlGreyMyBillsTests.framework in Frameworks */,
			);
			runOnlyForDeploymentPostprocessing = 0;
		};
/* End PBXFrameworksBuildPhase section */

/* Begin PBXGroup section */
		871B37C71F2F392E001FE485 /* UnitTests */ = {
			isa = PBXGroup;
			children = (
				874AC17F1F22457000846851 /* BillTests.swift */,
				871B379D1F29F614001FE485 /* ItemTests.swift */,
				877358461F7D01A700EE7C19 /* OCRRequestTests.swift */,
				873218C41F792FC600C960F6 /* OCRResultParsingTests.swift */,
				873218CA1F79470500C960F6 /* RegexTests.swift */,
				871B37B61F2A1BFF001FE485 /* UserTests.swift */,
				874AC1811F22457000846851 /* Info.plist */,
			);
			path = UnitTests;
			sourceTree = "<group>";
		};
		871B37E61F2F42EE001FE485 /* Views */ = {
			isa = PBXGroup;
			children = (
				87344C4F1F7058A300C0B3FE /* Datasources */,
				87344C4E1F70589800C0B3FE /* Delegates */,
				877B41861F46F47900AE9813 /* Labels */,
				877B41871F46F57700AE9813 /* TextFields */,
				877B41881F46F58200AE9813 /* Buttons */,
				877B41891F46F58900AE9813 /* Views */,
			);
			path = Views;
			sourceTree = "<group>";
		};
		871B37F51F308CEE001FE485 /* Fonts */ = {
			isa = PBXGroup;
			children = (
				871B37F41F308CE6001FE485 /* WalkwayBold.ttf */,
			);
			path = Fonts;
			sourceTree = "<group>";
		};
		87344C4E1F70589800C0B3FE /* Delegates */ = {
			isa = PBXGroup;
			children = (
				87344C521F70594E00C0B3FE /* BillCarouselDelegate.swift */,
			);
			path = Delegates;
			sourceTree = "<group>";
		};
		87344C4F1F7058A300C0B3FE /* Datasources */ = {
			isa = PBXGroup;
			children = (
				87344C501F7058C000C0B3FE /* BillCarouselDatasource.swift */,
			);
			path = Datasources;
			sourceTree = "<group>";
		};
		874AC1081F22045700846851 = {
			isa = PBXGroup;
			children = (
				874AC1131F22045700846851 /* Splitter */,
				87CF98191F7BF03B002A60BD /* Tests */,
				8760E6FB1F6C014000529685 /* EarlGreyWelcomeScreenTests */,
				87F9E91F1F6C3829000B6B48 /* EarlGreyMyBillsTests */,
				877F555E1F74204100CABA05 /* EarlGreyNewBillTests */,
				874AC1121F22045700846851 /* Products */,
				874AC1521F220BEE00846851 /* Frameworks */,
				89CF53490775222B12B922F7 /* Pods */,
			);
			sourceTree = "<group>";
		};
		874AC1121F22045700846851 /* Products */ = {
			isa = PBXGroup;
			children = (
				874AC1111F22045700846851 /* Splitter.app */,
				874AC17D1F22457000846851 /* UnitTests.xctest */,
				8760E6FA1F6C014000529685 /* EarlGreyWelcomeScreenTests.xctest */,
				87F9E91E1F6C3829000B6B48 /* EarlGreyMyBillsTests.xctest */,
				877F555D1F74204100CABA05 /* EarlGreyNewBillTests.xctest */,
			);
			name = Products;
			sourceTree = "<group>";
		};
		874AC1131F22045700846851 /* Splitter */ = {
			isa = PBXGroup;
			children = (
				871B37E61F2F42EE001FE485 /* Views */,
				87A218EA1F25E8F900B4BE74 /* Controllers */,
				874AC1781F223EEF00846851 /* DataModels */,
				87A218E61F25E88E00B4BE74 /* Helpers */,
				87A218E91F25E8E000B4BE74 /* SupportingFiles */,
			);
			path = Splitter;
			sourceTree = "<group>";
		};
		874AC1521F220BEE00846851 /* Frameworks */ = {
			isa = PBXGroup;
			children = (
				875ABB971F332A1000699EE8 /* SystemConfiguration.framework */,
				875ABB951F332A0900699EE8 /* Security.framework */,
				875ABB931F332A0200699EE8 /* CFNetwork.framework */,
				875ABB911F3329F900699EE8 /* libc++.tbd */,
				875ABB8F1F3329E300699EE8 /* libicucore.tbd */,
				87FB5B781F22613500C87EDC /* iAd.framework */,
				87FB5B761F22609E00C87EDC /* AdSupport.framework */,
				FC244A6364361B95F3EEF10D /* libPods-LoginRegisterUITests.a */,
				BCA0AFEC27B0A612AE7FCDC2 /* libPods-Splitter-WelcomeScreenTests.a */,
				DEDA893351379A5CAE5DBE8B /* libPods-Splitter-UserTests.a */,
				91A30403830697528667F9D9 /* EarlGrey.framework */,
				297EC4BFB719F980C5C18D48 /* Pods_WelcomeScreenTests.framework */,
				4B76DBCBEAA575B1E9951CF0 /* Pods_WelcomeScreenTests2.framework */,
				D632BCD38E959C84B9D2A73B /* Pods_EarlGreyWelcomeScreenTests.framework */,
				F8EA0CF14B1E313755253B5C /* Pods_EarlGreyMyBillsTests.framework */,
				B658200B599F23566AEC6D28 /* Pods_BillTests.framework */,
				857CD289AEC4FB4CD4D952FC /* Pods_ItemTests.framework */,
				55A9F609BB793F5C68C6F659 /* Pods_Splitter.framework */,
				1E55D8E904139BBDC679E36E /* Pods_Splitter_XCTestWelcomeScreenTests.framework */,
				6D19CE047805879DD987BA2C /* Pods_UserTests.framework */,
				6C2FE383AFE885D4AC0AF1B6 /* Pods_EarlGreyNewBillTests.framework */,
				0B7723B0732EB4D5616EAE81 /* Pods_UnitTests.framework */,
			);
			name = Frameworks;
			sourceTree = "<group>";
		};
		874AC1781F223EEF00846851 /* DataModels */ = {
			isa = PBXGroup;
			children = (
				874AC1741F222FD100846851 /* Bill.swift */,
				871B37A51F29F6A0001FE485 /* Item.swift */,
				871B37BE1F2A1EF9001FE485 /* SplitterUser.swift */,
			);
			path = DataModels;
			sourceTree = "<group>";
		};
		8760E6FB1F6C014000529685 /* EarlGreyWelcomeScreenTests */ = {
			isa = PBXGroup;
			children = (
				87F9E9281F6C389D000B6B48 /* EarlGreyWelcomeScreenTests.swift */,
				76155B98C8D99CB604F66D41 /* EarlGrey.swift */,
				8760E6FE1F6C014000529685 /* Info.plist */,
			);
			path = EarlGreyWelcomeScreenTests;
			sourceTree = "<group>";
		};
		877B41861F46F47900AE9813 /* Labels */ = {
			isa = PBXGroup;
			children = (
				872D3B151F30C5C300F2FEC2 /* TitleLogoLabel.swift */,
				873CD1A11F6FCF9900F602EF /* TitleLabel.swift */,
				877B41831F46EF3300AE9813 /* ToastLabel.swift */,
				87344C561F7060CA00C0B3FE /* CarouselTitleLabel.swift */,
				871682BC1F712BDB004046E9 /* InstructionLabel.swift */,
			);
			path = Labels;
			sourceTree = "<group>";
		};
		877B41871F46F57700AE9813 /* TextFields */ = {
			isa = PBXGroup;
			children = (
				871B37E81F2F430C001FE485 /* SplitterTextField.swift */,
			);
			path = TextFields;
			sourceTree = "<group>";
		};
		877B41881F46F58200AE9813 /* Buttons */ = {
			isa = PBXGroup;
			children = (
				871B37F11F2F7C49001FE485 /* SplitterButton.swift */,
				873CD1A31F6FF34F00F602EF /* IconButton.swift */,
			);
			path = Buttons;
			sourceTree = "<group>";
		};
		877B41891F46F58900AE9813 /* Views */ = {
			isa = PBXGroup;
			children = (
				87EE7B301F3B457C000F7E96 /* WelcomeScreenInformationView.swift */,
				87344C541F705D8400C0B3FE /* BillCarouselView.swift */,
				87D1D3B61F74480D008E3C34 /* ImageAndInstructionView.swift */,
				87EBAFEA1F851A5700D5B2C0 /* ActivityIndicator.swift */,
			);
			path = Views;
			sourceTree = "<group>";
		};
		877F555E1F74204100CABA05 /* EarlGreyNewBillTests */ = {
			isa = PBXGroup;
			children = (
				877F555F1F74204100CABA05 /* EarlGreyNewBillTests.swift */,
				877F55611F74204100CABA05 /* Info.plist */,
				954BD903F03CD7727D09E69C /* EarlGrey.swift */,
			);
			path = EarlGreyNewBillTests;
			sourceTree = "<group>";
		};
		87A218E61F25E88E00B4BE74 /* Helpers */ = {
			isa = PBXGroup;
			children = (
				871B37EF1F2F6322001FE485 /* Constants.swift */,
				87A218E71F25E8A200B4BE74 /* Extensions.swift */,
				87A218EB1F25EEAA00B4BE74 /* Firebase.swift */,
				87EBAFEE1F86932F00D5B2C0 /* Regex */,
				87EBAFED1F868D9A00D5B2C0 /* OCR */,
				871B37C51F2F339A001FE485 /* UIView+Autolayout.swift */,
			);
			path = Helpers;
			sourceTree = "<group>";
		};
		87A218E91F25E8E000B4BE74 /* SupportingFiles */ = {
			isa = PBXGroup;
			children = (
				871B37F51F308CEE001FE485 /* Fonts */,
				872D3B1A1F30D17A00F2FEC2 /* Splitter.entitlements */,
				87EB6EC01F73EDB300C314F5 /* Assets.xcassets */,
				874AC1141F22045700846851 /* AppDelegate.swift */,
				874AC1201F22045700846851 /* Info.plist */,
				874AC1761F223D8300846851 /* GoogleService-Info.plist */,
				871B37EE1F2F4573001FE485 /* Localizable.strings */,
			);
			path = SupportingFiles;
			sourceTree = "<group>";
		};
		87A218EA1F25E8F900B4BE74 /* Controllers */ = {
			isa = PBXGroup;
			children = (
				874AC1501F2206ED00846851 /* WelcomeScreenViewController.swift */,
				87A0465C1F30E92000EBC2D2 /* MyBillsViewController.swift */,
				874D37E91F7153DE0092ACB4 /* NewBillViewController.swift */,
			);
			path = Controllers;
			sourceTree = "<group>";
		};
		87CF98191F7BF03B002A60BD /* Tests */ = {
			isa = PBXGroup;
			children = (
				871B37C71F2F392E001FE485 /* UnitTests */,
				87F93B9B1F4D8D30007074BF /* TestHelpers */,
			);
			path = Tests;
			sourceTree = "<group>";
		};
		87EBAFED1F868D9A00D5B2C0 /* OCR */ = {
			isa = PBXGroup;
			children = (
				871E31C51F7D0EE2000354E7 /* OCRRequest.swift */,
				873218C61F79324800C960F6 /* OCRResultConverter.swift */,
			);
			path = OCR;
			sourceTree = "<group>";
		};
		87EBAFEE1F86932F00D5B2C0 /* Regex */ = {
			isa = PBXGroup;
			children = (
				873218C81F79456B00C960F6 /* Regex.swift */,
				87EBAFEF1F86935800D5B2C0 /* Price.swift */,
			);
			path = Regex;
			sourceTree = "<group>";
		};
		87F93B9B1F4D8D30007074BF /* TestHelpers */ = {
			isa = PBXGroup;
			children = (
				8760E70A1F6C064E00529685 /* TestExtensions.swift */,
				87F93B971F4D8D20007074BF /* FirebaseTestHelper.swift */,
				87D1D3B81F7516F2008E3C34 /* User.swift */,
				87D1D3BA1F7518EC008E3C34 /* UserRepository.swift */,
			);
			path = TestHelpers;
			sourceTree = "<group>";
		};
		87F9E91F1F6C3829000B6B48 /* EarlGreyMyBillsTests */ = {
			isa = PBXGroup;
			children = (
				87F9E9201F6C3829000B6B48 /* EarlGreyMyBillsTests.swift */,
				87F9E9221F6C3829000B6B48 /* Info.plist */,
				07FD0E52A5A59F68182433E3 /* EarlGrey.swift */,
			);
			path = EarlGreyMyBillsTests;
			sourceTree = "<group>";
		};
		89CF53490775222B12B922F7 /* Pods */ = {
			isa = PBXGroup;
			children = (
				0F612A1622680F32D70D0413 /* Pods-BillTests.debug.xcconfig */,
				67AA9E4454F11322A8B37139 /* Pods-BillTests.release.xcconfig */,
				CE4EE964AA1B83F6C6994864 /* Pods-EarlGreyMyBillsTests.debug.xcconfig */,
				EA9EF31A2A557577471FAF72 /* Pods-EarlGreyMyBillsTests.release.xcconfig */,
				7BA345E4BCD91E21974762EF /* Pods-EarlGreyWelcomeScreenTests.debug.xcconfig */,
				EC7EAECE15C71E70AE7A5730 /* Pods-EarlGreyWelcomeScreenTests.release.xcconfig */,
				8D8BE200AF38AD8BC078AE2B /* Pods-ItemTests.debug.xcconfig */,
				3EE740B96F791DA20B141B7C /* Pods-ItemTests.release.xcconfig */,
				F44D59D32D38FDAAF00E4A58 /* Pods-Splitter.debug.xcconfig */,
				0362902E59A180EE4741DC5F /* Pods-Splitter.release.xcconfig */,
				84C71A037BBAC230531AB906 /* Pods-Splitter-XCTestWelcomeScreenTests.debug.xcconfig */,
				22D01283B2099A000B14FF83 /* Pods-Splitter-XCTestWelcomeScreenTests.release.xcconfig */,
				6DF53DAA17D0CF0B7B504C44 /* Pods-UserTests.debug.xcconfig */,
				5D05AC5897EA0E36B8783CED /* Pods-UserTests.release.xcconfig */,
				3BCEF2A77E3E84EF7B77C3F5 /* Pods-EarlGreyNewBillTests.debug.xcconfig */,
				0171A81E34B38E4B7F00FD02 /* Pods-EarlGreyNewBillTests.release.xcconfig */,
				92D67F55ABA26826A81DAE17 /* Pods-UnitTests.debug.xcconfig */,
				7B3BFC7B4B674138D1A6B40D /* Pods-UnitTests.release.xcconfig */,
			);
			name = Pods;
			sourceTree = "<group>";
		};
/* End PBXGroup section */

/* Begin PBXNativeTarget section */
		874AC1101F22045700846851 /* Splitter */ = {
			isa = PBXNativeTarget;
			buildConfigurationList = 874AC1391F22045700846851 /* Build configuration list for PBXNativeTarget "Splitter" */;
			buildPhases = (
				7112C9A99A285C3D7EC23FB8 /* [CP] Check Pods Manifest.lock */,
				874AC10D1F22045700846851 /* Sources */,
				874AC10E1F22045700846851 /* Frameworks */,
				874AC10F1F22045700846851 /* Resources */,
				877D5A0B1F2745CC006B53DE /* ShellScript */,
				84DCB13FCAD79943430C6362 /* [CP] Embed Pods Frameworks */,
				D9EDF5A3EB39D72F2C54ED39 /* [CP] Copy Pods Resources */,
			);
			buildRules = (
			);
			dependencies = (
			);
			name = Splitter;
			productName = Splitter;
			productReference = 874AC1111F22045700846851 /* Splitter.app */;
			productType = "com.apple.product-type.application";
		};
		874AC17C1F22457000846851 /* UnitTests */ = {
			isa = PBXNativeTarget;
			buildConfigurationList = 874AC1841F22457000846851 /* Build configuration list for PBXNativeTarget "UnitTests" */;
			buildPhases = (
				3983E1CE524B4D284C43F7F1 /* [CP] Check Pods Manifest.lock */,
				874AC1791F22457000846851 /* Sources */,
				874AC17A1F22457000846851 /* Frameworks */,
				874AC17B1F22457000846851 /* Resources */,
				DD496A81267876B032FDCF3D /* [CP] Embed Pods Frameworks */,
				1A6F2ECC1AA1A50713BE726A /* [CP] Copy Pods Resources */,
			);
			buildRules = (
			);
			dependencies = (
				874AC1831F22457000846851 /* PBXTargetDependency */,
			);
			name = UnitTests;
			productName = BillTests;
			productReference = 874AC17D1F22457000846851 /* UnitTests.xctest */;
			productType = "com.apple.product-type.bundle.unit-test";
		};
		8760E6F91F6C014000529685 /* EarlGreyWelcomeScreenTests */ = {
			isa = PBXNativeTarget;
			buildConfigurationList = 8760E7011F6C014000529685 /* Build configuration list for PBXNativeTarget "EarlGreyWelcomeScreenTests" */;
			buildPhases = (
				3A914957A915145EA928623C /* [CP] Check Pods Manifest.lock */,
				8760E6F61F6C014000529685 /* Sources */,
				8760E6F71F6C014000529685 /* Frameworks */,
				8760E6F81F6C014000529685 /* Resources */,
				112A034DFA7FD8FCA0F31942 /* EarlGrey Copy Files */,
				AEC21768B84941F0CFCBEF89 /* [CP] Embed Pods Frameworks */,
				CA44FB4650AE434EC6EF6D75 /* [CP] Copy Pods Resources */,
			);
			buildRules = (
			);
			dependencies = (
				8760E7001F6C014000529685 /* PBXTargetDependency */,
			);
			name = EarlGreyWelcomeScreenTests;
			productName = EarlGreyWelcomeScreenTests;
			productReference = 8760E6FA1F6C014000529685 /* EarlGreyWelcomeScreenTests.xctest */;
			productType = "com.apple.product-type.bundle.unit-test";
		};
		877F555C1F74204100CABA05 /* EarlGreyNewBillTests */ = {
			isa = PBXNativeTarget;
			buildConfigurationList = 877F55661F74204100CABA05 /* Build configuration list for PBXNativeTarget "EarlGreyNewBillTests" */;
			buildPhases = (
				02F4D2102E59372C913B7852 /* [CP] Check Pods Manifest.lock */,
				877F55591F74204100CABA05 /* Sources */,
				877F555A1F74204100CABA05 /* Frameworks */,
				877F555B1F74204100CABA05 /* Resources */,
				8B69C3AAE97EAF9E8586B797 /* EarlGrey Copy Files */,
				4C3DADEBBBF04B5D7507C3E0 /* [CP] Embed Pods Frameworks */,
				4BBE9FAD183DC60005C10687 /* [CP] Copy Pods Resources */,
			);
			buildRules = (
			);
			dependencies = (
				877F55631F74204100CABA05 /* PBXTargetDependency */,
			);
			name = EarlGreyNewBillTests;
			productName = EarlGreyNewBillTests;
			productReference = 877F555D1F74204100CABA05 /* EarlGreyNewBillTests.xctest */;
			productType = "com.apple.product-type.bundle.unit-test";
		};
		87F9E91D1F6C3829000B6B48 /* EarlGreyMyBillsTests */ = {
			isa = PBXNativeTarget;
			buildConfigurationList = 87F9E9271F6C3829000B6B48 /* Build configuration list for PBXNativeTarget "EarlGreyMyBillsTests" */;
			buildPhases = (
				EE620B5AD57581941DB11E41 /* [CP] Check Pods Manifest.lock */,
				87F9E91A1F6C3829000B6B48 /* Sources */,
				87F9E91B1F6C3829000B6B48 /* Frameworks */,
				87F9E91C1F6C3829000B6B48 /* Resources */,
				3B57BC154110A32112EA6372 /* EarlGrey Copy Files */,
				1020DA59EB14848732AC31ED /* [CP] Embed Pods Frameworks */,
				46E0EEB92BD9A60C50687E34 /* [CP] Copy Pods Resources */,
			);
			buildRules = (
			);
			dependencies = (
				87F9E9241F6C3829000B6B48 /* PBXTargetDependency */,
			);
			name = EarlGreyMyBillsTests;
			productName = EarlGreyMyBillsTests;
			productReference = 87F9E91E1F6C3829000B6B48 /* EarlGreyMyBillsTests.xctest */;
			productType = "com.apple.product-type.bundle.unit-test";
		};
/* End PBXNativeTarget section */

/* Begin PBXProject section */
		874AC1091F22045700846851 /* Project object */ = {
			isa = PBXProject;
			attributes = {
				LastSwiftUpdateCheck = 0900;
				LastUpgradeCheck = 0900;
				ORGANIZATIONNAME = "Wayne Rumble";
				TargetAttributes = {
					874AC1101F22045700846851 = {
						CreatedOnToolsVersion = 9.0;
						ProvisioningStyle = Automatic;
						SystemCapabilities = {
							com.apple.ApplePay = {
								enabled = 1;
							};
							com.apple.Push = {
								enabled = 1;
							};
							com.apple.WAC = {
								enabled = 0;
							};
							com.apple.iCloud = {
								enabled = 0;
							};
						};
					};
					874AC17C1F22457000846851 = {
						CreatedOnToolsVersion = 9.0;
						TestTargetID = 874AC1101F22045700846851;
					};
					8760E6F91F6C014000529685 = {
						CreatedOnToolsVersion = 9.0;
						ProvisioningStyle = Automatic;
						TestTargetID = 874AC1101F22045700846851;
					};
					877F555C1F74204100CABA05 = {
						CreatedOnToolsVersion = 9.0;
						ProvisioningStyle = Automatic;
						TestTargetID = 874AC1101F22045700846851;
					};
					87F9E91D1F6C3829000B6B48 = {
						CreatedOnToolsVersion = 9.0;
						ProvisioningStyle = Automatic;
						TestTargetID = 874AC1101F22045700846851;
					};
				};
			};
			buildConfigurationList = 874AC10C1F22045700846851 /* Build configuration list for PBXProject "Splitter" */;
			compatibilityVersion = "Xcode 8.0";
			developmentRegion = en;
			hasScannedForEncodings = 0;
			knownRegions = (
				en,
				Base,
			);
			mainGroup = 874AC1081F22045700846851;
			productRefGroup = 874AC1121F22045700846851 /* Products */;
			projectDirPath = "";
			projectRoot = "";
			targets = (
				874AC1101F22045700846851 /* Splitter */,
				874AC17C1F22457000846851 /* UnitTests */,
				8760E6F91F6C014000529685 /* EarlGreyWelcomeScreenTests */,
				87F9E91D1F6C3829000B6B48 /* EarlGreyMyBillsTests */,
				877F555C1F74204100CABA05 /* EarlGreyNewBillTests */,
			);
		};
/* End PBXProject section */

/* Begin PBXResourcesBuildPhase section */
		874AC10F1F22045700846851 /* Resources */ = {
			isa = PBXResourcesBuildPhase;
			buildActionMask = 2147483647;
			files = (
				87EB6EC11F73EDB300C314F5 /* Assets.xcassets in Resources */,
				871B37EC1F2F4573001FE485 /* Localizable.strings in Resources */,
				874AC1771F223D8300846851 /* GoogleService-Info.plist in Resources */,
				871B37F61F308E3E001FE485 /* WalkwayBold.ttf in Resources */,
			);
			runOnlyForDeploymentPostprocessing = 0;
		};
		874AC17B1F22457000846851 /* Resources */ = {
			isa = PBXResourcesBuildPhase;
			buildActionMask = 2147483647;
			files = (
			);
			runOnlyForDeploymentPostprocessing = 0;
		};
		8760E6F81F6C014000529685 /* Resources */ = {
			isa = PBXResourcesBuildPhase;
			buildActionMask = 2147483647;
			files = (
				8760E7071F6C024400529685 /* Localizable.strings in Resources */,
			);
			runOnlyForDeploymentPostprocessing = 0;
		};
		877F555B1F74204100CABA05 /* Resources */ = {
			isa = PBXResourcesBuildPhase;
			buildActionMask = 2147483647;
			files = (
				877F55671F74218400CABA05 /* Localizable.strings in Resources */,
			);
			runOnlyForDeploymentPostprocessing = 0;
		};
		87F9E91C1F6C3829000B6B48 /* Resources */ = {
			isa = PBXResourcesBuildPhase;
			buildActionMask = 2147483647;
			files = (
				87F9E92B1F6C3E83000B6B48 /* Localizable.strings in Resources */,
			);
			runOnlyForDeploymentPostprocessing = 0;
		};
/* End PBXResourcesBuildPhase section */

/* Begin PBXShellScriptBuildPhase section */
		02F4D2102E59372C913B7852 /* [CP] Check Pods Manifest.lock */ = {
			isa = PBXShellScriptBuildPhase;
			buildActionMask = 2147483647;
			files = (
			);
			inputPaths = (
				"${PODS_PODFILE_DIR_PATH}/Podfile.lock",
				"${PODS_ROOT}/Manifest.lock",
			);
			name = "[CP] Check Pods Manifest.lock";
			outputPaths = (
				"$(DERIVED_FILE_DIR)/Pods-EarlGreyNewBillTests-checkManifestLockResult.txt",
			);
			runOnlyForDeploymentPostprocessing = 0;
			shellPath = /bin/sh;
			shellScript = "diff \"${PODS_PODFILE_DIR_PATH}/Podfile.lock\" \"${PODS_ROOT}/Manifest.lock\" > /dev/null\nif [ $? != 0 ] ; then\n    # print error to STDERR\n    echo \"error: The sandbox is not in sync with the Podfile.lock. Run 'pod install' or update your CocoaPods installation.\" >&2\n    exit 1\nfi\n# This output is used by Xcode 'outputs' to avoid re-running this script phase.\necho \"SUCCESS\" > \"${SCRIPT_OUTPUT_FILE_0}\"\n";
			showEnvVarsInLog = 0;
		};
		1020DA59EB14848732AC31ED /* [CP] Embed Pods Frameworks */ = {
			isa = PBXShellScriptBuildPhase;
			buildActionMask = 2147483647;
			files = (
			);
			inputPaths = (
				"${SRCROOT}/Pods/Target Support Files/Pods-EarlGreyMyBillsTests/Pods-EarlGreyMyBillsTests-frameworks.sh",
				"${BUILT_PRODUCTS_DIR}/GTMSessionFetcher/GTMSessionFetcher.framework",
				"${BUILT_PRODUCTS_DIR}/GoogleToolboxForMac/GoogleToolboxForMac.framework",
				"${BUILT_PRODUCTS_DIR}/LifetimeTracker/LifetimeTracker.framework",
				"${BUILT_PRODUCTS_DIR}/iCarousel/iCarousel.framework",
				"${BUILT_PRODUCTS_DIR}/leveldb-library/leveldb.framework",
				"${BUILT_PRODUCTS_DIR}/nanopb/nanopb.framework",
				"${PODS_ROOT}/EarlGrey/EarlGrey/EarlGrey.framework",
			);
			name = "[CP] Embed Pods Frameworks";
			outputPaths = (
				"${TARGET_BUILD_DIR}/${FRAMEWORKS_FOLDER_PATH}/GTMSessionFetcher.framework",
				"${TARGET_BUILD_DIR}/${FRAMEWORKS_FOLDER_PATH}/GoogleToolboxForMac.framework",
				"${TARGET_BUILD_DIR}/${FRAMEWORKS_FOLDER_PATH}/LifetimeTracker.framework",
				"${TARGET_BUILD_DIR}/${FRAMEWORKS_FOLDER_PATH}/iCarousel.framework",
				"${TARGET_BUILD_DIR}/${FRAMEWORKS_FOLDER_PATH}/leveldb.framework",
				"${TARGET_BUILD_DIR}/${FRAMEWORKS_FOLDER_PATH}/nanopb.framework",
				"${TARGET_BUILD_DIR}/${FRAMEWORKS_FOLDER_PATH}/EarlGrey.framework",
			);
			runOnlyForDeploymentPostprocessing = 0;
			shellPath = /bin/sh;
			shellScript = "\"${SRCROOT}/Pods/Target Support Files/Pods-EarlGreyMyBillsTests/Pods-EarlGreyMyBillsTests-frameworks.sh\"\n";
			showEnvVarsInLog = 0;
		};
		1A6F2ECC1AA1A50713BE726A /* [CP] Copy Pods Resources */ = {
			isa = PBXShellScriptBuildPhase;
			buildActionMask = 2147483647;
			files = (
			);
			inputPaths = (
			);
			name = "[CP] Copy Pods Resources";
			outputPaths = (
			);
			runOnlyForDeploymentPostprocessing = 0;
			shellPath = /bin/sh;
			shellScript = "\"${SRCROOT}/Pods/Target Support Files/Pods-UnitTests/Pods-UnitTests-resources.sh\"\n";
			showEnvVarsInLog = 0;
		};
		3983E1CE524B4D284C43F7F1 /* [CP] Check Pods Manifest.lock */ = {
			isa = PBXShellScriptBuildPhase;
			buildActionMask = 2147483647;
			files = (
			);
			inputPaths = (
				"${PODS_PODFILE_DIR_PATH}/Podfile.lock",
				"${PODS_ROOT}/Manifest.lock",
			);
			name = "[CP] Check Pods Manifest.lock";
			outputPaths = (
				"$(DERIVED_FILE_DIR)/Pods-UnitTests-checkManifestLockResult.txt",
			);
			runOnlyForDeploymentPostprocessing = 0;
			shellPath = /bin/sh;
			shellScript = "diff \"${PODS_PODFILE_DIR_PATH}/Podfile.lock\" \"${PODS_ROOT}/Manifest.lock\" > /dev/null\nif [ $? != 0 ] ; then\n    # print error to STDERR\n    echo \"error: The sandbox is not in sync with the Podfile.lock. Run 'pod install' or update your CocoaPods installation.\" >&2\n    exit 1\nfi\n# This output is used by Xcode 'outputs' to avoid re-running this script phase.\necho \"SUCCESS\" > \"${SCRIPT_OUTPUT_FILE_0}\"\n";
			showEnvVarsInLog = 0;
		};
		3A914957A915145EA928623C /* [CP] Check Pods Manifest.lock */ = {
			isa = PBXShellScriptBuildPhase;
			buildActionMask = 2147483647;
			files = (
			);
			inputPaths = (
				"${PODS_PODFILE_DIR_PATH}/Podfile.lock",
				"${PODS_ROOT}/Manifest.lock",
			);
			name = "[CP] Check Pods Manifest.lock";
			outputPaths = (
				"$(DERIVED_FILE_DIR)/Pods-EarlGreyWelcomeScreenTests-checkManifestLockResult.txt",
			);
			runOnlyForDeploymentPostprocessing = 0;
			shellPath = /bin/sh;
			shellScript = "diff \"${PODS_PODFILE_DIR_PATH}/Podfile.lock\" \"${PODS_ROOT}/Manifest.lock\" > /dev/null\nif [ $? != 0 ] ; then\n    # print error to STDERR\n    echo \"error: The sandbox is not in sync with the Podfile.lock. Run 'pod install' or update your CocoaPods installation.\" >&2\n    exit 1\nfi\n# This output is used by Xcode 'outputs' to avoid re-running this script phase.\necho \"SUCCESS\" > \"${SCRIPT_OUTPUT_FILE_0}\"\n";
			showEnvVarsInLog = 0;
		};
		46E0EEB92BD9A60C50687E34 /* [CP] Copy Pods Resources */ = {
			isa = PBXShellScriptBuildPhase;
			buildActionMask = 2147483647;
			files = (
			);
			inputPaths = (
			);
			name = "[CP] Copy Pods Resources";
			outputPaths = (
			);
			runOnlyForDeploymentPostprocessing = 0;
			shellPath = /bin/sh;
			shellScript = "\"${SRCROOT}/Pods/Target Support Files/Pods-EarlGreyMyBillsTests/Pods-EarlGreyMyBillsTests-resources.sh\"\n";
			showEnvVarsInLog = 0;
		};
		4BBE9FAD183DC60005C10687 /* [CP] Copy Pods Resources */ = {
			isa = PBXShellScriptBuildPhase;
			buildActionMask = 2147483647;
			files = (
			);
			inputPaths = (
			);
			name = "[CP] Copy Pods Resources";
			outputPaths = (
			);
			runOnlyForDeploymentPostprocessing = 0;
			shellPath = /bin/sh;
			shellScript = "\"${SRCROOT}/Pods/Target Support Files/Pods-EarlGreyNewBillTests/Pods-EarlGreyNewBillTests-resources.sh\"\n";
			showEnvVarsInLog = 0;
		};
		4C3DADEBBBF04B5D7507C3E0 /* [CP] Embed Pods Frameworks */ = {
			isa = PBXShellScriptBuildPhase;
			buildActionMask = 2147483647;
			files = (
			);
			inputPaths = (
				"${SRCROOT}/Pods/Target Support Files/Pods-EarlGreyNewBillTests/Pods-EarlGreyNewBillTests-frameworks.sh",
				"${BUILT_PRODUCTS_DIR}/GTMSessionFetcher/GTMSessionFetcher.framework",
				"${BUILT_PRODUCTS_DIR}/GoogleToolboxForMac/GoogleToolboxForMac.framework",
				"${BUILT_PRODUCTS_DIR}/LifetimeTracker/LifetimeTracker.framework",
				"${BUILT_PRODUCTS_DIR}/iCarousel/iCarousel.framework",
				"${BUILT_PRODUCTS_DIR}/leveldb-library/leveldb.framework",
				"${BUILT_PRODUCTS_DIR}/nanopb/nanopb.framework",
				"${PODS_ROOT}/EarlGrey/EarlGrey/EarlGrey.framework",
			);
			name = "[CP] Embed Pods Frameworks";
			outputPaths = (
				"${TARGET_BUILD_DIR}/${FRAMEWORKS_FOLDER_PATH}/GTMSessionFetcher.framework",
				"${TARGET_BUILD_DIR}/${FRAMEWORKS_FOLDER_PATH}/GoogleToolboxForMac.framework",
				"${TARGET_BUILD_DIR}/${FRAMEWORKS_FOLDER_PATH}/LifetimeTracker.framework",
				"${TARGET_BUILD_DIR}/${FRAMEWORKS_FOLDER_PATH}/iCarousel.framework",
				"${TARGET_BUILD_DIR}/${FRAMEWORKS_FOLDER_PATH}/leveldb.framework",
				"${TARGET_BUILD_DIR}/${FRAMEWORKS_FOLDER_PATH}/nanopb.framework",
				"${TARGET_BUILD_DIR}/${FRAMEWORKS_FOLDER_PATH}/EarlGrey.framework",
			);
			runOnlyForDeploymentPostprocessing = 0;
			shellPath = /bin/sh;
			shellScript = "\"${SRCROOT}/Pods/Target Support Files/Pods-EarlGreyNewBillTests/Pods-EarlGreyNewBillTests-frameworks.sh\"\n";
			showEnvVarsInLog = 0;
		};
		7112C9A99A285C3D7EC23FB8 /* [CP] Check Pods Manifest.lock */ = {
			isa = PBXShellScriptBuildPhase;
			buildActionMask = 2147483647;
			files = (
			);
			inputPaths = (
				"${PODS_PODFILE_DIR_PATH}/Podfile.lock",
				"${PODS_ROOT}/Manifest.lock",
			);
			name = "[CP] Check Pods Manifest.lock";
			outputPaths = (
				"$(DERIVED_FILE_DIR)/Pods-Splitter-checkManifestLockResult.txt",
			);
			runOnlyForDeploymentPostprocessing = 0;
			shellPath = /bin/sh;
			shellScript = "diff \"${PODS_PODFILE_DIR_PATH}/Podfile.lock\" \"${PODS_ROOT}/Manifest.lock\" > /dev/null\nif [ $? != 0 ] ; then\n    # print error to STDERR\n    echo \"error: The sandbox is not in sync with the Podfile.lock. Run 'pod install' or update your CocoaPods installation.\" >&2\n    exit 1\nfi\n# This output is used by Xcode 'outputs' to avoid re-running this script phase.\necho \"SUCCESS\" > \"${SCRIPT_OUTPUT_FILE_0}\"\n";
			showEnvVarsInLog = 0;
		};
		84DCB13FCAD79943430C6362 /* [CP] Embed Pods Frameworks */ = {
			isa = PBXShellScriptBuildPhase;
			buildActionMask = 2147483647;
			files = (
			);
			inputPaths = (
				"${SRCROOT}/Pods/Target Support Files/Pods-Splitter/Pods-Splitter-frameworks.sh",
				"${BUILT_PRODUCTS_DIR}/GTMSessionFetcher/GTMSessionFetcher.framework",
				"${BUILT_PRODUCTS_DIR}/GoogleToolboxForMac/GoogleToolboxForMac.framework",
				"${BUILT_PRODUCTS_DIR}/LifetimeTracker/LifetimeTracker.framework",
				"${BUILT_PRODUCTS_DIR}/iCarousel/iCarousel.framework",
				"${BUILT_PRODUCTS_DIR}/leveldb-library/leveldb.framework",
				"${BUILT_PRODUCTS_DIR}/nanopb/nanopb.framework",
			);
			name = "[CP] Embed Pods Frameworks";
			outputPaths = (
				"${TARGET_BUILD_DIR}/${FRAMEWORKS_FOLDER_PATH}/GTMSessionFetcher.framework",
				"${TARGET_BUILD_DIR}/${FRAMEWORKS_FOLDER_PATH}/GoogleToolboxForMac.framework",
				"${TARGET_BUILD_DIR}/${FRAMEWORKS_FOLDER_PATH}/LifetimeTracker.framework",
				"${TARGET_BUILD_DIR}/${FRAMEWORKS_FOLDER_PATH}/iCarousel.framework",
				"${TARGET_BUILD_DIR}/${FRAMEWORKS_FOLDER_PATH}/leveldb.framework",
				"${TARGET_BUILD_DIR}/${FRAMEWORKS_FOLDER_PATH}/nanopb.framework",
			);
			runOnlyForDeploymentPostprocessing = 0;
			shellPath = /bin/sh;
			shellScript = "\"${SRCROOT}/Pods/Target Support Files/Pods-Splitter/Pods-Splitter-frameworks.sh\"\n";
			showEnvVarsInLog = 0;
		};
		877D5A0B1F2745CC006B53DE /* ShellScript */ = {
			isa = PBXShellScriptBuildPhase;
			buildActionMask = 2147483647;
			files = (
			);
			inputPaths = (
			);
			outputPaths = (
			);
			runOnlyForDeploymentPostprocessing = 0;
			shellPath = /bin/sh;
			shellScript = "if which swiftlint >/dev/null; then\nswiftlint\nelse\necho \"warning: SwiftLint not installed, download from https://github.com/realm/SwiftLint\"\nfi";
		};
		AEC21768B84941F0CFCBEF89 /* [CP] Embed Pods Frameworks */ = {
			isa = PBXShellScriptBuildPhase;
			buildActionMask = 2147483647;
			files = (
			);
			inputPaths = (
				"${SRCROOT}/Pods/Target Support Files/Pods-EarlGreyWelcomeScreenTests/Pods-EarlGreyWelcomeScreenTests-frameworks.sh",
				"${BUILT_PRODUCTS_DIR}/GTMSessionFetcher/GTMSessionFetcher.framework",
				"${BUILT_PRODUCTS_DIR}/GoogleToolboxForMac/GoogleToolboxForMac.framework",
				"${BUILT_PRODUCTS_DIR}/LifetimeTracker/LifetimeTracker.framework",
				"${BUILT_PRODUCTS_DIR}/iCarousel/iCarousel.framework",
				"${BUILT_PRODUCTS_DIR}/leveldb-library/leveldb.framework",
				"${BUILT_PRODUCTS_DIR}/nanopb/nanopb.framework",
				"${PODS_ROOT}/EarlGrey/EarlGrey/EarlGrey.framework",
			);
			name = "[CP] Embed Pods Frameworks";
			outputPaths = (
				"${TARGET_BUILD_DIR}/${FRAMEWORKS_FOLDER_PATH}/GTMSessionFetcher.framework",
				"${TARGET_BUILD_DIR}/${FRAMEWORKS_FOLDER_PATH}/GoogleToolboxForMac.framework",
				"${TARGET_BUILD_DIR}/${FRAMEWORKS_FOLDER_PATH}/LifetimeTracker.framework",
				"${TARGET_BUILD_DIR}/${FRAMEWORKS_FOLDER_PATH}/iCarousel.framework",
				"${TARGET_BUILD_DIR}/${FRAMEWORKS_FOLDER_PATH}/leveldb.framework",
				"${TARGET_BUILD_DIR}/${FRAMEWORKS_FOLDER_PATH}/nanopb.framework",
				"${TARGET_BUILD_DIR}/${FRAMEWORKS_FOLDER_PATH}/EarlGrey.framework",
			);
			runOnlyForDeploymentPostprocessing = 0;
			shellPath = /bin/sh;
			shellScript = "\"${SRCROOT}/Pods/Target Support Files/Pods-EarlGreyWelcomeScreenTests/Pods-EarlGreyWelcomeScreenTests-frameworks.sh\"\n";
			showEnvVarsInLog = 0;
		};
		CA44FB4650AE434EC6EF6D75 /* [CP] Copy Pods Resources */ = {
			isa = PBXShellScriptBuildPhase;
			buildActionMask = 2147483647;
			files = (
			);
			inputPaths = (
			);
			name = "[CP] Copy Pods Resources";
			outputPaths = (
			);
			runOnlyForDeploymentPostprocessing = 0;
			shellPath = /bin/sh;
			shellScript = "\"${SRCROOT}/Pods/Target Support Files/Pods-EarlGreyWelcomeScreenTests/Pods-EarlGreyWelcomeScreenTests-resources.sh\"\n";
			showEnvVarsInLog = 0;
		};
		D9EDF5A3EB39D72F2C54ED39 /* [CP] Copy Pods Resources */ = {
			isa = PBXShellScriptBuildPhase;
			buildActionMask = 2147483647;
			files = (
			);
			inputPaths = (
			);
			name = "[CP] Copy Pods Resources";
			outputPaths = (
			);
			runOnlyForDeploymentPostprocessing = 0;
			shellPath = /bin/sh;
			shellScript = "\"${SRCROOT}/Pods/Target Support Files/Pods-Splitter/Pods-Splitter-resources.sh\"\n";
			showEnvVarsInLog = 0;
		};
		DD496A81267876B032FDCF3D /* [CP] Embed Pods Frameworks */ = {
			isa = PBXShellScriptBuildPhase;
			buildActionMask = 2147483647;
			files = (
			);
			inputPaths = (
				"${SRCROOT}/Pods/Target Support Files/Pods-UnitTests/Pods-UnitTests-frameworks.sh",
				"${BUILT_PRODUCTS_DIR}/GTMSessionFetcher/GTMSessionFetcher.framework",
				"${BUILT_PRODUCTS_DIR}/GoogleToolboxForMac/GoogleToolboxForMac.framework",
				"${BUILT_PRODUCTS_DIR}/LifetimeTracker/LifetimeTracker.framework",
				"${BUILT_PRODUCTS_DIR}/iCarousel/iCarousel.framework",
				"${BUILT_PRODUCTS_DIR}/leveldb-library/leveldb.framework",
				"${BUILT_PRODUCTS_DIR}/nanopb/nanopb.framework",
			);
			name = "[CP] Embed Pods Frameworks";
			outputPaths = (
				"${TARGET_BUILD_DIR}/${FRAMEWORKS_FOLDER_PATH}/GTMSessionFetcher.framework",
				"${TARGET_BUILD_DIR}/${FRAMEWORKS_FOLDER_PATH}/GoogleToolboxForMac.framework",
				"${TARGET_BUILD_DIR}/${FRAMEWORKS_FOLDER_PATH}/LifetimeTracker.framework",
				"${TARGET_BUILD_DIR}/${FRAMEWORKS_FOLDER_PATH}/iCarousel.framework",
				"${TARGET_BUILD_DIR}/${FRAMEWORKS_FOLDER_PATH}/leveldb.framework",
				"${TARGET_BUILD_DIR}/${FRAMEWORKS_FOLDER_PATH}/nanopb.framework",
			);
			runOnlyForDeploymentPostprocessing = 0;
			shellPath = /bin/sh;
			shellScript = "\"${SRCROOT}/Pods/Target Support Files/Pods-UnitTests/Pods-UnitTests-frameworks.sh\"\n";
			showEnvVarsInLog = 0;
		};
		EE620B5AD57581941DB11E41 /* [CP] Check Pods Manifest.lock */ = {
			isa = PBXShellScriptBuildPhase;
			buildActionMask = 2147483647;
			files = (
			);
			inputPaths = (
				"${PODS_PODFILE_DIR_PATH}/Podfile.lock",
				"${PODS_ROOT}/Manifest.lock",
			);
			name = "[CP] Check Pods Manifest.lock";
			outputPaths = (
				"$(DERIVED_FILE_DIR)/Pods-EarlGreyMyBillsTests-checkManifestLockResult.txt",
			);
			runOnlyForDeploymentPostprocessing = 0;
			shellPath = /bin/sh;
			shellScript = "diff \"${PODS_PODFILE_DIR_PATH}/Podfile.lock\" \"${PODS_ROOT}/Manifest.lock\" > /dev/null\nif [ $? != 0 ] ; then\n    # print error to STDERR\n    echo \"error: The sandbox is not in sync with the Podfile.lock. Run 'pod install' or update your CocoaPods installation.\" >&2\n    exit 1\nfi\n# This output is used by Xcode 'outputs' to avoid re-running this script phase.\necho \"SUCCESS\" > \"${SCRIPT_OUTPUT_FILE_0}\"\n";
			showEnvVarsInLog = 0;
		};
/* End PBXShellScriptBuildPhase section */

/* Begin PBXSourcesBuildPhase section */
		874AC10D1F22045700846851 /* Sources */ = {
			isa = PBXSourcesBuildPhase;
			buildActionMask = 2147483647;
			files = (
				87D1D3BB1F7518EC008E3C34 /* UserRepository.swift in Sources */,
				874AC1151F22045700846851 /* AppDelegate.swift in Sources */,
				872D3B161F30C5C300F2FEC2 /* TitleLogoLabel.swift in Sources */,
				874D37EA1F7153DE0092ACB4 /* NewBillViewController.swift in Sources */,
				87D1D3B91F7516F2008E3C34 /* User.swift in Sources */,
				87A218EC1F25EEAA00B4BE74 /* Firebase.swift in Sources */,
				877B41841F46EF3300AE9813 /* ToastLabel.swift in Sources */,
				87344C551F705D8400C0B3FE /* BillCarouselView.swift in Sources */,
				87EBAFF01F86935800D5B2C0 /* Price.swift in Sources */,
				871E31C61F7D0EE2000354E7 /* OCRRequest.swift in Sources */,
				874AC1881F224F8900846851 /* Bill.swift in Sources */,
				871B37A61F29F6A0001FE485 /* Item.swift in Sources */,
				87344C571F7060CA00C0B3FE /* CarouselTitleLabel.swift in Sources */,
				871682BD1F712BDB004046E9 /* InstructionLabel.swift in Sources */,
				871B37F01F2F6322001FE485 /* Constants.swift in Sources */,
				873218C71F79324800C960F6 /* OCRResultConverter.swift in Sources */,
				87EE7B311F3B457C000F7E96 /* WelcomeScreenInformationView.swift in Sources */,
				87EBAFEB1F851A5700D5B2C0 /* ActivityIndicator.swift in Sources */,
				87344C511F7058C000C0B3FE /* BillCarouselDatasource.swift in Sources */,
				871B37E91F2F430C001FE485 /* SplitterTextField.swift in Sources */,
				871B37C61F2F339A001FE485 /* UIView+Autolayout.swift in Sources */,
				8770AD2A1F34D209000A01A0 /* Extensions.swift in Sources */,
				87A0465D1F30E92000EBC2D2 /* MyBillsViewController.swift in Sources */,
				87344C531F70594E00C0B3FE /* BillCarouselDelegate.swift in Sources */,
				873CD1A41F6FF34F00F602EF /* IconButton.swift in Sources */,
				87D1D3B71F74480D008E3C34 /* ImageAndInstructionView.swift in Sources */,
				871B37F21F2F7C49001FE485 /* SplitterButton.swift in Sources */,
				873CD1A21F6FCF9900F602EF /* TitleLabel.swift in Sources */,
				874AC1511F2206ED00846851 /* WelcomeScreenViewController.swift in Sources */,
				871B37BF1F2A1EF9001FE485 /* SplitterUser.swift in Sources */,
				873218C91F79456B00C960F6 /* Regex.swift in Sources */,
			);
			runOnlyForDeploymentPostprocessing = 0;
		};
		874AC1791F22457000846851 /* Sources */ = {
			isa = PBXSourcesBuildPhase;
			buildActionMask = 2147483647;
			files = (
				877358471F7D01A700EE7C19 /* OCRRequestTests.swift in Sources */,
				87CF98161F7BDEC3002A60BD /* ItemTests.swift in Sources */,
				87CF98171F7BDEC3002A60BD /* UserTests.swift in Sources */,
				873218C51F792FC600C960F6 /* OCRResultParsingTests.swift in Sources */,
				8773583B1F7BFFDB00EE7C19 /* TestExtensions.swift in Sources */,
				8773583C1F7BFFE000EE7C19 /* FirebaseTestHelper.swift in Sources */,
				873218CB1F79470500C960F6 /* RegexTests.swift in Sources */,
				8761411B1F4C43ED00107372 /* BillTests.swift in Sources */,
			);
			runOnlyForDeploymentPostprocessing = 0;
		};
		8760E6F61F6C014000529685 /* Sources */ = {
			isa = PBXSourcesBuildPhase;
			buildActionMask = 2147483647;
			files = (
				87F9E9291F6C389D000B6B48 /* EarlGreyWelcomeScreenTests.swift in Sources */,
				8760E70F1F6C072000529685 /* TestExtensions.swift in Sources */,
				0E36C9D744D27A0056088815 /* EarlGrey.swift in Sources */,
			);
			runOnlyForDeploymentPostprocessing = 0;
		};
		877F55591F74204100CABA05 /* Sources */ = {
			isa = PBXSourcesBuildPhase;
			buildActionMask = 2147483647;
			files = (
				877F55601F74204100CABA05 /* EarlGreyNewBillTests.swift in Sources */,
				877F55681F74219D00CABA05 /* TestExtensions.swift in Sources */,
				CB974C79FE481D8770309656 /* EarlGrey.swift in Sources */,
			);
			runOnlyForDeploymentPostprocessing = 0;
		};
		87F9E91A1F6C3829000B6B48 /* Sources */ = {
			isa = PBXSourcesBuildPhase;
			buildActionMask = 2147483647;
			files = (
				87F9E9211F6C3829000B6B48 /* EarlGreyMyBillsTests.swift in Sources */,
				87F9E92A1F6C3E7C000B6B48 /* TestExtensions.swift in Sources */,
				B1FBAA6B741C965FB78E8EA5 /* EarlGrey.swift in Sources */,
			);
			runOnlyForDeploymentPostprocessing = 0;
		};
/* End PBXSourcesBuildPhase section */

/* Begin PBXTargetDependency section */
		874AC1831F22457000846851 /* PBXTargetDependency */ = {
			isa = PBXTargetDependency;
			target = 874AC1101F22045700846851 /* Splitter */;
			targetProxy = 874AC1821F22457000846851 /* PBXContainerItemProxy */;
		};
		8760E7001F6C014000529685 /* PBXTargetDependency */ = {
			isa = PBXTargetDependency;
			target = 874AC1101F22045700846851 /* Splitter */;
			targetProxy = 8760E6FF1F6C014000529685 /* PBXContainerItemProxy */;
		};
		877F55631F74204100CABA05 /* PBXTargetDependency */ = {
			isa = PBXTargetDependency;
			target = 874AC1101F22045700846851 /* Splitter */;
			targetProxy = 877F55621F74204100CABA05 /* PBXContainerItemProxy */;
		};
		87F9E9241F6C3829000B6B48 /* PBXTargetDependency */ = {
			isa = PBXTargetDependency;
			target = 874AC1101F22045700846851 /* Splitter */;
			targetProxy = 87F9E9231F6C3829000B6B48 /* PBXContainerItemProxy */;
		};
/* End PBXTargetDependency section */

/* Begin PBXVariantGroup section */
		871B37EE1F2F4573001FE485 /* Localizable.strings */ = {
			isa = PBXVariantGroup;
			children = (
				871B37ED1F2F4573001FE485 /* en */,
				871B37F31F2F86FD001FE485 /* Base */,
			);
			name = Localizable.strings;
			sourceTree = "<group>";
		};
/* End PBXVariantGroup section */

/* Begin XCBuildConfiguration section */
		874AC1371F22045700846851 /* Debug */ = {
			isa = XCBuildConfiguration;
			buildSettings = {
				ALWAYS_SEARCH_USER_PATHS = NO;
				CLANG_ANALYZER_NONNULL = YES;
				CLANG_ANALYZER_NUMBER_OBJECT_CONVERSION = YES_AGGRESSIVE;
				CLANG_CXX_LANGUAGE_STANDARD = "gnu++14";
				CLANG_CXX_LIBRARY = "libc++";
				CLANG_ENABLE_MODULES = YES;
				CLANG_ENABLE_OBJC_ARC = YES;
				CLANG_WARN_BLOCK_CAPTURE_AUTORELEASING = YES;
				CLANG_WARN_BOOL_CONVERSION = YES;
				CLANG_WARN_COMMA = YES;
				CLANG_WARN_CONSTANT_CONVERSION = YES;
				CLANG_WARN_DIRECT_OBJC_ISA_USAGE = YES_ERROR;
				CLANG_WARN_DOCUMENTATION_COMMENTS = YES;
				CLANG_WARN_EMPTY_BODY = YES;
				CLANG_WARN_ENUM_CONVERSION = YES;
				CLANG_WARN_INFINITE_RECURSION = YES;
				CLANG_WARN_INT_CONVERSION = YES;
				CLANG_WARN_NON_LITERAL_NULL_CONVERSION = YES;
				CLANG_WARN_OBJC_LITERAL_CONVERSION = YES;
				CLANG_WARN_OBJC_ROOT_CLASS = YES_ERROR;
				CLANG_WARN_RANGE_LOOP_ANALYSIS = YES;
				CLANG_WARN_STRICT_PROTOTYPES = YES;
				CLANG_WARN_SUSPICIOUS_MOVE = YES;
				CLANG_WARN_UNGUARDED_AVAILABILITY = YES_AGGRESSIVE;
				CLANG_WARN_UNREACHABLE_CODE = YES;
				CLANG_WARN__DUPLICATE_METHOD_MATCH = YES;
				CODE_SIGN_IDENTITY = "iPhone Developer";
				COPY_PHASE_STRIP = NO;
				DEBUG_INFORMATION_FORMAT = dwarf;
				ENABLE_STRICT_OBJC_MSGSEND = YES;
				ENABLE_TESTABILITY = YES;
				GCC_C_LANGUAGE_STANDARD = gnu11;
				GCC_DYNAMIC_NO_PIC = NO;
				GCC_NO_COMMON_BLOCKS = YES;
				GCC_OPTIMIZATION_LEVEL = 0;
				GCC_PREPROCESSOR_DEFINITIONS = (
					"DEBUG=1",
					"$(inherited)",
				);
				GCC_WARN_64_TO_32_BIT_CONVERSION = YES;
				GCC_WARN_ABOUT_RETURN_TYPE = YES_ERROR;
				GCC_WARN_UNDECLARED_SELECTOR = YES;
				GCC_WARN_UNINITIALIZED_AUTOS = YES_AGGRESSIVE;
				GCC_WARN_UNUSED_FUNCTION = YES;
				GCC_WARN_UNUSED_VARIABLE = YES;
				IPHONEOS_DEPLOYMENT_TARGET = 10.3;
				MTL_ENABLE_DEBUG_INFO = YES;
				ONLY_ACTIVE_ARCH = YES;
				SDKROOT = iphoneos;
				SWIFT_ACTIVE_COMPILATION_CONDITIONS = DEBUG;
				SWIFT_OPTIMIZATION_LEVEL = "-Onone";
			};
			name = Debug;
		};
		874AC1381F22045700846851 /* Release */ = {
			isa = XCBuildConfiguration;
			buildSettings = {
				ALWAYS_SEARCH_USER_PATHS = NO;
				CLANG_ANALYZER_NONNULL = YES;
				CLANG_ANALYZER_NUMBER_OBJECT_CONVERSION = YES_AGGRESSIVE;
				CLANG_CXX_LANGUAGE_STANDARD = "gnu++14";
				CLANG_CXX_LIBRARY = "libc++";
				CLANG_ENABLE_MODULES = YES;
				CLANG_ENABLE_OBJC_ARC = YES;
				CLANG_WARN_BLOCK_CAPTURE_AUTORELEASING = YES;
				CLANG_WARN_BOOL_CONVERSION = YES;
				CLANG_WARN_COMMA = YES;
				CLANG_WARN_CONSTANT_CONVERSION = YES;
				CLANG_WARN_DIRECT_OBJC_ISA_USAGE = YES_ERROR;
				CLANG_WARN_DOCUMENTATION_COMMENTS = YES;
				CLANG_WARN_EMPTY_BODY = YES;
				CLANG_WARN_ENUM_CONVERSION = YES;
				CLANG_WARN_INFINITE_RECURSION = YES;
				CLANG_WARN_INT_CONVERSION = YES;
				CLANG_WARN_NON_LITERAL_NULL_CONVERSION = YES;
				CLANG_WARN_OBJC_LITERAL_CONVERSION = YES;
				CLANG_WARN_OBJC_ROOT_CLASS = YES_ERROR;
				CLANG_WARN_RANGE_LOOP_ANALYSIS = YES;
				CLANG_WARN_STRICT_PROTOTYPES = YES;
				CLANG_WARN_SUSPICIOUS_MOVE = YES;
				CLANG_WARN_UNGUARDED_AVAILABILITY = YES_AGGRESSIVE;
				CLANG_WARN_UNREACHABLE_CODE = YES;
				CLANG_WARN__DUPLICATE_METHOD_MATCH = YES;
				CODE_SIGN_IDENTITY = "iPhone Developer";
				COPY_PHASE_STRIP = NO;
				DEBUG_INFORMATION_FORMAT = "dwarf-with-dsym";
				ENABLE_NS_ASSERTIONS = NO;
				ENABLE_STRICT_OBJC_MSGSEND = YES;
				GCC_C_LANGUAGE_STANDARD = gnu11;
				GCC_NO_COMMON_BLOCKS = YES;
				GCC_WARN_64_TO_32_BIT_CONVERSION = YES;
				GCC_WARN_ABOUT_RETURN_TYPE = YES_ERROR;
				GCC_WARN_UNDECLARED_SELECTOR = YES;
				GCC_WARN_UNINITIALIZED_AUTOS = YES_AGGRESSIVE;
				GCC_WARN_UNUSED_FUNCTION = YES;
				GCC_WARN_UNUSED_VARIABLE = YES;
				IPHONEOS_DEPLOYMENT_TARGET = 10.3;
				MTL_ENABLE_DEBUG_INFO = NO;
				SDKROOT = iphoneos;
				SWIFT_OPTIMIZATION_LEVEL = "-Owholemodule";
				VALIDATE_PRODUCT = YES;
			};
			name = Release;
		};
		874AC13A1F22045700846851 /* Debug */ = {
			isa = XCBuildConfiguration;
			baseConfigurationReference = F44D59D32D38FDAAF00E4A58 /* Pods-Splitter.debug.xcconfig */;
			buildSettings = {
				ASSETCATALOG_COMPILER_APPICON_NAME = AppIcon;
				CODE_SIGN_ENTITLEMENTS = Splitter/SupportingFiles/Splitter.entitlements;
				CODE_SIGN_IDENTITY = "iPhone Developer";
				"CODE_SIGN_IDENTITY[sdk=iphoneos*]" = "iPhone Developer";
				CODE_SIGN_STYLE = Automatic;
				DEVELOPMENT_TEAM = WJMTPNAAQV;
				ENABLE_BITCODE = YES;
				GCC_SYMBOLS_PRIVATE_EXTERN = NO;
				HEADER_SEARCH_PATHS = "$(inherited)";
				INFOPLIST_FILE = "$(SRCROOT)/Splitter/SupportingFiles/Info.plist";
				IPHONEOS_DEPLOYMENT_TARGET = 11.0;
				LD_RUNPATH_SEARCH_PATHS = "$(inherited) @executable_path/Frameworks";
				ONLY_ACTIVE_ARCH = YES;
				OTHER_LDFLAGS = (
					"$(inherited)",
					"-ObjC",
				);
				PRODUCT_BUNDLE_IDENTIFIER = com.rumblewayne.Splitter;
				PRODUCT_NAME = "$(TARGET_NAME)";
				PROVISIONING_PROFILE_SPECIFIER = "";
				SWIFT_VERSION = 4.0;
				TARGETED_DEVICE_FAMILY = "1,2";
			};
			name = Debug;
		};
		874AC13B1F22045700846851 /* Release */ = {
			isa = XCBuildConfiguration;
			baseConfigurationReference = 0362902E59A180EE4741DC5F /* Pods-Splitter.release.xcconfig */;
			buildSettings = {
				ASSETCATALOG_COMPILER_APPICON_NAME = AppIcon;
				CODE_SIGN_ENTITLEMENTS = Splitter/SupportingFiles/Splitter.entitlements;
				CODE_SIGN_IDENTITY = "iPhone Developer";
				"CODE_SIGN_IDENTITY[sdk=iphoneos*]" = "iPhone Developer";
				CODE_SIGN_STYLE = Automatic;
				DEVELOPMENT_TEAM = WJMTPNAAQV;
				ENABLE_BITCODE = YES;
				GCC_SYMBOLS_PRIVATE_EXTERN = NO;
				HEADER_SEARCH_PATHS = "$(inherited)";
				INFOPLIST_FILE = "$(SRCROOT)/Splitter/SupportingFiles/Info.plist";
				IPHONEOS_DEPLOYMENT_TARGET = 11.0;
				LD_RUNPATH_SEARCH_PATHS = "$(inherited) @executable_path/Frameworks";
				ONLY_ACTIVE_ARCH = YES;
				OTHER_LDFLAGS = (
					"$(inherited)",
					"-ObjC",
				);
				PRODUCT_BUNDLE_IDENTIFIER = com.rumblewayne.Splitter;
				PRODUCT_NAME = "$(TARGET_NAME)";
				PROVISIONING_PROFILE_SPECIFIER = "";
				SWIFT_VERSION = 4.0;
				TARGETED_DEVICE_FAMILY = "1,2";
			};
			name = Release;
		};
		874AC1851F22457000846851 /* Debug */ = {
			isa = XCBuildConfiguration;
			baseConfigurationReference = 92D67F55ABA26826A81DAE17 /* Pods-UnitTests.debug.xcconfig */;
			buildSettings = {
				BUNDLE_LOADER = "$(TEST_HOST)";
				DEVELOPMENT_TEAM = L3QZJU3LP7;
				INFOPLIST_FILE = Tests/UnitTests/Info.plist;
				IPHONEOS_DEPLOYMENT_TARGET = 11.0;
				LD_RUNPATH_SEARCH_PATHS = "$(inherited) @executable_path/Frameworks @loader_path/Frameworks";
				PRODUCT_BUNDLE_IDENTIFIER = com.waynerumble.BillTests;
				PRODUCT_NAME = "$(TARGET_NAME)";
				SWIFT_VERSION = 4.0;
				TARGETED_DEVICE_FAMILY = "1,2";
				TEST_HOST = "$(BUILT_PRODUCTS_DIR)/Splitter.app/Splitter";
			};
			name = Debug;
		};
		874AC1861F22457000846851 /* Release */ = {
			isa = XCBuildConfiguration;
			baseConfigurationReference = 7B3BFC7B4B674138D1A6B40D /* Pods-UnitTests.release.xcconfig */;
			buildSettings = {
				BUNDLE_LOADER = "$(TEST_HOST)";
				DEVELOPMENT_TEAM = L3QZJU3LP7;
				INFOPLIST_FILE = Tests/UnitTests/Info.plist;
				IPHONEOS_DEPLOYMENT_TARGET = 11.0;
				LD_RUNPATH_SEARCH_PATHS = "$(inherited) @executable_path/Frameworks @loader_path/Frameworks";
				PRODUCT_BUNDLE_IDENTIFIER = com.waynerumble.BillTests;
				PRODUCT_NAME = "$(TARGET_NAME)";
				SWIFT_VERSION = 4.0;
				TARGETED_DEVICE_FAMILY = "1,2";
				TEST_HOST = "$(BUILT_PRODUCTS_DIR)/Splitter.app/Splitter";
			};
			name = Release;
		};
		8760E7021F6C014000529685 /* Debug */ = {
			isa = XCBuildConfiguration;
			baseConfigurationReference = 7BA345E4BCD91E21974762EF /* Pods-EarlGreyWelcomeScreenTests.debug.xcconfig */;
			buildSettings = {
				ALWAYS_EMBED_SWIFT_STANDARD_LIBRARIES = "$(inherited)";
				BUNDLE_LOADER = "$(TEST_HOST)";
				CODE_SIGN_IDENTITY = "iPhone Developer";
				CODE_SIGN_STYLE = Automatic;
				DEVELOPMENT_TEAM = WJMTPNAAQV;
				INFOPLIST_FILE = EarlGreyWelcomeScreenTests/Info.plist;
				IPHONEOS_DEPLOYMENT_TARGET = 11.0;
				LD_RUNPATH_SEARCH_PATHS = "$(inherited) @executable_path/Frameworks @loader_path/Frameworks";
				PRODUCT_BUNDLE_IDENTIFIER = com.waynerumble.EarlGreyWelcomeScreenTests;
				PRODUCT_NAME = "$(TARGET_NAME)";
				SWIFT_VERSION = 4.0;
				TARGETED_DEVICE_FAMILY = "1,2";
				TEST_HOST = "$(BUILT_PRODUCTS_DIR)/Splitter.app/Splitter";
			};
			name = Debug;
		};
		8760E7031F6C014000529685 /* Release */ = {
			isa = XCBuildConfiguration;
			baseConfigurationReference = EC7EAECE15C71E70AE7A5730 /* Pods-EarlGreyWelcomeScreenTests.release.xcconfig */;
			buildSettings = {
				ALWAYS_EMBED_SWIFT_STANDARD_LIBRARIES = "$(inherited)";
				BUNDLE_LOADER = "$(TEST_HOST)";
				CODE_SIGN_IDENTITY = "iPhone Developer";
				CODE_SIGN_STYLE = Automatic;
				DEVELOPMENT_TEAM = WJMTPNAAQV;
				INFOPLIST_FILE = EarlGreyWelcomeScreenTests/Info.plist;
				IPHONEOS_DEPLOYMENT_TARGET = 11.0;
				LD_RUNPATH_SEARCH_PATHS = "$(inherited) @executable_path/Frameworks @loader_path/Frameworks";
				PRODUCT_BUNDLE_IDENTIFIER = com.waynerumble.EarlGreyWelcomeScreenTests;
				PRODUCT_NAME = "$(TARGET_NAME)";
				SWIFT_VERSION = 4.0;
				TARGETED_DEVICE_FAMILY = "1,2";
				TEST_HOST = "$(BUILT_PRODUCTS_DIR)/Splitter.app/Splitter";
			};
			name = Release;
		};
		877F55641F74204100CABA05 /* Debug */ = {
			isa = XCBuildConfiguration;
			baseConfigurationReference = 3BCEF2A77E3E84EF7B77C3F5 /* Pods-EarlGreyNewBillTests.debug.xcconfig */;
			buildSettings = {
				ALWAYS_EMBED_SWIFT_STANDARD_LIBRARIES = "$(inherited)";
				BUNDLE_LOADER = "$(TEST_HOST)";
				CODE_SIGN_STYLE = Automatic;
				DEVELOPMENT_TEAM = WJMTPNAAQV;
				INFOPLIST_FILE = EarlGreyNewBillTests/Info.plist;
				IPHONEOS_DEPLOYMENT_TARGET = 11.0;
				LD_RUNPATH_SEARCH_PATHS = "$(inherited) @executable_path/Frameworks @loader_path/Frameworks";
				PRODUCT_BUNDLE_IDENTIFIER = com.waynerumble.EarlGreyNewBillTests;
				PRODUCT_NAME = "$(TARGET_NAME)";
				SWIFT_VERSION = 4.0;
				TARGETED_DEVICE_FAMILY = "1,2";
				TEST_HOST = "$(BUILT_PRODUCTS_DIR)/Splitter.app/Splitter";
			};
			name = Debug;
		};
		877F55651F74204100CABA05 /* Release */ = {
			isa = XCBuildConfiguration;
			baseConfigurationReference = 0171A81E34B38E4B7F00FD02 /* Pods-EarlGreyNewBillTests.release.xcconfig */;
			buildSettings = {
				ALWAYS_EMBED_SWIFT_STANDARD_LIBRARIES = "$(inherited)";
				BUNDLE_LOADER = "$(TEST_HOST)";
				CODE_SIGN_STYLE = Automatic;
				DEVELOPMENT_TEAM = WJMTPNAAQV;
				INFOPLIST_FILE = EarlGreyNewBillTests/Info.plist;
				IPHONEOS_DEPLOYMENT_TARGET = 11.0;
				LD_RUNPATH_SEARCH_PATHS = "$(inherited) @executable_path/Frameworks @loader_path/Frameworks";
				PRODUCT_BUNDLE_IDENTIFIER = com.waynerumble.EarlGreyNewBillTests;
				PRODUCT_NAME = "$(TARGET_NAME)";
				SWIFT_VERSION = 4.0;
				TARGETED_DEVICE_FAMILY = "1,2";
				TEST_HOST = "$(BUILT_PRODUCTS_DIR)/Splitter.app/Splitter";
			};
			name = Release;
		};
		87F9E9251F6C3829000B6B48 /* Debug */ = {
			isa = XCBuildConfiguration;
			baseConfigurationReference = CE4EE964AA1B83F6C6994864 /* Pods-EarlGreyMyBillsTests.debug.xcconfig */;
			buildSettings = {
				ALWAYS_EMBED_SWIFT_STANDARD_LIBRARIES = "$(inherited)";
				BUNDLE_LOADER = "$(TEST_HOST)";
				CODE_SIGN_STYLE = Automatic;
				DEVELOPMENT_TEAM = WJMTPNAAQV;
				INFOPLIST_FILE = EarlGreyMyBillsTests/Info.plist;
				IPHONEOS_DEPLOYMENT_TARGET = 11.0;
				LD_RUNPATH_SEARCH_PATHS = "$(inherited) @executable_path/Frameworks @loader_path/Frameworks";
				PRODUCT_BUNDLE_IDENTIFIER = com.waynerumble.EarlGreyMyBillsTests;
				PRODUCT_NAME = "$(TARGET_NAME)";
				SWIFT_VERSION = 4.0;
				TARGETED_DEVICE_FAMILY = "1,2";
				TEST_HOST = "$(BUILT_PRODUCTS_DIR)/Splitter.app/Splitter";
			};
			name = Debug;
		};
		87F9E9261F6C3829000B6B48 /* Release */ = {
			isa = XCBuildConfiguration;
			baseConfigurationReference = EA9EF31A2A557577471FAF72 /* Pods-EarlGreyMyBillsTests.release.xcconfig */;
			buildSettings = {
				ALWAYS_EMBED_SWIFT_STANDARD_LIBRARIES = "$(inherited)";
				BUNDLE_LOADER = "$(TEST_HOST)";
				CODE_SIGN_STYLE = Automatic;
				DEVELOPMENT_TEAM = WJMTPNAAQV;
				INFOPLIST_FILE = EarlGreyMyBillsTests/Info.plist;
				IPHONEOS_DEPLOYMENT_TARGET = 11.0;
				LD_RUNPATH_SEARCH_PATHS = "$(inherited) @executable_path/Frameworks @loader_path/Frameworks";
				PRODUCT_BUNDLE_IDENTIFIER = com.waynerumble.EarlGreyMyBillsTests;
				PRODUCT_NAME = "$(TARGET_NAME)";
				SWIFT_VERSION = 4.0;
				TARGETED_DEVICE_FAMILY = "1,2";
				TEST_HOST = "$(BUILT_PRODUCTS_DIR)/Splitter.app/Splitter";
			};
			name = Release;
		};
/* End XCBuildConfiguration section */

/* Begin XCConfigurationList section */
		874AC10C1F22045700846851 /* Build configuration list for PBXProject "Splitter" */ = {
			isa = XCConfigurationList;
			buildConfigurations = (
				874AC1371F22045700846851 /* Debug */,
				874AC1381F22045700846851 /* Release */,
			);
			defaultConfigurationIsVisible = 0;
			defaultConfigurationName = Release;
		};
		874AC1391F22045700846851 /* Build configuration list for PBXNativeTarget "Splitter" */ = {
			isa = XCConfigurationList;
			buildConfigurations = (
				874AC13A1F22045700846851 /* Debug */,
				874AC13B1F22045700846851 /* Release */,
			);
			defaultConfigurationIsVisible = 0;
			defaultConfigurationName = Release;
		};
		874AC1841F22457000846851 /* Build configuration list for PBXNativeTarget "UnitTests" */ = {
			isa = XCConfigurationList;
			buildConfigurations = (
				874AC1851F22457000846851 /* Debug */,
				874AC1861F22457000846851 /* Release */,
			);
			defaultConfigurationIsVisible = 0;
			defaultConfigurationName = Release;
		};
		8760E7011F6C014000529685 /* Build configuration list for PBXNativeTarget "EarlGreyWelcomeScreenTests" */ = {
			isa = XCConfigurationList;
			buildConfigurations = (
				8760E7021F6C014000529685 /* Debug */,
				8760E7031F6C014000529685 /* Release */,
			);
			defaultConfigurationIsVisible = 0;
			defaultConfigurationName = Release;
		};
		877F55661F74204100CABA05 /* Build configuration list for PBXNativeTarget "EarlGreyNewBillTests" */ = {
			isa = XCConfigurationList;
			buildConfigurations = (
				877F55641F74204100CABA05 /* Debug */,
				877F55651F74204100CABA05 /* Release */,
			);
			defaultConfigurationIsVisible = 0;
			defaultConfigurationName = Release;
		};
		87F9E9271F6C3829000B6B48 /* Build configuration list for PBXNativeTarget "EarlGreyMyBillsTests" */ = {
			isa = XCConfigurationList;
			buildConfigurations = (
				87F9E9251F6C3829000B6B48 /* Debug */,
				87F9E9261F6C3829000B6B48 /* Release */,
			);
			defaultConfigurationIsVisible = 0;
			defaultConfigurationName = Release;
		};
/* End XCConfigurationList section */
	};
	rootObject = 874AC1091F22045700846851 /* Project object */;
}
